
Microsoft Visual Studio Solution File, Format Version 12.00
# Visual Studio 15
VisualStudioVersion = 15.0.26228.4
MinimumVisualStudioVersion = 15.0.26206.0
Project("{9A19103F-16F7-4668-BE54-9A1E7A4F7556}") = "de4dot.code", "de4dot.code\de4dot.code.csproj", "{4D10B9EB-3BF1-4D61-A389-CB019E8C9622}"
EndProject
Project("{9A19103F-16F7-4668-BE54-9A1E7A4F7556}") = "Test.Rename", "Test.Rename\Test.Rename.csproj", "{3FEB2023-B4B0-4DF3-BECF-AD727B55FF37}"
EndProject
Project("{9A19103F-16F7-4668-BE54-9A1E7A4F7556}") = "Test.Rename.Dll", "Test.Rename.Dll\Test.Rename.Dll.csproj", "{3B408415-5203-4618-ABC1-F88D0BBE849B}"
EndProject
Project("{9A19103F-16F7-4668-BE54-9A1E7A4F7556}") = "AssemblyData", "AssemblyData\AssemblyData.csproj", "{FBD84077-9D35-41FE-89DF-8D79EFE0B595}"
EndProject
Project("{9A19103F-16F7-4668-BE54-9A1E7A4F7556}") = "de4dot", "de4dot\de4dot.csproj", "{004EB657-252C-4361-A2D2-2E514130C7FC}"
EndProject
Project("{9A19103F-16F7-4668-BE54-9A1E7A4F7556}") = "de4dot.blocks", "de4dot.blocks\de4dot.blocks.csproj", "{045B96F2-AF80-4C4C-8D27-E38635AC705E}"
EndProject
Project("{9A19103F-16F7-4668-BE54-9A1E7A4F7556}") = "de4dot.cui", "de4dot.cui\de4dot.cui.csproj", "{879E4A7E-C320-42D2-8275-4F1E44CE64AA}"
EndProject
Project("{9A19103F-16F7-4668-BE54-9A1E7A4F7556}") = "de4dot.mdecrypt", "de4dot.mdecrypt\de4dot.mdecrypt.csproj", "{5C93C5E2-196F-4877-BF65-96FEBFCEFCA1}"
EndProject
Global
	GlobalSection(SolutionConfigurationPlatforms) = preSolution
		Debug|Any CPU = Debug|Any CPU
		Debug|Mixed Platforms = Debug|Mixed Platforms
		Debug|Win32 = Debug|Win32
		Debug|x86 = Debug|x86
		Release|Any CPU = Release|Any CPU
		Release|Mixed Platforms = Release|Mixed Platforms
		Release|Win32 = Release|Win32
		Release|x86 = Release|x86
	EndGlobalSection
	GlobalSection(ProjectConfigurationPlatforms) = postSolution
		{4D10B9EB-3BF1-4D61-A389-CB019E8C9622}.Debug|Any CPU.ActiveCfg = Debug|Any CPU
		{4D10B9EB-3BF1-4D61-A389-CB019E8C9622}.Debug|Any CPU.Build.0 = Debug|Any CPU
		{4D10B9EB-3BF1-4D61-A389-CB019E8C9622}.Debug|Mixed Platforms.ActiveCfg = Debug|Any CPU
		{4D10B9EB-3BF1-4D61-A389-CB019E8C9622}.Debug|Mixed Platforms.Build.0 = Debug|Any CPU
		{4D10B9EB-3BF1-4D61-A389-CB019E8C9622}.Debug|Win32.ActiveCfg = Debug|Any CPU
		{4D10B9EB-3BF1-4D61-A389-CB019E8C9622}.Debug|x86.ActiveCfg = Debug|Any CPU
		{4D10B9EB-3BF1-4D61-A389-CB019E8C9622}.Release|Any CPU.ActiveCfg = Release|Any CPU
		{4D10B9EB-3BF1-4D61-A389-CB019E8C9622}.Release|Any CPU.Build.0 = Release|Any CPU
		{4D10B9EB-3BF1-4D61-A389-CB019E8C9622}.Release|Mixed Platforms.ActiveCfg = Release|Any CPU
		{4D10B9EB-3BF1-4D61-A389-CB019E8C9622}.Release|Mixed Platforms.Build.0 = Release|Any CPU
		{4D10B9EB-3BF1-4D61-A389-CB019E8C9622}.Release|Win32.ActiveCfg = Release|Any CPU
		{4D10B9EB-3BF1-4D61-A389-CB019E8C9622}.Release|x86.ActiveCfg = Release|Any CPU
		{3FEB2023-B4B0-4DF3-BECF-AD727B55FF37}.Debug|Any CPU.ActiveCfg = Debug|Any CPU
		{3FEB2023-B4B0-4DF3-BECF-AD727B55FF37}.Debug|Any CPU.Build.0 = Debug|Any CPU
		{3FEB2023-B4B0-4DF3-BECF-AD727B55FF37}.Debug|Mixed Platforms.ActiveCfg = Debug|Any CPU
		{3FEB2023-B4B0-4DF3-BECF-AD727B55FF37}.Debug|Mixed Platforms.Build.0 = Debug|Any CPU
		{3FEB2023-B4B0-4DF3-BECF-AD727B55FF37}.Debug|Win32.ActiveCfg = Debug|Any CPU
		{3FEB2023-B4B0-4DF3-BECF-AD727B55FF37}.Debug|x86.ActiveCfg = Debug|Any CPU
		{3FEB2023-B4B0-4DF3-BECF-AD727B55FF37}.Release|Any CPU.ActiveCfg = Release|Any CPU
		{3FEB2023-B4B0-4DF3-BECF-AD727B55FF37}.Release|Any CPU.Build.0 = Release|Any CPU
		{3FEB2023-B4B0-4DF3-BECF-AD727B55FF37}.Release|Mixed Platforms.ActiveCfg = Release|Any CPU
		{3FEB2023-B4B0-4DF3-BECF-AD727B55FF37}.Release|Mixed Platforms.Build.0 = Release|Any CPU
		{3FEB2023-B4B0-4DF3-BECF-AD727B55FF37}.Release|Win32.ActiveCfg = Release|Any CPU
		{3FEB2023-B4B0-4DF3-BECF-AD727B55FF37}.Release|x86.ActiveCfg = Release|Any CPU
		{3B408415-5203-4618-ABC1-F88D0BBE849B}.Debug|Any CPU.ActiveCfg = Debug|Any CPU
		{3B408415-5203-4618-ABC1-F88D0BBE849B}.Debug|Any CPU.Build.0 = Debug|Any CPU
		{3B408415-5203-4618-ABC1-F88D0BBE849B}.Debug|Mixed Platforms.ActiveCfg = Debug|Any CPU
		{3B408415-5203-4618-ABC1-F88D0BBE849B}.Debug|Mixed Platforms.Build.0 = Debug|Any CPU
		{3B408415-5203-4618-ABC1-F88D0BBE849B}.Debug|Win32.ActiveCfg = Debug|Any CPU
		{3B408415-5203-4618-ABC1-F88D0BBE849B}.Debug|x86.ActiveCfg = Debug|Any CPU
		{3B408415-5203-4618-ABC1-F88D0BBE849B}.Release|Any CPU.ActiveCfg = Release|Any CPU
		{3B408415-5203-4618-ABC1-F88D0BBE849B}.Release|Any CPU.Build.0 = Release|Any CPU
		{3B408415-5203-4618-ABC1-F88D0BBE849B}.Release|Mixed Platforms.ActiveCfg = Release|Any CPU
		{3B408415-5203-4618-ABC1-F88D0BBE849B}.Release|Mixed Platforms.Build.0 = Release|Any CPU
		{3B408415-5203-4618-ABC1-F88D0BBE849B}.Release|Win32.ActiveCfg = Release|Any CPU
		{3B408415-5203-4618-ABC1-F88D0BBE849B}.Release|x86.ActiveCfg = Release|Any CPU
		{FBD84077-9D35-41FE-89DF-8D79EFE0B595}.Debug|Any CPU.ActiveCfg = Debug|Any CPU
		{FBD84077-9D35-41FE-89DF-8D79EFE0B595}.Debug|Any CPU.Build.0 = Debug|Any CPU
		{FBD84077-9D35-41FE-89DF-8D79EFE0B595}.Debug|Mixed Platforms.ActiveCfg = Debug|Any CPU
		{FBD84077-9D35-41FE-89DF-8D79EFE0B595}.Debug|Mixed Platforms.Build.0 = Debug|Any CPU
		{FBD84077-9D35-41FE-89DF-8D79EFE0B595}.Debug|Win32.ActiveCfg = Debug|Any CPU
		{FBD84077-9D35-41FE-89DF-8D79EFE0B595}.Debug|Win32.Build.0 = Debug|Any CPU
		{FBD84077-9D35-41FE-89DF-8D79EFE0B595}.Debug|x86.ActiveCfg = Debug|Any CPU
		{FBD84077-9D35-41FE-89DF-8D79EFE0B595}.Debug|x86.Build.0 = Debug|Any CPU
		{FBD84077-9D35-41FE-89DF-8D79EFE0B595}.Release|Any CPU.ActiveCfg = Release|Any CPU
		{FBD84077-9D35-41FE-89DF-8D79EFE0B595}.Release|Any CPU.Build.0 = Release|Any CPU
		{FBD84077-9D35-41FE-89DF-8D79EFE0B595}.Release|Mixed Platforms.ActiveCfg = Release|Any CPU
		{FBD84077-9D35-41FE-89DF-8D79EFE0B595}.Release|Mixed Platforms.Build.0 = Release|Any CPU
		{FBD84077-9D35-41FE-89DF-8D79EFE0B595}.Release|Win32.ActiveCfg = Release|Any CPU
		{FBD84077-9D35-41FE-89DF-8D79EFE0B595}.Release|Win32.Build.0 = Release|Any CPU
		{FBD84077-9D35-41FE-89DF-8D79EFE0B595}.Release|x86.ActiveCfg = Release|Any CPU
		{FBD84077-9D35-41FE-89DF-8D79EFE0B595}.Release|x86.Build.0 = Release|Any CPU
		{004EB657-252C-4361-A2D2-2E514130C7FC}.Debug|Any CPU.ActiveCfg = Debug|Any CPU
		{004EB657-252C-4361-A2D2-2E514130C7FC}.Debug|Any CPU.Build.0 = Debug|Any CPU
		{004EB657-252C-4361-A2D2-2E514130C7FC}.Debug|Mixed Platforms.ActiveCfg = Debug|Any CPU
		{004EB657-252C-4361-A2D2-2E514130C7FC}.Debug|Mixed Platforms.Build.0 = Debug|Any CPU
		{004EB657-252C-4361-A2D2-2E514130C7FC}.Debug|Win32.ActiveCfg = Debug|Any CPU
		{004EB657-252C-4361-A2D2-2E514130C7FC}.Debug|Win32.Build.0 = Debug|Any CPU
		{004EB657-252C-4361-A2D2-2E514130C7FC}.Debug|x86.ActiveCfg = Debug|Any CPU
		{004EB657-252C-4361-A2D2-2E514130C7FC}.Debug|x86.Build.0 = Debug|Any CPU
		{004EB657-252C-4361-A2D2-2E514130C7FC}.Release|Any CPU.ActiveCfg = Release|Any CPU
		{004EB657-252C-4361-A2D2-2E514130C7FC}.Release|Any CPU.Build.0 = Release|Any CPU
		{004EB657-252C-4361-A2D2-2E514130C7FC}.Release|Mixed Platforms.ActiveCfg = Release|Any CPU
		{004EB657-252C-4361-A2D2-2E514130C7FC}.Release|Mixed Platforms.Build.0 = Release|Any CPU
		{004EB657-252C-4361-A2D2-2E514130C7FC}.Release|Win32.ActiveCfg = Release|Any CPU
		{004EB657-252C-4361-A2D2-2E514130C7FC}.Release|Win32.Build.0 = Release|Any CPU
		{004EB657-252C-4361-A2D2-2E514130C7FC}.Release|x86.ActiveCfg = Release|Any CPU
		{004EB657-252C-4361-A2D2-2E514130C7FC}.Release|x86.Build.0 = Release|Any CPU
		{045B96F2-AF80-4C4C-8D27-E38635AC705E}.Debug|Any CPU.ActiveCfg = Debug|Any CPU
		{045B96F2-AF80-4C4C-8D27-E38635AC705E}.Debug|Any CPU.Build.0 = Debug|Any CPU
		{045B96F2-AF80-4C4C-8D27-E38635AC705E}.Debug|Mixed Platforms.ActiveCfg = Debug|Any CPU
		{045B96F2-AF80-4C4C-8D27-E38635AC705E}.Debug|Mixed Platforms.Build.0 = Debug|Any CPU
		{045B96F2-AF80-4C4C-8D27-E38635AC705E}.Debug|Win32.ActiveCfg = Debug|Any CPU
		{045B96F2-AF80-4C4C-8D27-E38635AC705E}.Debug|x86.ActiveCfg = Debug|Any CPU
		{045B96F2-AF80-4C4C-8D27-E38635AC705E}.Release|Any CPU.ActiveCfg = Release|Any CPU
		{045B96F2-AF80-4C4C-8D27-E38635AC705E}.Release|Any CPU.Build.0 = Release|Any CPU
		{045B96F2-AF80-4C4C-8D27-E38635AC705E}.Release|Mixed Platforms.ActiveCfg = Release|Any CPU
		{045B96F2-AF80-4C4C-8D27-E38635AC705E}.Release|Mixed Platforms.Build.0 = Release|Any CPU
		{045B96F2-AF80-4C4C-8D27-E38635AC705E}.Release|Win32.ActiveCfg = Release|Any CPU
		{045B96F2-AF80-4C4C-8D27-E38635AC705E}.Release|x86.ActiveCfg = Release|Any CPU
		{879E4A7E-C320-42D2-8275-4F1E44CE64AA}.Debug|Any CPU.ActiveCfg = Debug|Any CPU
		{879E4A7E-C320-42D2-8275-4F1E44CE64AA}.Debug|Any CPU.Build.0 = Debug|Any CPU
		{879E4A7E-C320-42D2-8275-4F1E44CE64AA}.Debug|Mixed Platforms.ActiveCfg = Debug|Any CPU
		{879E4A7E-C320-42D2-8275-4F1E44CE64AA}.Debug|Mixed Platforms.Build.0 = Debug|Any CPU
		{879E4A7E-C320-42D2-8275-4F1E44CE64AA}.Debug|Win32.ActiveCfg = Debug|Any CPU
		{879E4A7E-C320-42D2-8275-4F1E44CE64AA}.Debug|x86.ActiveCfg = Debug|Any CPU
		{879E4A7E-C320-42D2-8275-4F1E44CE64AA}.Release|Any CPU.ActiveCfg = Release|Any CPU
		{879E4A7E-C320-42D2-8275-4F1E44CE64AA}.Release|Any CPU.Build.0 = Release|Any CPU
		{879E4A7E-C320-42D2-8275-4F1E44CE64AA}.Release|Mixed Platforms.ActiveCfg = Release|Any CPU
		{879E4A7E-C320-42D2-8275-4F1E44CE64AA}.Release|Mixed Platforms.Build.0 = Release|Any CPU
		{879E4A7E-C320-42D2-8275-4F1E44CE64AA}.Release|Win32.ActiveCfg = Release|Any CPU
		{879E4A7E-C320-42D2-8275-4F1E44CE64AA}.Release|x86.ActiveCfg = Release|Any CPU
		{5C93C5E2-196F-4877-BF65-96FEBFCEFCA1}.Debug|Any CPU.ActiveCfg = Debug|Any CPU
		{5C93C5E2-196F-4877-BF65-96FEBFCEFCA1}.Debug|Any CPU.Build.0 = Debug|Any CPU
		{5C93C5E2-196F-4877-BF65-96FEBFCEFCA1}.Debug|Mixed Platforms.ActiveCfg = Debug|Any CPU
		{5C93C5E2-196F-4877-BF65-96FEBFCEFCA1}.Debug|Mixed Platforms.Build.0 = Debug|Any CPU
		{5C93C5E2-196F-4877-BF65-96FEBFCEFCA1}.Debug|Win32.ActiveCfg = Debug|Any CPU
		{5C93C5E2-196F-4877-BF65-96FEBFCEFCA1}.Debug|x86.ActiveCfg = Debug|Any CPU
		{5C93C5E2-196F-4877-BF65-96FEBFCEFCA1}.Release|Any CPU.ActiveCfg = Release|Any CPU
		{5C93C5E2-196F-4877-BF65-96FEBFCEFCA1}.Release|Any CPU.Build.0 = Release|Any CPU
		{5C93C5E2-196F-4877-BF65-96FEBFCEFCA1}.Release|Mixed Platforms.ActiveCfg = Release|Any CPU
		{5C93C5E2-196F-4877-BF65-96FEBFCEFCA1}.Release|Mixed Platforms.Build.0 = Release|Any CPU
		{5C93C5E2-196F-4877-BF65-96FEBFCEFCA1}.Release|Win32.ActiveCfg = Release|Any CPU
		{5C93C5E2-196F-4877-BF65-96FEBFCEFCA1}.Release|x86.ActiveCfg = Release|Any CPU
	EndGlobalSection
	GlobalSection(SolutionProperties) = preSolution
		HideSolutionNode = FALSE
	EndGlobalSection
	GlobalSection(ExtensibilityGlobals) = postSolution
		SolutionGuid = {9FACD7D2-CFD5-4E9E-A9D1-48B71319A5A4}
	EndGlobalSection
EndGlobal
