
Microsoft Visual Studio Solution File, Format Version 11.00
# Visual Studio 2010
Project("{FAE04EC0-301F-11D3-BF4B-00C04F79EFBC}") = "Mono.Cecil", "cecil\Mono.Cecil.csproj", "{D68133BD-1E63-496E-9EDE-4FBDBF77B486}"
EndProject
Project("{FAE04EC0-301F-11D3-BF4B-00C04F79EFBC}") = "de4dot.code", "de4dot.code\de4dot.code.csproj", "{4D10B9EB-3BF1-4D61-A389-CB019E8C9622}"
EndProject
Project("{FAE04EC0-301F-11D3-BF4B-00C04F79EFBC}") = "Test.Rename", "Test.Rename\Test.Rename.csproj", "{3FEB2023-B4B0-4DF3-BECF-AD727B55FF37}"
EndProject
Project("{FAE04EC0-301F-11D3-BF4B-00C04F79EFBC}") = "Test.Rename.Dll", "Test.Rename.Dll\Test.Rename.Dll.csproj", "{3B408415-5203-4618-ABC1-F88D0BBE849B}"
EndProject
Project("{FAE04EC0-301F-11D3-BF4B-00C04F79EFBC}") = "AssemblyData", "AssemblyData\AssemblyData.csproj", "{FBD84077-9D35-41FE-89DF-8D79EFE0B595}"
EndProject
Project("{FAE04EC0-301F-11D3-BF4B-00C04F79EFBC}") = "de4dot", "de4dot\de4dot.csproj", "{004EB657-252C-4361-A2D2-2E514130C7FC}"
EndProject
Project("{FAE04EC0-301F-11D3-BF4B-00C04F79EFBC}") = "de4dot-x64", "de4dot-x64\de4dot-x64.csproj", "{A9F35AC2-D016-444B-B7E6-FC1D55569021}"
EndProject
Project("{FAE04EC0-301F-11D3-BF4B-00C04F79EFBC}") = "AssemblyServer", "AssemblyServer\AssemblyServer.csproj", "{593AB87D-7B92-47CF-8201-3574CF6A6457}"
EndProject
Project("{FAE04EC0-301F-11D3-BF4B-00C04F79EFBC}") = "AssemblyServer-x64", "AssemblyServer-x64\AssemblyServer-x64.csproj", "{F458A89A-AEAB-4965-AA4D-393C9F7411D0}"
EndProject
Project("{FAE04EC0-301F-11D3-BF4B-00C04F79EFBC}") = "blocks", "blocks\blocks.csproj", "{045B96F2-AF80-4C4C-8D27-E38635AC705E}"
EndProject
Project("{FAE04EC0-301F-11D3-BF4B-00C04F79EFBC}") = "de4dot.cui", "de4dot.cui\de4dot.cui.csproj", "{879E4A7E-C320-42D2-8275-4F1E44CE64AA}"
EndProject
Project("{FAE04EC0-301F-11D3-BF4B-00C04F79EFBC}") = "de4dot.mdecrypt", "de4dot.mdecrypt\de4dot.mdecrypt.csproj", "{5C93C5E2-196F-4877-BF65-96FEBFCEFCA1}"
EndProject
Global
	GlobalSection(SolutionConfigurationPlatforms) = preSolution
		Debug|Any CPU = Debug|Any CPU
		Debug|Mixed Platforms = Debug|Mixed Platforms
		Debug|Win32 = Debug|Win32
		Debug|x86 = Debug|x86
		net_2_0_Debug|Any CPU = net_2_0_Debug|Any CPU
		net_2_0_Debug|Mixed Platforms = net_2_0_Debug|Mixed Platforms
		net_2_0_Debug|Win32 = net_2_0_Debug|Win32
		net_2_0_Debug|x86 = net_2_0_Debug|x86
		net_2_0_Release|Any CPU = net_2_0_Release|Any CPU
		net_2_0_Release|Mixed Platforms = net_2_0_Release|Mixed Platforms
		net_2_0_Release|Win32 = net_2_0_Release|Win32
		net_2_0_Release|x86 = net_2_0_Release|x86
		net_3_5_Debug|Any CPU = net_3_5_Debug|Any CPU
		net_3_5_Debug|Mixed Platforms = net_3_5_Debug|Mixed Platforms
		net_3_5_Debug|Win32 = net_3_5_Debug|Win32
		net_3_5_Debug|x86 = net_3_5_Debug|x86
		net_3_5_Release|Any CPU = net_3_5_Release|Any CPU
		net_3_5_Release|Mixed Platforms = net_3_5_Release|Mixed Platforms
		net_3_5_Release|Win32 = net_3_5_Release|Win32
		net_3_5_Release|x86 = net_3_5_Release|x86
		net_4_0_Debug|Any CPU = net_4_0_Debug|Any CPU
		net_4_0_Debug|Mixed Platforms = net_4_0_Debug|Mixed Platforms
		net_4_0_Debug|Win32 = net_4_0_Debug|Win32
		net_4_0_Debug|x86 = net_4_0_Debug|x86
		net_4_0_Release|Any CPU = net_4_0_Release|Any CPU
		net_4_0_Release|Mixed Platforms = net_4_0_Release|Mixed Platforms
		net_4_0_Release|Win32 = net_4_0_Release|Win32
		net_4_0_Release|x86 = net_4_0_Release|x86
		Release|Any CPU = Release|Any CPU
		Release|Mixed Platforms = Release|Mixed Platforms
		Release|Win32 = Release|Win32
		Release|x86 = Release|x86
		silverlight_Debug|Any CPU = silverlight_Debug|Any CPU
		silverlight_Debug|Mixed Platforms = silverlight_Debug|Mixed Platforms
		silverlight_Debug|Win32 = silverlight_Debug|Win32
		silverlight_Debug|x86 = silverlight_Debug|x86
		silverlight_Release|Any CPU = silverlight_Release|Any CPU
		silverlight_Release|Mixed Platforms = silverlight_Release|Mixed Platforms
		silverlight_Release|Win32 = silverlight_Release|Win32
		silverlight_Release|x86 = silverlight_Release|x86
		winphone_Debug|Any CPU = winphone_Debug|Any CPU
		winphone_Debug|Mixed Platforms = winphone_Debug|Mixed Platforms
		winphone_Debug|Win32 = winphone_Debug|Win32
		winphone_Debug|x86 = winphone_Debug|x86
		winphone_Release|Any CPU = winphone_Release|Any CPU
		winphone_Release|Mixed Platforms = winphone_Release|Mixed Platforms
		winphone_Release|Win32 = winphone_Release|Win32
		winphone_Release|x86 = winphone_Release|x86
	EndGlobalSection
	GlobalSection(ProjectConfigurationPlatforms) = postSolution
		{D68133BD-1E63-496E-9EDE-4FBDBF77B486}.Debug|Any CPU.ActiveCfg = winphone_Debug|Any CPU
		{D68133BD-1E63-496E-9EDE-4FBDBF77B486}.Debug|Any CPU.Build.0 = winphone_Debug|Any CPU
		{D68133BD-1E63-496E-9EDE-4FBDBF77B486}.Debug|Mixed Platforms.ActiveCfg = net_2_0_Debug|Any CPU
		{D68133BD-1E63-496E-9EDE-4FBDBF77B486}.Debug|Mixed Platforms.Build.0 = net_2_0_Debug|Any CPU
		{D68133BD-1E63-496E-9EDE-4FBDBF77B486}.Debug|Win32.ActiveCfg = winphone_Release|Any CPU
		{D68133BD-1E63-496E-9EDE-4FBDBF77B486}.Debug|x86.ActiveCfg = winphone_Release|Any CPU
		{D68133BD-1E63-496E-9EDE-4FBDBF77B486}.net_2_0_Debug|Any CPU.ActiveCfg = net_2_0_Debug|Any CPU
		{D68133BD-1E63-496E-9EDE-4FBDBF77B486}.net_2_0_Debug|Any CPU.Build.0 = net_2_0_Debug|Any CPU
		{D68133BD-1E63-496E-9EDE-4FBDBF77B486}.net_2_0_Debug|Mixed Platforms.ActiveCfg = net_2_0_Debug|Any CPU
		{D68133BD-1E63-496E-9EDE-4FBDBF77B486}.net_2_0_Debug|Mixed Platforms.Build.0 = net_2_0_Debug|Any CPU
		{D68133BD-1E63-496E-9EDE-4FBDBF77B486}.net_2_0_Debug|Win32.ActiveCfg = net_2_0_Debug|Any CPU
		{D68133BD-1E63-496E-9EDE-4FBDBF77B486}.net_2_0_Debug|x86.ActiveCfg = net_2_0_Debug|Any CPU
		{D68133BD-1E63-496E-9EDE-4FBDBF77B486}.net_2_0_Release|Any CPU.ActiveCfg = net_2_0_Release|Any CPU
		{D68133BD-1E63-496E-9EDE-4FBDBF77B486}.net_2_0_Release|Any CPU.Build.0 = net_2_0_Release|Any CPU
		{D68133BD-1E63-496E-9EDE-4FBDBF77B486}.net_2_0_Release|Mixed Platforms.ActiveCfg = net_2_0_Release|Any CPU
		{D68133BD-1E63-496E-9EDE-4FBDBF77B486}.net_2_0_Release|Mixed Platforms.Build.0 = net_2_0_Release|Any CPU
		{D68133BD-1E63-496E-9EDE-4FBDBF77B486}.net_2_0_Release|Win32.ActiveCfg = net_2_0_Release|Any CPU
		{D68133BD-1E63-496E-9EDE-4FBDBF77B486}.net_2_0_Release|x86.ActiveCfg = net_2_0_Release|Any CPU
		{D68133BD-1E63-496E-9EDE-4FBDBF77B486}.net_3_5_Debug|Any CPU.ActiveCfg = net_3_5_Debug|Any CPU
		{D68133BD-1E63-496E-9EDE-4FBDBF77B486}.net_3_5_Debug|Any CPU.Build.0 = net_3_5_Debug|Any CPU
		{D68133BD-1E63-496E-9EDE-4FBDBF77B486}.net_3_5_Debug|Mixed Platforms.ActiveCfg = net_3_5_Debug|Any CPU
		{D68133BD-1E63-496E-9EDE-4FBDBF77B486}.net_3_5_Debug|Mixed Platforms.Build.0 = net_3_5_Debug|Any CPU
		{D68133BD-1E63-496E-9EDE-4FBDBF77B486}.net_3_5_Debug|Win32.ActiveCfg = net_3_5_Debug|Any CPU
		{D68133BD-1E63-496E-9EDE-4FBDBF77B486}.net_3_5_Debug|x86.ActiveCfg = net_3_5_Debug|Any CPU
		{D68133BD-1E63-496E-9EDE-4FBDBF77B486}.net_3_5_Release|Any CPU.ActiveCfg = net_3_5_Release|Any CPU
		{D68133BD-1E63-496E-9EDE-4FBDBF77B486}.net_3_5_Release|Any CPU.Build.0 = net_3_5_Release|Any CPU
		{D68133BD-1E63-496E-9EDE-4FBDBF77B486}.net_3_5_Release|Mixed Platforms.ActiveCfg = net_3_5_Release|Any CPU
		{D68133BD-1E63-496E-9EDE-4FBDBF77B486}.net_3_5_Release|Mixed Platforms.Build.0 = net_3_5_Release|Any CPU
		{D68133BD-1E63-496E-9EDE-4FBDBF77B486}.net_3_5_Release|Win32.ActiveCfg = net_3_5_Release|Any CPU
		{D68133BD-1E63-496E-9EDE-4FBDBF77B486}.net_3_5_Release|x86.ActiveCfg = net_3_5_Release|Any CPU
		{D68133BD-1E63-496E-9EDE-4FBDBF77B486}.net_4_0_Debug|Any CPU.ActiveCfg = net_4_0_Debug|Any CPU
		{D68133BD-1E63-496E-9EDE-4FBDBF77B486}.net_4_0_Debug|Any CPU.Build.0 = net_4_0_Debug|Any CPU
		{D68133BD-1E63-496E-9EDE-4FBDBF77B486}.net_4_0_Debug|Mixed Platforms.ActiveCfg = net_4_0_Debug|Any CPU
		{D68133BD-1E63-496E-9EDE-4FBDBF77B486}.net_4_0_Debug|Mixed Platforms.Build.0 = net_4_0_Debug|Any CPU
		{D68133BD-1E63-496E-9EDE-4FBDBF77B486}.net_4_0_Debug|Win32.ActiveCfg = net_4_0_Debug|Any CPU
		{D68133BD-1E63-496E-9EDE-4FBDBF77B486}.net_4_0_Debug|x86.ActiveCfg = net_4_0_Debug|Any CPU
		{D68133BD-1E63-496E-9EDE-4FBDBF77B486}.net_4_0_Release|Any CPU.ActiveCfg = net_4_0_Release|Any CPU
		{D68133BD-1E63-496E-9EDE-4FBDBF77B486}.net_4_0_Release|Any CPU.Build.0 = net_4_0_Release|Any CPU
		{D68133BD-1E63-496E-9EDE-4FBDBF77B486}.net_4_0_Release|Mixed Platforms.ActiveCfg = net_4_0_Release|Any CPU
		{D68133BD-1E63-496E-9EDE-4FBDBF77B486}.net_4_0_Release|Mixed Platforms.Build.0 = net_4_0_Release|Any CPU
		{D68133BD-1E63-496E-9EDE-4FBDBF77B486}.net_4_0_Release|Win32.ActiveCfg = net_4_0_Release|Any CPU
		{D68133BD-1E63-496E-9EDE-4FBDBF77B486}.net_4_0_Release|x86.ActiveCfg = net_4_0_Release|Any CPU
		{D68133BD-1E63-496E-9EDE-4FBDBF77B486}.Release|Any CPU.ActiveCfg = winphone_Release|Any CPU
		{D68133BD-1E63-496E-9EDE-4FBDBF77B486}.Release|Any CPU.Build.0 = winphone_Release|Any CPU
		{D68133BD-1E63-496E-9EDE-4FBDBF77B486}.Release|Mixed Platforms.ActiveCfg = net_2_0_Release|Any CPU
		{D68133BD-1E63-496E-9EDE-4FBDBF77B486}.Release|Mixed Platforms.Build.0 = net_2_0_Release|Any CPU
		{D68133BD-1E63-496E-9EDE-4FBDBF77B486}.Release|Win32.ActiveCfg = winphone_Release|Any CPU
		{D68133BD-1E63-496E-9EDE-4FBDBF77B486}.Release|x86.ActiveCfg = winphone_Release|Any CPU
		{D68133BD-1E63-496E-9EDE-4FBDBF77B486}.silverlight_Debug|Any CPU.ActiveCfg = silverlight_Debug|Any CPU
		{D68133BD-1E63-496E-9EDE-4FBDBF77B486}.silverlight_Debug|Any CPU.Build.0 = silverlight_Debug|Any CPU
		{D68133BD-1E63-496E-9EDE-4FBDBF77B486}.silverlight_Debug|Mixed Platforms.ActiveCfg = silverlight_Debug|Any CPU
		{D68133BD-1E63-496E-9EDE-4FBDBF77B486}.silverlight_Debug|Mixed Platforms.Build.0 = silverlight_Debug|Any CPU
		{D68133BD-1E63-496E-9EDE-4FBDBF77B486}.silverlight_Debug|Win32.ActiveCfg = silverlight_Debug|Any CPU
		{D68133BD-1E63-496E-9EDE-4FBDBF77B486}.silverlight_Debug|x86.ActiveCfg = silverlight_Debug|Any CPU
		{D68133BD-1E63-496E-9EDE-4FBDBF77B486}.silverlight_Release|Any CPU.ActiveCfg = silverlight_Release|Any CPU
		{D68133BD-1E63-496E-9EDE-4FBDBF77B486}.silverlight_Release|Any CPU.Build.0 = silverlight_Release|Any CPU
		{D68133BD-1E63-496E-9EDE-4FBDBF77B486}.silverlight_Release|Mixed Platforms.ActiveCfg = silverlight_Release|Any CPU
		{D68133BD-1E63-496E-9EDE-4FBDBF77B486}.silverlight_Release|Mixed Platforms.Build.0 = silverlight_Release|Any CPU
		{D68133BD-1E63-496E-9EDE-4FBDBF77B486}.silverlight_Release|Win32.ActiveCfg = silverlight_Release|Any CPU
		{D68133BD-1E63-496E-9EDE-4FBDBF77B486}.silverlight_Release|x86.ActiveCfg = silverlight_Release|Any CPU
		{D68133BD-1E63-496E-9EDE-4FBDBF77B486}.winphone_Debug|Any CPU.ActiveCfg = winphone_Debug|Any CPU
		{D68133BD-1E63-496E-9EDE-4FBDBF77B486}.winphone_Debug|Any CPU.Build.0 = winphone_Debug|Any CPU
		{D68133BD-1E63-496E-9EDE-4FBDBF77B486}.winphone_Debug|Mixed Platforms.ActiveCfg = winphone_Debug|Any CPU
		{D68133BD-1E63-496E-9EDE-4FBDBF77B486}.winphone_Debug|Mixed Platforms.Build.0 = winphone_Debug|Any CPU
		{D68133BD-1E63-496E-9EDE-4FBDBF77B486}.winphone_Debug|Win32.ActiveCfg = winphone_Debug|Any CPU
		{D68133BD-1E63-496E-9EDE-4FBDBF77B486}.winphone_Debug|x86.ActiveCfg = winphone_Debug|Any CPU
		{D68133BD-1E63-496E-9EDE-4FBDBF77B486}.winphone_Release|Any CPU.ActiveCfg = winphone_Release|Any CPU
		{D68133BD-1E63-496E-9EDE-4FBDBF77B486}.winphone_Release|Any CPU.Build.0 = winphone_Release|Any CPU
		{D68133BD-1E63-496E-9EDE-4FBDBF77B486}.winphone_Release|Mixed Platforms.ActiveCfg = winphone_Release|Any CPU
		{D68133BD-1E63-496E-9EDE-4FBDBF77B486}.winphone_Release|Mixed Platforms.Build.0 = winphone_Release|Any CPU
		{D68133BD-1E63-496E-9EDE-4FBDBF77B486}.winphone_Release|Win32.ActiveCfg = winphone_Release|Any CPU
		{D68133BD-1E63-496E-9EDE-4FBDBF77B486}.winphone_Release|x86.ActiveCfg = winphone_Release|Any CPU
		{4D10B9EB-3BF1-4D61-A389-CB019E8C9622}.Debug|Any CPU.ActiveCfg = Debug|Any CPU
		{4D10B9EB-3BF1-4D61-A389-CB019E8C9622}.Debug|Any CPU.Build.0 = Debug|Any CPU
		{4D10B9EB-3BF1-4D61-A389-CB019E8C9622}.Debug|Mixed Platforms.ActiveCfg = Debug|Any CPU
		{4D10B9EB-3BF1-4D61-A389-CB019E8C9622}.Debug|Mixed Platforms.Build.0 = Debug|Any CPU
		{4D10B9EB-3BF1-4D61-A389-CB019E8C9622}.Debug|Win32.ActiveCfg = Debug|Any CPU
		{4D10B9EB-3BF1-4D61-A389-CB019E8C9622}.Debug|x86.ActiveCfg = Debug|Any CPU
		{4D10B9EB-3BF1-4D61-A389-CB019E8C9622}.net_2_0_Debug|Any CPU.ActiveCfg = Debug|Any CPU
		{4D10B9EB-3BF1-4D61-A389-CB019E8C9622}.net_2_0_Debug|Any CPU.Build.0 = Debug|Any CPU
		{4D10B9EB-3BF1-4D61-A389-CB019E8C9622}.net_2_0_Debug|Mixed Platforms.ActiveCfg = Debug|Any CPU
		{4D10B9EB-3BF1-4D61-A389-CB019E8C9622}.net_2_0_Debug|Mixed Platforms.Build.0 = Debug|Any CPU
		{4D10B9EB-3BF1-4D61-A389-CB019E8C9622}.net_2_0_Debug|Win32.ActiveCfg = Debug|Any CPU
		{4D10B9EB-3BF1-4D61-A389-CB019E8C9622}.net_2_0_Debug|x86.ActiveCfg = Debug|Any CPU
		{4D10B9EB-3BF1-4D61-A389-CB019E8C9622}.net_2_0_Release|Any CPU.ActiveCfg = Release|Any CPU
		{4D10B9EB-3BF1-4D61-A389-CB019E8C9622}.net_2_0_Release|Any CPU.Build.0 = Release|Any CPU
		{4D10B9EB-3BF1-4D61-A389-CB019E8C9622}.net_2_0_Release|Mixed Platforms.ActiveCfg = Release|Any CPU
		{4D10B9EB-3BF1-4D61-A389-CB019E8C9622}.net_2_0_Release|Mixed Platforms.Build.0 = Release|Any CPU
		{4D10B9EB-3BF1-4D61-A389-CB019E8C9622}.net_2_0_Release|Win32.ActiveCfg = Release|Any CPU
		{4D10B9EB-3BF1-4D61-A389-CB019E8C9622}.net_2_0_Release|x86.ActiveCfg = Release|Any CPU
		{4D10B9EB-3BF1-4D61-A389-CB019E8C9622}.net_3_5_Debug|Any CPU.ActiveCfg = Debug|Any CPU
		{4D10B9EB-3BF1-4D61-A389-CB019E8C9622}.net_3_5_Debug|Any CPU.Build.0 = Debug|Any CPU
		{4D10B9EB-3BF1-4D61-A389-CB019E8C9622}.net_3_5_Debug|Mixed Platforms.ActiveCfg = Debug|Any CPU
		{4D10B9EB-3BF1-4D61-A389-CB019E8C9622}.net_3_5_Debug|Mixed Platforms.Build.0 = Debug|Any CPU
		{4D10B9EB-3BF1-4D61-A389-CB019E8C9622}.net_3_5_Debug|Win32.ActiveCfg = Debug|Any CPU
		{4D10B9EB-3BF1-4D61-A389-CB019E8C9622}.net_3_5_Debug|x86.ActiveCfg = Debug|Any CPU
		{4D10B9EB-3BF1-4D61-A389-CB019E8C9622}.net_3_5_Release|Any CPU.ActiveCfg = Release|Any CPU
		{4D10B9EB-3BF1-4D61-A389-CB019E8C9622}.net_3_5_Release|Any CPU.Build.0 = Release|Any CPU
		{4D10B9EB-3BF1-4D61-A389-CB019E8C9622}.net_3_5_Release|Mixed Platforms.ActiveCfg = Release|Any CPU
		{4D10B9EB-3BF1-4D61-A389-CB019E8C9622}.net_3_5_Release|Mixed Platforms.Build.0 = Release|Any CPU
		{4D10B9EB-3BF1-4D61-A389-CB019E8C9622}.net_3_5_Release|Win32.ActiveCfg = Release|Any CPU
		{4D10B9EB-3BF1-4D61-A389-CB019E8C9622}.net_3_5_Release|x86.ActiveCfg = Release|Any CPU
		{4D10B9EB-3BF1-4D61-A389-CB019E8C9622}.net_4_0_Debug|Any CPU.ActiveCfg = Debug|Any CPU
		{4D10B9EB-3BF1-4D61-A389-CB019E8C9622}.net_4_0_Debug|Any CPU.Build.0 = Debug|Any CPU
		{4D10B9EB-3BF1-4D61-A389-CB019E8C9622}.net_4_0_Debug|Mixed Platforms.ActiveCfg = Debug|Any CPU
		{4D10B9EB-3BF1-4D61-A389-CB019E8C9622}.net_4_0_Debug|Mixed Platforms.Build.0 = Debug|Any CPU
		{4D10B9EB-3BF1-4D61-A389-CB019E8C9622}.net_4_0_Debug|Win32.ActiveCfg = Debug|Any CPU
		{4D10B9EB-3BF1-4D61-A389-CB019E8C9622}.net_4_0_Debug|x86.ActiveCfg = Debug|Any CPU
		{4D10B9EB-3BF1-4D61-A389-CB019E8C9622}.net_4_0_Release|Any CPU.ActiveCfg = Release|Any CPU
		{4D10B9EB-3BF1-4D61-A389-CB019E8C9622}.net_4_0_Release|Any CPU.Build.0 = Release|Any CPU
		{4D10B9EB-3BF1-4D61-A389-CB019E8C9622}.net_4_0_Release|Mixed Platforms.ActiveCfg = Release|Any CPU
		{4D10B9EB-3BF1-4D61-A389-CB019E8C9622}.net_4_0_Release|Mixed Platforms.Build.0 = Release|Any CPU
		{4D10B9EB-3BF1-4D61-A389-CB019E8C9622}.net_4_0_Release|Win32.ActiveCfg = Release|Any CPU
		{4D10B9EB-3BF1-4D61-A389-CB019E8C9622}.net_4_0_Release|x86.ActiveCfg = Release|Any CPU
		{4D10B9EB-3BF1-4D61-A389-CB019E8C9622}.Release|Any CPU.ActiveCfg = Release|Any CPU
		{4D10B9EB-3BF1-4D61-A389-CB019E8C9622}.Release|Any CPU.Build.0 = Release|Any CPU
		{4D10B9EB-3BF1-4D61-A389-CB019E8C9622}.Release|Mixed Platforms.ActiveCfg = Release|Any CPU
		{4D10B9EB-3BF1-4D61-A389-CB019E8C9622}.Release|Mixed Platforms.Build.0 = Release|Any CPU
		{4D10B9EB-3BF1-4D61-A389-CB019E8C9622}.Release|Win32.ActiveCfg = Release|Any CPU
		{4D10B9EB-3BF1-4D61-A389-CB019E8C9622}.Release|x86.ActiveCfg = Release|Any CPU
		{4D10B9EB-3BF1-4D61-A389-CB019E8C9622}.silverlight_Debug|Any CPU.ActiveCfg = Debug|Any CPU
		{4D10B9EB-3BF1-4D61-A389-CB019E8C9622}.silverlight_Debug|Any CPU.Build.0 = Debug|Any CPU
		{4D10B9EB-3BF1-4D61-A389-CB019E8C9622}.silverlight_Debug|Mixed Platforms.ActiveCfg = Debug|Any CPU
		{4D10B9EB-3BF1-4D61-A389-CB019E8C9622}.silverlight_Debug|Mixed Platforms.Build.0 = Debug|Any CPU
		{4D10B9EB-3BF1-4D61-A389-CB019E8C9622}.silverlight_Debug|Win32.ActiveCfg = Debug|Any CPU
		{4D10B9EB-3BF1-4D61-A389-CB019E8C9622}.silverlight_Debug|x86.ActiveCfg = Debug|Any CPU
		{4D10B9EB-3BF1-4D61-A389-CB019E8C9622}.silverlight_Release|Any CPU.ActiveCfg = Release|Any CPU
		{4D10B9EB-3BF1-4D61-A389-CB019E8C9622}.silverlight_Release|Any CPU.Build.0 = Release|Any CPU
		{4D10B9EB-3BF1-4D61-A389-CB019E8C9622}.silverlight_Release|Mixed Platforms.ActiveCfg = Release|Any CPU
		{4D10B9EB-3BF1-4D61-A389-CB019E8C9622}.silverlight_Release|Mixed Platforms.Build.0 = Release|Any CPU
		{4D10B9EB-3BF1-4D61-A389-CB019E8C9622}.silverlight_Release|Win32.ActiveCfg = Release|Any CPU
		{4D10B9EB-3BF1-4D61-A389-CB019E8C9622}.silverlight_Release|x86.ActiveCfg = Release|Any CPU
		{4D10B9EB-3BF1-4D61-A389-CB019E8C9622}.winphone_Debug|Any CPU.ActiveCfg = Debug|Any CPU
		{4D10B9EB-3BF1-4D61-A389-CB019E8C9622}.winphone_Debug|Any CPU.Build.0 = Debug|Any CPU
		{4D10B9EB-3BF1-4D61-A389-CB019E8C9622}.winphone_Debug|Mixed Platforms.ActiveCfg = Debug|Any CPU
		{4D10B9EB-3BF1-4D61-A389-CB019E8C9622}.winphone_Debug|Mixed Platforms.Build.0 = Debug|Any CPU
		{4D10B9EB-3BF1-4D61-A389-CB019E8C9622}.winphone_Debug|Win32.ActiveCfg = Debug|Any CPU
		{4D10B9EB-3BF1-4D61-A389-CB019E8C9622}.winphone_Debug|x86.ActiveCfg = Debug|Any CPU
		{4D10B9EB-3BF1-4D61-A389-CB019E8C9622}.winphone_Release|Any CPU.ActiveCfg = Release|Any CPU
		{4D10B9EB-3BF1-4D61-A389-CB019E8C9622}.winphone_Release|Any CPU.Build.0 = Release|Any CPU
		{4D10B9EB-3BF1-4D61-A389-CB019E8C9622}.winphone_Release|Mixed Platforms.ActiveCfg = Release|Any CPU
		{4D10B9EB-3BF1-4D61-A389-CB019E8C9622}.winphone_Release|Mixed Platforms.Build.0 = Release|Any CPU
		{4D10B9EB-3BF1-4D61-A389-CB019E8C9622}.winphone_Release|Win32.ActiveCfg = Release|Any CPU
		{4D10B9EB-3BF1-4D61-A389-CB019E8C9622}.winphone_Release|x86.ActiveCfg = Release|Any CPU
		{3FEB2023-B4B0-4DF3-BECF-AD727B55FF37}.Debug|Any CPU.ActiveCfg = Debug|Any CPU
		{3FEB2023-B4B0-4DF3-BECF-AD727B55FF37}.Debug|Any CPU.Build.0 = Debug|Any CPU
		{3FEB2023-B4B0-4DF3-BECF-AD727B55FF37}.Debug|Mixed Platforms.ActiveCfg = Debug|Any CPU
		{3FEB2023-B4B0-4DF3-BECF-AD727B55FF37}.Debug|Mixed Platforms.Build.0 = Debug|Any CPU
		{3FEB2023-B4B0-4DF3-BECF-AD727B55FF37}.Debug|Win32.ActiveCfg = Debug|Any CPU
		{3FEB2023-B4B0-4DF3-BECF-AD727B55FF37}.Debug|x86.ActiveCfg = Debug|Any CPU
		{3FEB2023-B4B0-4DF3-BECF-AD727B55FF37}.net_2_0_Debug|Any CPU.ActiveCfg = Debug|Any CPU
		{3FEB2023-B4B0-4DF3-BECF-AD727B55FF37}.net_2_0_Debug|Any CPU.Build.0 = Debug|Any CPU
		{3FEB2023-B4B0-4DF3-BECF-AD727B55FF37}.net_2_0_Debug|Mixed Platforms.ActiveCfg = Debug|Any CPU
		{3FEB2023-B4B0-4DF3-BECF-AD727B55FF37}.net_2_0_Debug|Mixed Platforms.Build.0 = Debug|Any CPU
		{3FEB2023-B4B0-4DF3-BECF-AD727B55FF37}.net_2_0_Debug|Win32.ActiveCfg = Debug|Any CPU
		{3FEB2023-B4B0-4DF3-BECF-AD727B55FF37}.net_2_0_Debug|x86.ActiveCfg = Debug|Any CPU
		{3FEB2023-B4B0-4DF3-BECF-AD727B55FF37}.net_2_0_Release|Any CPU.ActiveCfg = Release|Any CPU
		{3FEB2023-B4B0-4DF3-BECF-AD727B55FF37}.net_2_0_Release|Any CPU.Build.0 = Release|Any CPU
		{3FEB2023-B4B0-4DF3-BECF-AD727B55FF37}.net_2_0_Release|Mixed Platforms.ActiveCfg = Release|Any CPU
		{3FEB2023-B4B0-4DF3-BECF-AD727B55FF37}.net_2_0_Release|Mixed Platforms.Build.0 = Release|Any CPU
		{3FEB2023-B4B0-4DF3-BECF-AD727B55FF37}.net_2_0_Release|Win32.ActiveCfg = Release|Any CPU
		{3FEB2023-B4B0-4DF3-BECF-AD727B55FF37}.net_2_0_Release|x86.ActiveCfg = Release|Any CPU
		{3FEB2023-B4B0-4DF3-BECF-AD727B55FF37}.net_3_5_Debug|Any CPU.ActiveCfg = Debug|Any CPU
		{3FEB2023-B4B0-4DF3-BECF-AD727B55FF37}.net_3_5_Debug|Any CPU.Build.0 = Debug|Any CPU
		{3FEB2023-B4B0-4DF3-BECF-AD727B55FF37}.net_3_5_Debug|Mixed Platforms.ActiveCfg = Debug|Any CPU
		{3FEB2023-B4B0-4DF3-BECF-AD727B55FF37}.net_3_5_Debug|Mixed Platforms.Build.0 = Debug|Any CPU
		{3FEB2023-B4B0-4DF3-BECF-AD727B55FF37}.net_3_5_Debug|Win32.ActiveCfg = Debug|Any CPU
		{3FEB2023-B4B0-4DF3-BECF-AD727B55FF37}.net_3_5_Debug|x86.ActiveCfg = Debug|Any CPU
		{3FEB2023-B4B0-4DF3-BECF-AD727B55FF37}.net_3_5_Release|Any CPU.ActiveCfg = Release|Any CPU
		{3FEB2023-B4B0-4DF3-BECF-AD727B55FF37}.net_3_5_Release|Any CPU.Build.0 = Release|Any CPU
		{3FEB2023-B4B0-4DF3-BECF-AD727B55FF37}.net_3_5_Release|Mixed Platforms.ActiveCfg = Release|Any CPU
		{3FEB2023-B4B0-4DF3-BECF-AD727B55FF37}.net_3_5_Release|Mixed Platforms.Build.0 = Release|Any CPU
		{3FEB2023-B4B0-4DF3-BECF-AD727B55FF37}.net_3_5_Release|Win32.ActiveCfg = Release|Any CPU
		{3FEB2023-B4B0-4DF3-BECF-AD727B55FF37}.net_3_5_Release|x86.ActiveCfg = Release|Any CPU
		{3FEB2023-B4B0-4DF3-BECF-AD727B55FF37}.net_4_0_Debug|Any CPU.ActiveCfg = Debug|Any CPU
		{3FEB2023-B4B0-4DF3-BECF-AD727B55FF37}.net_4_0_Debug|Any CPU.Build.0 = Debug|Any CPU
		{3FEB2023-B4B0-4DF3-BECF-AD727B55FF37}.net_4_0_Debug|Mixed Platforms.ActiveCfg = Debug|Any CPU
		{3FEB2023-B4B0-4DF3-BECF-AD727B55FF37}.net_4_0_Debug|Mixed Platforms.Build.0 = Debug|Any CPU
		{3FEB2023-B4B0-4DF3-BECF-AD727B55FF37}.net_4_0_Debug|Win32.ActiveCfg = Debug|Any CPU
		{3FEB2023-B4B0-4DF3-BECF-AD727B55FF37}.net_4_0_Debug|x86.ActiveCfg = Debug|Any CPU
		{3FEB2023-B4B0-4DF3-BECF-AD727B55FF37}.net_4_0_Release|Any CPU.ActiveCfg = Release|Any CPU
		{3FEB2023-B4B0-4DF3-BECF-AD727B55FF37}.net_4_0_Release|Any CPU.Build.0 = Release|Any CPU
		{3FEB2023-B4B0-4DF3-BECF-AD727B55FF37}.net_4_0_Release|Mixed Platforms.ActiveCfg = Release|Any CPU
		{3FEB2023-B4B0-4DF3-BECF-AD727B55FF37}.net_4_0_Release|Mixed Platforms.Build.0 = Release|Any CPU
		{3FEB2023-B4B0-4DF3-BECF-AD727B55FF37}.net_4_0_Release|Win32.ActiveCfg = Release|Any CPU
		{3FEB2023-B4B0-4DF3-BECF-AD727B55FF37}.net_4_0_Release|x86.ActiveCfg = Release|Any CPU
		{3FEB2023-B4B0-4DF3-BECF-AD727B55FF37}.Release|Any CPU.ActiveCfg = Release|Any CPU
		{3FEB2023-B4B0-4DF3-BECF-AD727B55FF37}.Release|Any CPU.Build.0 = Release|Any CPU
		{3FEB2023-B4B0-4DF3-BECF-AD727B55FF37}.Release|Mixed Platforms.ActiveCfg = Release|Any CPU
		{3FEB2023-B4B0-4DF3-BECF-AD727B55FF37}.Release|Mixed Platforms.Build.0 = Release|Any CPU
		{3FEB2023-B4B0-4DF3-BECF-AD727B55FF37}.Release|Win32.ActiveCfg = Release|Any CPU
		{3FEB2023-B4B0-4DF3-BECF-AD727B55FF37}.Release|x86.ActiveCfg = Release|Any CPU
		{3FEB2023-B4B0-4DF3-BECF-AD727B55FF37}.silverlight_Debug|Any CPU.ActiveCfg = Debug|Any CPU
		{3FEB2023-B4B0-4DF3-BECF-AD727B55FF37}.silverlight_Debug|Any CPU.Build.0 = Debug|Any CPU
		{3FEB2023-B4B0-4DF3-BECF-AD727B55FF37}.silverlight_Debug|Mixed Platforms.ActiveCfg = Debug|Any CPU
		{3FEB2023-B4B0-4DF3-BECF-AD727B55FF37}.silverlight_Debug|Mixed Platforms.Build.0 = Debug|Any CPU
		{3FEB2023-B4B0-4DF3-BECF-AD727B55FF37}.silverlight_Debug|Win32.ActiveCfg = Debug|Any CPU
		{3FEB2023-B4B0-4DF3-BECF-AD727B55FF37}.silverlight_Debug|x86.ActiveCfg = Debug|Any CPU
		{3FEB2023-B4B0-4DF3-BECF-AD727B55FF37}.silverlight_Release|Any CPU.ActiveCfg = Release|Any CPU
		{3FEB2023-B4B0-4DF3-BECF-AD727B55FF37}.silverlight_Release|Any CPU.Build.0 = Release|Any CPU
		{3FEB2023-B4B0-4DF3-BECF-AD727B55FF37}.silverlight_Release|Mixed Platforms.ActiveCfg = Release|Any CPU
		{3FEB2023-B4B0-4DF3-BECF-AD727B55FF37}.silverlight_Release|Mixed Platforms.Build.0 = Release|Any CPU
		{3FEB2023-B4B0-4DF3-BECF-AD727B55FF37}.silverlight_Release|Win32.ActiveCfg = Release|Any CPU
		{3FEB2023-B4B0-4DF3-BECF-AD727B55FF37}.silverlight_Release|x86.ActiveCfg = Release|Any CPU
		{3FEB2023-B4B0-4DF3-BECF-AD727B55FF37}.winphone_Debug|Any CPU.ActiveCfg = Debug|Any CPU
		{3FEB2023-B4B0-4DF3-BECF-AD727B55FF37}.winphone_Debug|Any CPU.Build.0 = Debug|Any CPU
		{3FEB2023-B4B0-4DF3-BECF-AD727B55FF37}.winphone_Debug|Mixed Platforms.ActiveCfg = Debug|Any CPU
		{3FEB2023-B4B0-4DF3-BECF-AD727B55FF37}.winphone_Debug|Mixed Platforms.Build.0 = Debug|Any CPU
		{3FEB2023-B4B0-4DF3-BECF-AD727B55FF37}.winphone_Debug|Win32.ActiveCfg = Debug|Any CPU
		{3FEB2023-B4B0-4DF3-BECF-AD727B55FF37}.winphone_Debug|x86.ActiveCfg = Debug|Any CPU
		{3FEB2023-B4B0-4DF3-BECF-AD727B55FF37}.winphone_Release|Any CPU.ActiveCfg = Release|Any CPU
		{3FEB2023-B4B0-4DF3-BECF-AD727B55FF37}.winphone_Release|Any CPU.Build.0 = Release|Any CPU
		{3FEB2023-B4B0-4DF3-BECF-AD727B55FF37}.winphone_Release|Mixed Platforms.ActiveCfg = Release|Any CPU
		{3FEB2023-B4B0-4DF3-BECF-AD727B55FF37}.winphone_Release|Mixed Platforms.Build.0 = Release|Any CPU
		{3FEB2023-B4B0-4DF3-BECF-AD727B55FF37}.winphone_Release|Win32.ActiveCfg = Release|Any CPU
		{3FEB2023-B4B0-4DF3-BECF-AD727B55FF37}.winphone_Release|x86.ActiveCfg = Release|Any CPU
		{3B408415-5203-4618-ABC1-F88D0BBE849B}.Debug|Any CPU.ActiveCfg = Debug|Any CPU
		{3B408415-5203-4618-ABC1-F88D0BBE849B}.Debug|Any CPU.Build.0 = Debug|Any CPU
		{3B408415-5203-4618-ABC1-F88D0BBE849B}.Debug|Mixed Platforms.ActiveCfg = Debug|Any CPU
		{3B408415-5203-4618-ABC1-F88D0BBE849B}.Debug|Mixed Platforms.Build.0 = Debug|Any CPU
		{3B408415-5203-4618-ABC1-F88D0BBE849B}.Debug|Win32.ActiveCfg = Debug|Any CPU
		{3B408415-5203-4618-ABC1-F88D0BBE849B}.Debug|x86.ActiveCfg = Debug|Any CPU
		{3B408415-5203-4618-ABC1-F88D0BBE849B}.net_2_0_Debug|Any CPU.ActiveCfg = Debug|Any CPU
		{3B408415-5203-4618-ABC1-F88D0BBE849B}.net_2_0_Debug|Any CPU.Build.0 = Debug|Any CPU
		{3B408415-5203-4618-ABC1-F88D0BBE849B}.net_2_0_Debug|Mixed Platforms.ActiveCfg = Debug|Any CPU
		{3B408415-5203-4618-ABC1-F88D0BBE849B}.net_2_0_Debug|Mixed Platforms.Build.0 = Debug|Any CPU
		{3B408415-5203-4618-ABC1-F88D0BBE849B}.net_2_0_Debug|Win32.ActiveCfg = Debug|Any CPU
		{3B408415-5203-4618-ABC1-F88D0BBE849B}.net_2_0_Debug|x86.ActiveCfg = Debug|Any CPU
		{3B408415-5203-4618-ABC1-F88D0BBE849B}.net_2_0_Release|Any CPU.ActiveCfg = Release|Any CPU
		{3B408415-5203-4618-ABC1-F88D0BBE849B}.net_2_0_Release|Any CPU.Build.0 = Release|Any CPU
		{3B408415-5203-4618-ABC1-F88D0BBE849B}.net_2_0_Release|Mixed Platforms.ActiveCfg = Release|Any CPU
		{3B408415-5203-4618-ABC1-F88D0BBE849B}.net_2_0_Release|Mixed Platforms.Build.0 = Release|Any CPU
		{3B408415-5203-4618-ABC1-F88D0BBE849B}.net_2_0_Release|Win32.ActiveCfg = Release|Any CPU
		{3B408415-5203-4618-ABC1-F88D0BBE849B}.net_2_0_Release|x86.ActiveCfg = Release|Any CPU
		{3B408415-5203-4618-ABC1-F88D0BBE849B}.net_3_5_Debug|Any CPU.ActiveCfg = Debug|Any CPU
		{3B408415-5203-4618-ABC1-F88D0BBE849B}.net_3_5_Debug|Any CPU.Build.0 = Debug|Any CPU
		{3B408415-5203-4618-ABC1-F88D0BBE849B}.net_3_5_Debug|Mixed Platforms.ActiveCfg = Debug|Any CPU
		{3B408415-5203-4618-ABC1-F88D0BBE849B}.net_3_5_Debug|Mixed Platforms.Build.0 = Debug|Any CPU
		{3B408415-5203-4618-ABC1-F88D0BBE849B}.net_3_5_Debug|Win32.ActiveCfg = Debug|Any CPU
		{3B408415-5203-4618-ABC1-F88D0BBE849B}.net_3_5_Debug|x86.ActiveCfg = Debug|Any CPU
		{3B408415-5203-4618-ABC1-F88D0BBE849B}.net_3_5_Release|Any CPU.ActiveCfg = Release|Any CPU
		{3B408415-5203-4618-ABC1-F88D0BBE849B}.net_3_5_Release|Any CPU.Build.0 = Release|Any CPU
		{3B408415-5203-4618-ABC1-F88D0BBE849B}.net_3_5_Release|Mixed Platforms.ActiveCfg = Release|Any CPU
		{3B408415-5203-4618-ABC1-F88D0BBE849B}.net_3_5_Release|Mixed Platforms.Build.0 = Release|Any CPU
		{3B408415-5203-4618-ABC1-F88D0BBE849B}.net_3_5_Release|Win32.ActiveCfg = Release|Any CPU
		{3B408415-5203-4618-ABC1-F88D0BBE849B}.net_3_5_Release|x86.ActiveCfg = Release|Any CPU
		{3B408415-5203-4618-ABC1-F88D0BBE849B}.net_4_0_Debug|Any CPU.ActiveCfg = Debug|Any CPU
		{3B408415-5203-4618-ABC1-F88D0BBE849B}.net_4_0_Debug|Any CPU.Build.0 = Debug|Any CPU
		{3B408415-5203-4618-ABC1-F88D0BBE849B}.net_4_0_Debug|Mixed Platforms.ActiveCfg = Debug|Any CPU
		{3B408415-5203-4618-ABC1-F88D0BBE849B}.net_4_0_Debug|Mixed Platforms.Build.0 = Debug|Any CPU
		{3B408415-5203-4618-ABC1-F88D0BBE849B}.net_4_0_Debug|Win32.ActiveCfg = Debug|Any CPU
		{3B408415-5203-4618-ABC1-F88D0BBE849B}.net_4_0_Debug|x86.ActiveCfg = Debug|Any CPU
		{3B408415-5203-4618-ABC1-F88D0BBE849B}.net_4_0_Release|Any CPU.ActiveCfg = Release|Any CPU
		{3B408415-5203-4618-ABC1-F88D0BBE849B}.net_4_0_Release|Any CPU.Build.0 = Release|Any CPU
		{3B408415-5203-4618-ABC1-F88D0BBE849B}.net_4_0_Release|Mixed Platforms.ActiveCfg = Release|Any CPU
		{3B408415-5203-4618-ABC1-F88D0BBE849B}.net_4_0_Release|Mixed Platforms.Build.0 = Release|Any CPU
		{3B408415-5203-4618-ABC1-F88D0BBE849B}.net_4_0_Release|Win32.ActiveCfg = Release|Any CPU
		{3B408415-5203-4618-ABC1-F88D0BBE849B}.net_4_0_Release|x86.ActiveCfg = Release|Any CPU
		{3B408415-5203-4618-ABC1-F88D0BBE849B}.Release|Any CPU.ActiveCfg = Release|Any CPU
		{3B408415-5203-4618-ABC1-F88D0BBE849B}.Release|Any CPU.Build.0 = Release|Any CPU
		{3B408415-5203-4618-ABC1-F88D0BBE849B}.Release|Mixed Platforms.ActiveCfg = Release|Any CPU
		{3B408415-5203-4618-ABC1-F88D0BBE849B}.Release|Mixed Platforms.Build.0 = Release|Any CPU
		{3B408415-5203-4618-ABC1-F88D0BBE849B}.Release|Win32.ActiveCfg = Release|Any CPU
		{3B408415-5203-4618-ABC1-F88D0BBE849B}.Release|x86.ActiveCfg = Release|Any CPU
		{3B408415-5203-4618-ABC1-F88D0BBE849B}.silverlight_Debug|Any CPU.ActiveCfg = Debug|Any CPU
		{3B408415-5203-4618-ABC1-F88D0BBE849B}.silverlight_Debug|Any CPU.Build.0 = Debug|Any CPU
		{3B408415-5203-4618-ABC1-F88D0BBE849B}.silverlight_Debug|Mixed Platforms.ActiveCfg = Debug|Any CPU
		{3B408415-5203-4618-ABC1-F88D0BBE849B}.silverlight_Debug|Mixed Platforms.Build.0 = Debug|Any CPU
		{3B408415-5203-4618-ABC1-F88D0BBE849B}.silverlight_Debug|Win32.ActiveCfg = Debug|Any CPU
		{3B408415-5203-4618-ABC1-F88D0BBE849B}.silverlight_Debug|x86.ActiveCfg = Debug|Any CPU
		{3B408415-5203-4618-ABC1-F88D0BBE849B}.silverlight_Release|Any CPU.ActiveCfg = Release|Any CPU
		{3B408415-5203-4618-ABC1-F88D0BBE849B}.silverlight_Release|Any CPU.Build.0 = Release|Any CPU
		{3B408415-5203-4618-ABC1-F88D0BBE849B}.silverlight_Release|Mixed Platforms.ActiveCfg = Release|Any CPU
		{3B408415-5203-4618-ABC1-F88D0BBE849B}.silverlight_Release|Mixed Platforms.Build.0 = Release|Any CPU
		{3B408415-5203-4618-ABC1-F88D0BBE849B}.silverlight_Release|Win32.ActiveCfg = Release|Any CPU
		{3B408415-5203-4618-ABC1-F88D0BBE849B}.silverlight_Release|x86.ActiveCfg = Release|Any CPU
		{3B408415-5203-4618-ABC1-F88D0BBE849B}.winphone_Debug|Any CPU.ActiveCfg = Debug|Any CPU
		{3B408415-5203-4618-ABC1-F88D0BBE849B}.winphone_Debug|Any CPU.Build.0 = Debug|Any CPU
		{3B408415-5203-4618-ABC1-F88D0BBE849B}.winphone_Debug|Mixed Platforms.ActiveCfg = Debug|Any CPU
		{3B408415-5203-4618-ABC1-F88D0BBE849B}.winphone_Debug|Mixed Platforms.Build.0 = Debug|Any CPU
		{3B408415-5203-4618-ABC1-F88D0BBE849B}.winphone_Debug|Win32.ActiveCfg = Debug|Any CPU
		{3B408415-5203-4618-ABC1-F88D0BBE849B}.winphone_Debug|x86.ActiveCfg = Debug|Any CPU
		{3B408415-5203-4618-ABC1-F88D0BBE849B}.winphone_Release|Any CPU.ActiveCfg = Release|Any CPU
		{3B408415-5203-4618-ABC1-F88D0BBE849B}.winphone_Release|Any CPU.Build.0 = Release|Any CPU
		{3B408415-5203-4618-ABC1-F88D0BBE849B}.winphone_Release|Mixed Platforms.ActiveCfg = Release|Any CPU
		{3B408415-5203-4618-ABC1-F88D0BBE849B}.winphone_Release|Mixed Platforms.Build.0 = Release|Any CPU
		{3B408415-5203-4618-ABC1-F88D0BBE849B}.winphone_Release|Win32.ActiveCfg = Release|Any CPU
		{3B408415-5203-4618-ABC1-F88D0BBE849B}.winphone_Release|x86.ActiveCfg = Release|Any CPU
		{FBD84077-9D35-41FE-89DF-8D79EFE0B595}.Debug|Any CPU.ActiveCfg = Debug|Any CPU
		{FBD84077-9D35-41FE-89DF-8D79EFE0B595}.Debug|Any CPU.Build.0 = Debug|Any CPU
		{FBD84077-9D35-41FE-89DF-8D79EFE0B595}.Debug|Mixed Platforms.ActiveCfg = Debug|Any CPU
		{FBD84077-9D35-41FE-89DF-8D79EFE0B595}.Debug|Mixed Platforms.Build.0 = Debug|Any CPU
		{FBD84077-9D35-41FE-89DF-8D79EFE0B595}.Debug|Win32.ActiveCfg = Debug|Any CPU
		{FBD84077-9D35-41FE-89DF-8D79EFE0B595}.Debug|x86.ActiveCfg = Debug|Any CPU
		{FBD84077-9D35-41FE-89DF-8D79EFE0B595}.net_2_0_Debug|Any CPU.ActiveCfg = Debug|Any CPU
		{FBD84077-9D35-41FE-89DF-8D79EFE0B595}.net_2_0_Debug|Any CPU.Build.0 = Debug|Any CPU
		{FBD84077-9D35-41FE-89DF-8D79EFE0B595}.net_2_0_Debug|Mixed Platforms.ActiveCfg = Debug|Any CPU
		{FBD84077-9D35-41FE-89DF-8D79EFE0B595}.net_2_0_Debug|Mixed Platforms.Build.0 = Debug|Any CPU
		{FBD84077-9D35-41FE-89DF-8D79EFE0B595}.net_2_0_Debug|Win32.ActiveCfg = Debug|Any CPU
		{FBD84077-9D35-41FE-89DF-8D79EFE0B595}.net_2_0_Debug|x86.ActiveCfg = Debug|Any CPU
		{FBD84077-9D35-41FE-89DF-8D79EFE0B595}.net_2_0_Release|Any CPU.ActiveCfg = Release|Any CPU
		{FBD84077-9D35-41FE-89DF-8D79EFE0B595}.net_2_0_Release|Any CPU.Build.0 = Release|Any CPU
		{FBD84077-9D35-41FE-89DF-8D79EFE0B595}.net_2_0_Release|Mixed Platforms.ActiveCfg = Release|Any CPU
		{FBD84077-9D35-41FE-89DF-8D79EFE0B595}.net_2_0_Release|Mixed Platforms.Build.0 = Release|Any CPU
		{FBD84077-9D35-41FE-89DF-8D79EFE0B595}.net_2_0_Release|Win32.ActiveCfg = Release|Any CPU
		{FBD84077-9D35-41FE-89DF-8D79EFE0B595}.net_2_0_Release|x86.ActiveCfg = Release|Any CPU
		{FBD84077-9D35-41FE-89DF-8D79EFE0B595}.net_3_5_Debug|Any CPU.ActiveCfg = Debug|Any CPU
		{FBD84077-9D35-41FE-89DF-8D79EFE0B595}.net_3_5_Debug|Any CPU.Build.0 = Debug|Any CPU
		{FBD84077-9D35-41FE-89DF-8D79EFE0B595}.net_3_5_Debug|Mixed Platforms.ActiveCfg = Debug|Any CPU
		{FBD84077-9D35-41FE-89DF-8D79EFE0B595}.net_3_5_Debug|Mixed Platforms.Build.0 = Debug|Any CPU
		{FBD84077-9D35-41FE-89DF-8D79EFE0B595}.net_3_5_Debug|Win32.ActiveCfg = Debug|Any CPU
		{FBD84077-9D35-41FE-89DF-8D79EFE0B595}.net_3_5_Debug|x86.ActiveCfg = Debug|Any CPU
		{FBD84077-9D35-41FE-89DF-8D79EFE0B595}.net_3_5_Release|Any CPU.ActiveCfg = Release|Any CPU
		{FBD84077-9D35-41FE-89DF-8D79EFE0B595}.net_3_5_Release|Any CPU.Build.0 = Release|Any CPU
		{FBD84077-9D35-41FE-89DF-8D79EFE0B595}.net_3_5_Release|Mixed Platforms.ActiveCfg = Release|Any CPU
		{FBD84077-9D35-41FE-89DF-8D79EFE0B595}.net_3_5_Release|Mixed Platforms.Build.0 = Release|Any CPU
		{FBD84077-9D35-41FE-89DF-8D79EFE0B595}.net_3_5_Release|Win32.ActiveCfg = Release|Any CPU
		{FBD84077-9D35-41FE-89DF-8D79EFE0B595}.net_3_5_Release|x86.ActiveCfg = Release|Any CPU
		{FBD84077-9D35-41FE-89DF-8D79EFE0B595}.net_4_0_Debug|Any CPU.ActiveCfg = Debug|Any CPU
		{FBD84077-9D35-41FE-89DF-8D79EFE0B595}.net_4_0_Debug|Any CPU.Build.0 = Debug|Any CPU
		{FBD84077-9D35-41FE-89DF-8D79EFE0B595}.net_4_0_Debug|Mixed Platforms.ActiveCfg = Debug|Any CPU
		{FBD84077-9D35-41FE-89DF-8D79EFE0B595}.net_4_0_Debug|Mixed Platforms.Build.0 = Debug|Any CPU
		{FBD84077-9D35-41FE-89DF-8D79EFE0B595}.net_4_0_Debug|Win32.ActiveCfg = Debug|Any CPU
		{FBD84077-9D35-41FE-89DF-8D79EFE0B595}.net_4_0_Debug|x86.ActiveCfg = Debug|Any CPU
		{FBD84077-9D35-41FE-89DF-8D79EFE0B595}.net_4_0_Release|Any CPU.ActiveCfg = Release|Any CPU
		{FBD84077-9D35-41FE-89DF-8D79EFE0B595}.net_4_0_Release|Any CPU.Build.0 = Release|Any CPU
		{FBD84077-9D35-41FE-89DF-8D79EFE0B595}.net_4_0_Release|Mixed Platforms.ActiveCfg = Release|Any CPU
		{FBD84077-9D35-41FE-89DF-8D79EFE0B595}.net_4_0_Release|Mixed Platforms.Build.0 = Release|Any CPU
		{FBD84077-9D35-41FE-89DF-8D79EFE0B595}.net_4_0_Release|Win32.ActiveCfg = Release|Any CPU
		{FBD84077-9D35-41FE-89DF-8D79EFE0B595}.net_4_0_Release|x86.ActiveCfg = Release|Any CPU
		{FBD84077-9D35-41FE-89DF-8D79EFE0B595}.Release|Any CPU.ActiveCfg = Release|Any CPU
		{FBD84077-9D35-41FE-89DF-8D79EFE0B595}.Release|Any CPU.Build.0 = Release|Any CPU
		{FBD84077-9D35-41FE-89DF-8D79EFE0B595}.Release|Mixed Platforms.ActiveCfg = Release|Any CPU
		{FBD84077-9D35-41FE-89DF-8D79EFE0B595}.Release|Mixed Platforms.Build.0 = Release|Any CPU
		{FBD84077-9D35-41FE-89DF-8D79EFE0B595}.Release|Win32.ActiveCfg = Release|Any CPU
		{FBD84077-9D35-41FE-89DF-8D79EFE0B595}.Release|x86.ActiveCfg = Release|Any CPU
		{FBD84077-9D35-41FE-89DF-8D79EFE0B595}.silverlight_Debug|Any CPU.ActiveCfg = Debug|Any CPU
		{FBD84077-9D35-41FE-89DF-8D79EFE0B595}.silverlight_Debug|Any CPU.Build.0 = Debug|Any CPU
		{FBD84077-9D35-41FE-89DF-8D79EFE0B595}.silverlight_Debug|Mixed Platforms.ActiveCfg = Debug|Any CPU
		{FBD84077-9D35-41FE-89DF-8D79EFE0B595}.silverlight_Debug|Mixed Platforms.Build.0 = Debug|Any CPU
		{FBD84077-9D35-41FE-89DF-8D79EFE0B595}.silverlight_Debug|Win32.ActiveCfg = Debug|Any CPU
		{FBD84077-9D35-41FE-89DF-8D79EFE0B595}.silverlight_Debug|x86.ActiveCfg = Debug|Any CPU
		{FBD84077-9D35-41FE-89DF-8D79EFE0B595}.silverlight_Release|Any CPU.ActiveCfg = Release|Any CPU
		{FBD84077-9D35-41FE-89DF-8D79EFE0B595}.silverlight_Release|Any CPU.Build.0 = Release|Any CPU
		{FBD84077-9D35-41FE-89DF-8D79EFE0B595}.silverlight_Release|Mixed Platforms.ActiveCfg = Release|Any CPU
		{FBD84077-9D35-41FE-89DF-8D79EFE0B595}.silverlight_Release|Mixed Platforms.Build.0 = Release|Any CPU
		{FBD84077-9D35-41FE-89DF-8D79EFE0B595}.silverlight_Release|Win32.ActiveCfg = Release|Any CPU
		{FBD84077-9D35-41FE-89DF-8D79EFE0B595}.silverlight_Release|x86.ActiveCfg = Release|Any CPU
		{FBD84077-9D35-41FE-89DF-8D79EFE0B595}.winphone_Debug|Any CPU.ActiveCfg = Debug|Any CPU
		{FBD84077-9D35-41FE-89DF-8D79EFE0B595}.winphone_Debug|Any CPU.Build.0 = Debug|Any CPU
		{FBD84077-9D35-41FE-89DF-8D79EFE0B595}.winphone_Debug|Mixed Platforms.ActiveCfg = Debug|Any CPU
		{FBD84077-9D35-41FE-89DF-8D79EFE0B595}.winphone_Debug|Mixed Platforms.Build.0 = Debug|Any CPU
		{FBD84077-9D35-41FE-89DF-8D79EFE0B595}.winphone_Debug|Win32.ActiveCfg = Debug|Any CPU
		{FBD84077-9D35-41FE-89DF-8D79EFE0B595}.winphone_Debug|x86.ActiveCfg = Debug|Any CPU
		{FBD84077-9D35-41FE-89DF-8D79EFE0B595}.winphone_Release|Any CPU.ActiveCfg = Release|Any CPU
		{FBD84077-9D35-41FE-89DF-8D79EFE0B595}.winphone_Release|Any CPU.Build.0 = Release|Any CPU
		{FBD84077-9D35-41FE-89DF-8D79EFE0B595}.winphone_Release|Mixed Platforms.ActiveCfg = Release|Any CPU
		{FBD84077-9D35-41FE-89DF-8D79EFE0B595}.winphone_Release|Mixed Platforms.Build.0 = Release|Any CPU
		{FBD84077-9D35-41FE-89DF-8D79EFE0B595}.winphone_Release|Win32.ActiveCfg = Release|Any CPU
		{FBD84077-9D35-41FE-89DF-8D79EFE0B595}.winphone_Release|x86.ActiveCfg = Release|Any CPU
		{004EB657-252C-4361-A2D2-2E514130C7FC}.Debug|Any CPU.ActiveCfg = Debug|x86
		{004EB657-252C-4361-A2D2-2E514130C7FC}.Debug|Mixed Platforms.ActiveCfg = Debug|x86
		{004EB657-252C-4361-A2D2-2E514130C7FC}.Debug|Mixed Platforms.Build.0 = Debug|x86
		{004EB657-252C-4361-A2D2-2E514130C7FC}.Debug|Win32.ActiveCfg = Debug|x86
		{004EB657-252C-4361-A2D2-2E514130C7FC}.Debug|x86.ActiveCfg = Debug|x86
		{004EB657-252C-4361-A2D2-2E514130C7FC}.Debug|x86.Build.0 = Debug|x86
		{004EB657-252C-4361-A2D2-2E514130C7FC}.net_2_0_Debug|Any CPU.ActiveCfg = Debug|x86
		{004EB657-252C-4361-A2D2-2E514130C7FC}.net_2_0_Debug|Mixed Platforms.ActiveCfg = Debug|x86
		{004EB657-252C-4361-A2D2-2E514130C7FC}.net_2_0_Debug|Mixed Platforms.Build.0 = Debug|x86
		{004EB657-252C-4361-A2D2-2E514130C7FC}.net_2_0_Debug|Win32.ActiveCfg = Debug|x86
		{004EB657-252C-4361-A2D2-2E514130C7FC}.net_2_0_Debug|x86.ActiveCfg = Debug|x86
		{004EB657-252C-4361-A2D2-2E514130C7FC}.net_2_0_Debug|x86.Build.0 = Debug|x86
		{004EB657-252C-4361-A2D2-2E514130C7FC}.net_2_0_Release|Any CPU.ActiveCfg = Release|x86
		{004EB657-252C-4361-A2D2-2E514130C7FC}.net_2_0_Release|Mixed Platforms.ActiveCfg = Release|x86
		{004EB657-252C-4361-A2D2-2E514130C7FC}.net_2_0_Release|Mixed Platforms.Build.0 = Release|x86
		{004EB657-252C-4361-A2D2-2E514130C7FC}.net_2_0_Release|Win32.ActiveCfg = Release|x86
		{004EB657-252C-4361-A2D2-2E514130C7FC}.net_2_0_Release|x86.ActiveCfg = Release|x86
		{004EB657-252C-4361-A2D2-2E514130C7FC}.net_2_0_Release|x86.Build.0 = Release|x86
		{004EB657-252C-4361-A2D2-2E514130C7FC}.net_3_5_Debug|Any CPU.ActiveCfg = Debug|x86
		{004EB657-252C-4361-A2D2-2E514130C7FC}.net_3_5_Debug|Mixed Platforms.ActiveCfg = Debug|x86
		{004EB657-252C-4361-A2D2-2E514130C7FC}.net_3_5_Debug|Mixed Platforms.Build.0 = Debug|x86
		{004EB657-252C-4361-A2D2-2E514130C7FC}.net_3_5_Debug|Win32.ActiveCfg = Debug|x86
		{004EB657-252C-4361-A2D2-2E514130C7FC}.net_3_5_Debug|x86.ActiveCfg = Debug|x86
		{004EB657-252C-4361-A2D2-2E514130C7FC}.net_3_5_Debug|x86.Build.0 = Debug|x86
		{004EB657-252C-4361-A2D2-2E514130C7FC}.net_3_5_Release|Any CPU.ActiveCfg = Release|x86
		{004EB657-252C-4361-A2D2-2E514130C7FC}.net_3_5_Release|Mixed Platforms.ActiveCfg = Release|x86
		{004EB657-252C-4361-A2D2-2E514130C7FC}.net_3_5_Release|Mixed Platforms.Build.0 = Release|x86
		{004EB657-252C-4361-A2D2-2E514130C7FC}.net_3_5_Release|Win32.ActiveCfg = Release|x86
		{004EB657-252C-4361-A2D2-2E514130C7FC}.net_3_5_Release|x86.ActiveCfg = Release|x86
		{004EB657-252C-4361-A2D2-2E514130C7FC}.net_3_5_Release|x86.Build.0 = Release|x86
		{004EB657-252C-4361-A2D2-2E514130C7FC}.net_4_0_Debug|Any CPU.ActiveCfg = Debug|x86
		{004EB657-252C-4361-A2D2-2E514130C7FC}.net_4_0_Debug|Mixed Platforms.ActiveCfg = Debug|x86
		{004EB657-252C-4361-A2D2-2E514130C7FC}.net_4_0_Debug|Mixed Platforms.Build.0 = Debug|x86
		{004EB657-252C-4361-A2D2-2E514130C7FC}.net_4_0_Debug|Win32.ActiveCfg = Debug|x86
		{004EB657-252C-4361-A2D2-2E514130C7FC}.net_4_0_Debug|x86.ActiveCfg = Debug|x86
		{004EB657-252C-4361-A2D2-2E514130C7FC}.net_4_0_Debug|x86.Build.0 = Debug|x86
		{004EB657-252C-4361-A2D2-2E514130C7FC}.net_4_0_Release|Any CPU.ActiveCfg = Release|x86
		{004EB657-252C-4361-A2D2-2E514130C7FC}.net_4_0_Release|Mixed Platforms.ActiveCfg = Release|x86
		{004EB657-252C-4361-A2D2-2E514130C7FC}.net_4_0_Release|Mixed Platforms.Build.0 = Release|x86
		{004EB657-252C-4361-A2D2-2E514130C7FC}.net_4_0_Release|Win32.ActiveCfg = Release|x86
		{004EB657-252C-4361-A2D2-2E514130C7FC}.net_4_0_Release|x86.ActiveCfg = Release|x86
		{004EB657-252C-4361-A2D2-2E514130C7FC}.net_4_0_Release|x86.Build.0 = Release|x86
		{004EB657-252C-4361-A2D2-2E514130C7FC}.Release|Any CPU.ActiveCfg = Release|x86
		{004EB657-252C-4361-A2D2-2E514130C7FC}.Release|Mixed Platforms.ActiveCfg = Release|x86
		{004EB657-252C-4361-A2D2-2E514130C7FC}.Release|Mixed Platforms.Build.0 = Release|x86
		{004EB657-252C-4361-A2D2-2E514130C7FC}.Release|Win32.ActiveCfg = Release|x86
		{004EB657-252C-4361-A2D2-2E514130C7FC}.Release|x86.ActiveCfg = Release|x86
		{004EB657-252C-4361-A2D2-2E514130C7FC}.Release|x86.Build.0 = Release|x86
		{004EB657-252C-4361-A2D2-2E514130C7FC}.silverlight_Debug|Any CPU.ActiveCfg = Debug|x86
		{004EB657-252C-4361-A2D2-2E514130C7FC}.silverlight_Debug|Mixed Platforms.ActiveCfg = Debug|x86
		{004EB657-252C-4361-A2D2-2E514130C7FC}.silverlight_Debug|Mixed Platforms.Build.0 = Debug|x86
		{004EB657-252C-4361-A2D2-2E514130C7FC}.silverlight_Debug|Win32.ActiveCfg = Debug|x86
		{004EB657-252C-4361-A2D2-2E514130C7FC}.silverlight_Debug|x86.ActiveCfg = Debug|x86
		{004EB657-252C-4361-A2D2-2E514130C7FC}.silverlight_Debug|x86.Build.0 = Debug|x86
		{004EB657-252C-4361-A2D2-2E514130C7FC}.silverlight_Release|Any CPU.ActiveCfg = Release|x86
		{004EB657-252C-4361-A2D2-2E514130C7FC}.silverlight_Release|Mixed Platforms.ActiveCfg = Release|x86
		{004EB657-252C-4361-A2D2-2E514130C7FC}.silverlight_Release|Mixed Platforms.Build.0 = Release|x86
		{004EB657-252C-4361-A2D2-2E514130C7FC}.silverlight_Release|Win32.ActiveCfg = Release|x86
		{004EB657-252C-4361-A2D2-2E514130C7FC}.silverlight_Release|x86.ActiveCfg = Release|x86
		{004EB657-252C-4361-A2D2-2E514130C7FC}.silverlight_Release|x86.Build.0 = Release|x86
		{004EB657-252C-4361-A2D2-2E514130C7FC}.winphone_Debug|Any CPU.ActiveCfg = Debug|x86
		{004EB657-252C-4361-A2D2-2E514130C7FC}.winphone_Debug|Mixed Platforms.ActiveCfg = Debug|x86
		{004EB657-252C-4361-A2D2-2E514130C7FC}.winphone_Debug|Mixed Platforms.Build.0 = Debug|x86
		{004EB657-252C-4361-A2D2-2E514130C7FC}.winphone_Debug|Win32.ActiveCfg = Debug|x86
		{004EB657-252C-4361-A2D2-2E514130C7FC}.winphone_Debug|x86.ActiveCfg = Debug|x86
		{004EB657-252C-4361-A2D2-2E514130C7FC}.winphone_Debug|x86.Build.0 = Debug|x86
		{004EB657-252C-4361-A2D2-2E514130C7FC}.winphone_Release|Any CPU.ActiveCfg = Release|x86
		{004EB657-252C-4361-A2D2-2E514130C7FC}.winphone_Release|Mixed Platforms.ActiveCfg = Release|x86
		{004EB657-252C-4361-A2D2-2E514130C7FC}.winphone_Release|Mixed Platforms.Build.0 = Release|x86
		{004EB657-252C-4361-A2D2-2E514130C7FC}.winphone_Release|Win32.ActiveCfg = Release|x86
		{004EB657-252C-4361-A2D2-2E514130C7FC}.winphone_Release|x86.ActiveCfg = Release|x86
		{004EB657-252C-4361-A2D2-2E514130C7FC}.winphone_Release|x86.Build.0 = Release|x86
		{A9F35AC2-D016-444B-B7E6-FC1D55569021}.Debug|Any CPU.ActiveCfg = Debug|x86
		{A9F35AC2-D016-444B-B7E6-FC1D55569021}.Debug|Mixed Platforms.ActiveCfg = Debug|x86
		{A9F35AC2-D016-444B-B7E6-FC1D55569021}.Debug|Mixed Platforms.Build.0 = Debug|x86
		{A9F35AC2-D016-444B-B7E6-FC1D55569021}.Debug|Win32.ActiveCfg = Debug|x86
		{A9F35AC2-D016-444B-B7E6-FC1D55569021}.Debug|x86.ActiveCfg = Debug|x86
		{A9F35AC2-D016-444B-B7E6-FC1D55569021}.Debug|x86.Build.0 = Debug|x86
		{A9F35AC2-D016-444B-B7E6-FC1D55569021}.net_2_0_Debug|Any CPU.ActiveCfg = Debug|x86
		{A9F35AC2-D016-444B-B7E6-FC1D55569021}.net_2_0_Debug|Mixed Platforms.ActiveCfg = Debug|x86
		{A9F35AC2-D016-444B-B7E6-FC1D55569021}.net_2_0_Debug|Mixed Platforms.Build.0 = Debug|x86
		{A9F35AC2-D016-444B-B7E6-FC1D55569021}.net_2_0_Debug|Win32.ActiveCfg = Debug|x86
		{A9F35AC2-D016-444B-B7E6-FC1D55569021}.net_2_0_Debug|x86.ActiveCfg = Debug|x86
		{A9F35AC2-D016-444B-B7E6-FC1D55569021}.net_2_0_Debug|x86.Build.0 = Debug|x86
		{A9F35AC2-D016-444B-B7E6-FC1D55569021}.net_2_0_Release|Any CPU.ActiveCfg = Release|x86
		{A9F35AC2-D016-444B-B7E6-FC1D55569021}.net_2_0_Release|Mixed Platforms.ActiveCfg = Release|x86
		{A9F35AC2-D016-444B-B7E6-FC1D55569021}.net_2_0_Release|Mixed Platforms.Build.0 = Release|x86
		{A9F35AC2-D016-444B-B7E6-FC1D55569021}.net_2_0_Release|Win32.ActiveCfg = Release|x86
		{A9F35AC2-D016-444B-B7E6-FC1D55569021}.net_2_0_Release|x86.ActiveCfg = Release|x86
		{A9F35AC2-D016-444B-B7E6-FC1D55569021}.net_2_0_Release|x86.Build.0 = Release|x86
		{A9F35AC2-D016-444B-B7E6-FC1D55569021}.net_3_5_Debug|Any CPU.ActiveCfg = Debug|x86
		{A9F35AC2-D016-444B-B7E6-FC1D55569021}.net_3_5_Debug|Mixed Platforms.ActiveCfg = Debug|x86
		{A9F35AC2-D016-444B-B7E6-FC1D55569021}.net_3_5_Debug|Mixed Platforms.Build.0 = Debug|x86
		{A9F35AC2-D016-444B-B7E6-FC1D55569021}.net_3_5_Debug|Win32.ActiveCfg = Debug|x86
		{A9F35AC2-D016-444B-B7E6-FC1D55569021}.net_3_5_Debug|x86.ActiveCfg = Debug|x86
		{A9F35AC2-D016-444B-B7E6-FC1D55569021}.net_3_5_Debug|x86.Build.0 = Debug|x86
		{A9F35AC2-D016-444B-B7E6-FC1D55569021}.net_3_5_Release|Any CPU.ActiveCfg = Release|x86
		{A9F35AC2-D016-444B-B7E6-FC1D55569021}.net_3_5_Release|Mixed Platforms.ActiveCfg = Release|x86
		{A9F35AC2-D016-444B-B7E6-FC1D55569021}.net_3_5_Release|Mixed Platforms.Build.0 = Release|x86
		{A9F35AC2-D016-444B-B7E6-FC1D55569021}.net_3_5_Release|Win32.ActiveCfg = Release|x86
		{A9F35AC2-D016-444B-B7E6-FC1D55569021}.net_3_5_Release|x86.ActiveCfg = Release|x86
		{A9F35AC2-D016-444B-B7E6-FC1D55569021}.net_3_5_Release|x86.Build.0 = Release|x86
		{A9F35AC2-D016-444B-B7E6-FC1D55569021}.net_4_0_Debug|Any CPU.ActiveCfg = Debug|x86
		{A9F35AC2-D016-444B-B7E6-FC1D55569021}.net_4_0_Debug|Mixed Platforms.ActiveCfg = Debug|x86
		{A9F35AC2-D016-444B-B7E6-FC1D55569021}.net_4_0_Debug|Mixed Platforms.Build.0 = Debug|x86
		{A9F35AC2-D016-444B-B7E6-FC1D55569021}.net_4_0_Debug|Win32.ActiveCfg = Debug|x86
		{A9F35AC2-D016-444B-B7E6-FC1D55569021}.net_4_0_Debug|x86.ActiveCfg = Debug|x86
		{A9F35AC2-D016-444B-B7E6-FC1D55569021}.net_4_0_Debug|x86.Build.0 = Debug|x86
		{A9F35AC2-D016-444B-B7E6-FC1D55569021}.net_4_0_Release|Any CPU.ActiveCfg = Release|x86
		{A9F35AC2-D016-444B-B7E6-FC1D55569021}.net_4_0_Release|Mixed Platforms.ActiveCfg = Release|x86
		{A9F35AC2-D016-444B-B7E6-FC1D55569021}.net_4_0_Release|Mixed Platforms.Build.0 = Release|x86
		{A9F35AC2-D016-444B-B7E6-FC1D55569021}.net_4_0_Release|Win32.ActiveCfg = Release|x86
		{A9F35AC2-D016-444B-B7E6-FC1D55569021}.net_4_0_Release|x86.ActiveCfg = Release|x86
		{A9F35AC2-D016-444B-B7E6-FC1D55569021}.net_4_0_Release|x86.Build.0 = Release|x86
		{A9F35AC2-D016-444B-B7E6-FC1D55569021}.Release|Any CPU.ActiveCfg = Release|x86
		{A9F35AC2-D016-444B-B7E6-FC1D55569021}.Release|Mixed Platforms.ActiveCfg = Release|x86
		{A9F35AC2-D016-444B-B7E6-FC1D55569021}.Release|Mixed Platforms.Build.0 = Release|x86
		{A9F35AC2-D016-444B-B7E6-FC1D55569021}.Release|Win32.ActiveCfg = Release|x86
		{A9F35AC2-D016-444B-B7E6-FC1D55569021}.Release|x86.ActiveCfg = Release|x86
		{A9F35AC2-D016-444B-B7E6-FC1D55569021}.Release|x86.Build.0 = Release|x86
		{A9F35AC2-D016-444B-B7E6-FC1D55569021}.silverlight_Debug|Any CPU.ActiveCfg = Debug|x86
		{A9F35AC2-D016-444B-B7E6-FC1D55569021}.silverlight_Debug|Mixed Platforms.ActiveCfg = Debug|x86
		{A9F35AC2-D016-444B-B7E6-FC1D55569021}.silverlight_Debug|Mixed Platforms.Build.0 = Debug|x86
		{A9F35AC2-D016-444B-B7E6-FC1D55569021}.silverlight_Debug|Win32.ActiveCfg = Debug|x86
		{A9F35AC2-D016-444B-B7E6-FC1D55569021}.silverlight_Debug|x86.ActiveCfg = Debug|x86
		{A9F35AC2-D016-444B-B7E6-FC1D55569021}.silverlight_Debug|x86.Build.0 = Debug|x86
		{A9F35AC2-D016-444B-B7E6-FC1D55569021}.silverlight_Release|Any CPU.ActiveCfg = Release|x86
		{A9F35AC2-D016-444B-B7E6-FC1D55569021}.silverlight_Release|Mixed Platforms.ActiveCfg = Release|x86
		{A9F35AC2-D016-444B-B7E6-FC1D55569021}.silverlight_Release|Mixed Platforms.Build.0 = Release|x86
		{A9F35AC2-D016-444B-B7E6-FC1D55569021}.silverlight_Release|Win32.ActiveCfg = Release|x86
		{A9F35AC2-D016-444B-B7E6-FC1D55569021}.silverlight_Release|x86.ActiveCfg = Release|x86
		{A9F35AC2-D016-444B-B7E6-FC1D55569021}.silverlight_Release|x86.Build.0 = Release|x86
		{A9F35AC2-D016-444B-B7E6-FC1D55569021}.winphone_Debug|Any CPU.ActiveCfg = Debug|x86
		{A9F35AC2-D016-444B-B7E6-FC1D55569021}.winphone_Debug|Mixed Platforms.ActiveCfg = Debug|x86
		{A9F35AC2-D016-444B-B7E6-FC1D55569021}.winphone_Debug|Mixed Platforms.Build.0 = Debug|x86
		{A9F35AC2-D016-444B-B7E6-FC1D55569021}.winphone_Debug|Win32.ActiveCfg = Debug|x86
		{A9F35AC2-D016-444B-B7E6-FC1D55569021}.winphone_Debug|x86.ActiveCfg = Debug|x86
		{A9F35AC2-D016-444B-B7E6-FC1D55569021}.winphone_Debug|x86.Build.0 = Debug|x86
		{A9F35AC2-D016-444B-B7E6-FC1D55569021}.winphone_Release|Any CPU.ActiveCfg = Release|x86
		{A9F35AC2-D016-444B-B7E6-FC1D55569021}.winphone_Release|Mixed Platforms.ActiveCfg = Release|x86
		{A9F35AC2-D016-444B-B7E6-FC1D55569021}.winphone_Release|Mixed Platforms.Build.0 = Release|x86
		{A9F35AC2-D016-444B-B7E6-FC1D55569021}.winphone_Release|Win32.ActiveCfg = Release|x86
		{A9F35AC2-D016-444B-B7E6-FC1D55569021}.winphone_Release|x86.ActiveCfg = Release|x86
		{A9F35AC2-D016-444B-B7E6-FC1D55569021}.winphone_Release|x86.Build.0 = Release|x86
		{593AB87D-7B92-47CF-8201-3574CF6A6457}.Debug|Any CPU.ActiveCfg = Debug|x86
		{593AB87D-7B92-47CF-8201-3574CF6A6457}.Debug|Mixed Platforms.ActiveCfg = Debug|x86
		{593AB87D-7B92-47CF-8201-3574CF6A6457}.Debug|Mixed Platforms.Build.0 = Debug|x86
		{593AB87D-7B92-47CF-8201-3574CF6A6457}.Debug|Win32.ActiveCfg = Debug|x86
		{593AB87D-7B92-47CF-8201-3574CF6A6457}.Debug|x86.ActiveCfg = Debug|x86
		{593AB87D-7B92-47CF-8201-3574CF6A6457}.Debug|x86.Build.0 = Debug|x86
		{593AB87D-7B92-47CF-8201-3574CF6A6457}.net_2_0_Debug|Any CPU.ActiveCfg = Debug|x86
		{593AB87D-7B92-47CF-8201-3574CF6A6457}.net_2_0_Debug|Mixed Platforms.ActiveCfg = Debug|x86
		{593AB87D-7B92-47CF-8201-3574CF6A6457}.net_2_0_Debug|Mixed Platforms.Build.0 = Debug|x86
		{593AB87D-7B92-47CF-8201-3574CF6A6457}.net_2_0_Debug|Win32.ActiveCfg = Debug|x86
		{593AB87D-7B92-47CF-8201-3574CF6A6457}.net_2_0_Debug|x86.ActiveCfg = Debug|x86
		{593AB87D-7B92-47CF-8201-3574CF6A6457}.net_2_0_Debug|x86.Build.0 = Debug|x86
		{593AB87D-7B92-47CF-8201-3574CF6A6457}.net_2_0_Release|Any CPU.ActiveCfg = Release|x86
		{593AB87D-7B92-47CF-8201-3574CF6A6457}.net_2_0_Release|Mixed Platforms.ActiveCfg = Release|x86
		{593AB87D-7B92-47CF-8201-3574CF6A6457}.net_2_0_Release|Mixed Platforms.Build.0 = Release|x86
		{593AB87D-7B92-47CF-8201-3574CF6A6457}.net_2_0_Release|Win32.ActiveCfg = Release|x86
		{593AB87D-7B92-47CF-8201-3574CF6A6457}.net_2_0_Release|x86.ActiveCfg = Release|x86
		{593AB87D-7B92-47CF-8201-3574CF6A6457}.net_2_0_Release|x86.Build.0 = Release|x86
		{593AB87D-7B92-47CF-8201-3574CF6A6457}.net_3_5_Debug|Any CPU.ActiveCfg = Debug|x86
		{593AB87D-7B92-47CF-8201-3574CF6A6457}.net_3_5_Debug|Mixed Platforms.ActiveCfg = Debug|x86
		{593AB87D-7B92-47CF-8201-3574CF6A6457}.net_3_5_Debug|Mixed Platforms.Build.0 = Debug|x86
		{593AB87D-7B92-47CF-8201-3574CF6A6457}.net_3_5_Debug|Win32.ActiveCfg = Debug|x86
		{593AB87D-7B92-47CF-8201-3574CF6A6457}.net_3_5_Debug|x86.ActiveCfg = Debug|x86
		{593AB87D-7B92-47CF-8201-3574CF6A6457}.net_3_5_Debug|x86.Build.0 = Debug|x86
		{593AB87D-7B92-47CF-8201-3574CF6A6457}.net_3_5_Release|Any CPU.ActiveCfg = Release|x86
		{593AB87D-7B92-47CF-8201-3574CF6A6457}.net_3_5_Release|Mixed Platforms.ActiveCfg = Release|x86
		{593AB87D-7B92-47CF-8201-3574CF6A6457}.net_3_5_Release|Mixed Platforms.Build.0 = Release|x86
		{593AB87D-7B92-47CF-8201-3574CF6A6457}.net_3_5_Release|Win32.ActiveCfg = Release|x86
		{593AB87D-7B92-47CF-8201-3574CF6A6457}.net_3_5_Release|x86.ActiveCfg = Release|x86
		{593AB87D-7B92-47CF-8201-3574CF6A6457}.net_3_5_Release|x86.Build.0 = Release|x86
		{593AB87D-7B92-47CF-8201-3574CF6A6457}.net_4_0_Debug|Any CPU.ActiveCfg = Debug|x86
		{593AB87D-7B92-47CF-8201-3574CF6A6457}.net_4_0_Debug|Mixed Platforms.ActiveCfg = Debug|x86
		{593AB87D-7B92-47CF-8201-3574CF6A6457}.net_4_0_Debug|Mixed Platforms.Build.0 = Debug|x86
		{593AB87D-7B92-47CF-8201-3574CF6A6457}.net_4_0_Debug|Win32.ActiveCfg = Debug|x86
		{593AB87D-7B92-47CF-8201-3574CF6A6457}.net_4_0_Debug|x86.ActiveCfg = Debug|x86
		{593AB87D-7B92-47CF-8201-3574CF6A6457}.net_4_0_Debug|x86.Build.0 = Debug|x86
		{593AB87D-7B92-47CF-8201-3574CF6A6457}.net_4_0_Release|Any CPU.ActiveCfg = Release|x86
		{593AB87D-7B92-47CF-8201-3574CF6A6457}.net_4_0_Release|Mixed Platforms.ActiveCfg = Release|x86
		{593AB87D-7B92-47CF-8201-3574CF6A6457}.net_4_0_Release|Mixed Platforms.Build.0 = Release|x86
		{593AB87D-7B92-47CF-8201-3574CF6A6457}.net_4_0_Release|Win32.ActiveCfg = Release|x86
		{593AB87D-7B92-47CF-8201-3574CF6A6457}.net_4_0_Release|x86.ActiveCfg = Release|x86
		{593AB87D-7B92-47CF-8201-3574CF6A6457}.net_4_0_Release|x86.Build.0 = Release|x86
		{593AB87D-7B92-47CF-8201-3574CF6A6457}.Release|Any CPU.ActiveCfg = Release|x86
		{593AB87D-7B92-47CF-8201-3574CF6A6457}.Release|Mixed Platforms.ActiveCfg = Release|x86
		{593AB87D-7B92-47CF-8201-3574CF6A6457}.Release|Mixed Platforms.Build.0 = Release|x86
		{593AB87D-7B92-47CF-8201-3574CF6A6457}.Release|Win32.ActiveCfg = Release|x86
		{593AB87D-7B92-47CF-8201-3574CF6A6457}.Release|x86.ActiveCfg = Release|x86
		{593AB87D-7B92-47CF-8201-3574CF6A6457}.Release|x86.Build.0 = Release|x86
		{593AB87D-7B92-47CF-8201-3574CF6A6457}.silverlight_Debug|Any CPU.ActiveCfg = Debug|x86
		{593AB87D-7B92-47CF-8201-3574CF6A6457}.silverlight_Debug|Mixed Platforms.ActiveCfg = Debug|x86
		{593AB87D-7B92-47CF-8201-3574CF6A6457}.silverlight_Debug|Mixed Platforms.Build.0 = Debug|x86
		{593AB87D-7B92-47CF-8201-3574CF6A6457}.silverlight_Debug|Win32.ActiveCfg = Debug|x86
		{593AB87D-7B92-47CF-8201-3574CF6A6457}.silverlight_Debug|x86.ActiveCfg = Debug|x86
		{593AB87D-7B92-47CF-8201-3574CF6A6457}.silverlight_Debug|x86.Build.0 = Debug|x86
		{593AB87D-7B92-47CF-8201-3574CF6A6457}.silverlight_Release|Any CPU.ActiveCfg = Release|x86
		{593AB87D-7B92-47CF-8201-3574CF6A6457}.silverlight_Release|Mixed Platforms.ActiveCfg = Release|x86
		{593AB87D-7B92-47CF-8201-3574CF6A6457}.silverlight_Release|Mixed Platforms.Build.0 = Release|x86
		{593AB87D-7B92-47CF-8201-3574CF6A6457}.silverlight_Release|Win32.ActiveCfg = Release|x86
		{593AB87D-7B92-47CF-8201-3574CF6A6457}.silverlight_Release|x86.ActiveCfg = Release|x86
		{593AB87D-7B92-47CF-8201-3574CF6A6457}.silverlight_Release|x86.Build.0 = Release|x86
		{593AB87D-7B92-47CF-8201-3574CF6A6457}.winphone_Debug|Any CPU.ActiveCfg = Debug|x86
		{593AB87D-7B92-47CF-8201-3574CF6A6457}.winphone_Debug|Mixed Platforms.ActiveCfg = Debug|x86
		{593AB87D-7B92-47CF-8201-3574CF6A6457}.winphone_Debug|Mixed Platforms.Build.0 = Debug|x86
		{593AB87D-7B92-47CF-8201-3574CF6A6457}.winphone_Debug|Win32.ActiveCfg = Debug|x86
		{593AB87D-7B92-47CF-8201-3574CF6A6457}.winphone_Debug|x86.ActiveCfg = Debug|x86
		{593AB87D-7B92-47CF-8201-3574CF6A6457}.winphone_Debug|x86.Build.0 = Debug|x86
		{593AB87D-7B92-47CF-8201-3574CF6A6457}.winphone_Release|Any CPU.ActiveCfg = Release|x86
		{593AB87D-7B92-47CF-8201-3574CF6A6457}.winphone_Release|Mixed Platforms.ActiveCfg = Release|x86
		{593AB87D-7B92-47CF-8201-3574CF6A6457}.winphone_Release|Mixed Platforms.Build.0 = Release|x86
		{593AB87D-7B92-47CF-8201-3574CF6A6457}.winphone_Release|Win32.ActiveCfg = Release|x86
		{593AB87D-7B92-47CF-8201-3574CF6A6457}.winphone_Release|x86.ActiveCfg = Release|x86
		{593AB87D-7B92-47CF-8201-3574CF6A6457}.winphone_Release|x86.Build.0 = Release|x86
		{F458A89A-AEAB-4965-AA4D-393C9F7411D0}.Debug|Any CPU.ActiveCfg = Debug|x86
		{F458A89A-AEAB-4965-AA4D-393C9F7411D0}.Debug|Mixed Platforms.ActiveCfg = Debug|x86
		{F458A89A-AEAB-4965-AA4D-393C9F7411D0}.Debug|Mixed Platforms.Build.0 = Debug|x86
		{F458A89A-AEAB-4965-AA4D-393C9F7411D0}.Debug|Win32.ActiveCfg = Debug|x86
		{F458A89A-AEAB-4965-AA4D-393C9F7411D0}.Debug|x86.ActiveCfg = Debug|x86
		{F458A89A-AEAB-4965-AA4D-393C9F7411D0}.Debug|x86.Build.0 = Debug|x86
		{F458A89A-AEAB-4965-AA4D-393C9F7411D0}.net_2_0_Debug|Any CPU.ActiveCfg = Debug|x86
		{F458A89A-AEAB-4965-AA4D-393C9F7411D0}.net_2_0_Debug|Mixed Platforms.ActiveCfg = Debug|x86
		{F458A89A-AEAB-4965-AA4D-393C9F7411D0}.net_2_0_Debug|Mixed Platforms.Build.0 = Debug|x86
		{F458A89A-AEAB-4965-AA4D-393C9F7411D0}.net_2_0_Debug|Win32.ActiveCfg = Debug|x86
		{F458A89A-AEAB-4965-AA4D-393C9F7411D0}.net_2_0_Debug|x86.ActiveCfg = Debug|x86
		{F458A89A-AEAB-4965-AA4D-393C9F7411D0}.net_2_0_Debug|x86.Build.0 = Debug|x86
		{F458A89A-AEAB-4965-AA4D-393C9F7411D0}.net_2_0_Release|Any CPU.ActiveCfg = Release|x86
		{F458A89A-AEAB-4965-AA4D-393C9F7411D0}.net_2_0_Release|Mixed Platforms.ActiveCfg = Release|x86
		{F458A89A-AEAB-4965-AA4D-393C9F7411D0}.net_2_0_Release|Mixed Platforms.Build.0 = Release|x86
		{F458A89A-AEAB-4965-AA4D-393C9F7411D0}.net_2_0_Release|Win32.ActiveCfg = Release|x86
		{F458A89A-AEAB-4965-AA4D-393C9F7411D0}.net_2_0_Release|x86.ActiveCfg = Release|x86
		{F458A89A-AEAB-4965-AA4D-393C9F7411D0}.net_2_0_Release|x86.Build.0 = Release|x86
		{F458A89A-AEAB-4965-AA4D-393C9F7411D0}.net_3_5_Debug|Any CPU.ActiveCfg = Debug|x86
		{F458A89A-AEAB-4965-AA4D-393C9F7411D0}.net_3_5_Debug|Mixed Platforms.ActiveCfg = Debug|x86
		{F458A89A-AEAB-4965-AA4D-393C9F7411D0}.net_3_5_Debug|Mixed Platforms.Build.0 = Debug|x86
		{F458A89A-AEAB-4965-AA4D-393C9F7411D0}.net_3_5_Debug|Win32.ActiveCfg = Debug|x86
		{F458A89A-AEAB-4965-AA4D-393C9F7411D0}.net_3_5_Debug|x86.ActiveCfg = Debug|x86
		{F458A89A-AEAB-4965-AA4D-393C9F7411D0}.net_3_5_Debug|x86.Build.0 = Debug|x86
		{F458A89A-AEAB-4965-AA4D-393C9F7411D0}.net_3_5_Release|Any CPU.ActiveCfg = Release|x86
		{F458A89A-AEAB-4965-AA4D-393C9F7411D0}.net_3_5_Release|Mixed Platforms.ActiveCfg = Release|x86
		{F458A89A-AEAB-4965-AA4D-393C9F7411D0}.net_3_5_Release|Mixed Platforms.Build.0 = Release|x86
		{F458A89A-AEAB-4965-AA4D-393C9F7411D0}.net_3_5_Release|Win32.ActiveCfg = Release|x86
		{F458A89A-AEAB-4965-AA4D-393C9F7411D0}.net_3_5_Release|x86.ActiveCfg = Release|x86
		{F458A89A-AEAB-4965-AA4D-393C9F7411D0}.net_3_5_Release|x86.Build.0 = Release|x86
		{F458A89A-AEAB-4965-AA4D-393C9F7411D0}.net_4_0_Debug|Any CPU.ActiveCfg = Debug|x86
		{F458A89A-AEAB-4965-AA4D-393C9F7411D0}.net_4_0_Debug|Mixed Platforms.ActiveCfg = Debug|x86
		{F458A89A-AEAB-4965-AA4D-393C9F7411D0}.net_4_0_Debug|Mixed Platforms.Build.0 = Debug|x86
		{F458A89A-AEAB-4965-AA4D-393C9F7411D0}.net_4_0_Debug|Win32.ActiveCfg = Debug|x86
		{F458A89A-AEAB-4965-AA4D-393C9F7411D0}.net_4_0_Debug|x86.ActiveCfg = Debug|x86
		{F458A89A-AEAB-4965-AA4D-393C9F7411D0}.net_4_0_Debug|x86.Build.0 = Debug|x86
		{F458A89A-AEAB-4965-AA4D-393C9F7411D0}.net_4_0_Release|Any CPU.ActiveCfg = Release|x86
		{F458A89A-AEAB-4965-AA4D-393C9F7411D0}.net_4_0_Release|Mixed Platforms.ActiveCfg = Release|x86
		{F458A89A-AEAB-4965-AA4D-393C9F7411D0}.net_4_0_Release|Mixed Platforms.Build.0 = Release|x86
		{F458A89A-AEAB-4965-AA4D-393C9F7411D0}.net_4_0_Release|Win32.ActiveCfg = Release|x86
		{F458A89A-AEAB-4965-AA4D-393C9F7411D0}.net_4_0_Release|x86.ActiveCfg = Release|x86
		{F458A89A-AEAB-4965-AA4D-393C9F7411D0}.net_4_0_Release|x86.Build.0 = Release|x86
		{F458A89A-AEAB-4965-AA4D-393C9F7411D0}.Release|Any CPU.ActiveCfg = Release|x86
		{F458A89A-AEAB-4965-AA4D-393C9F7411D0}.Release|Mixed Platforms.ActiveCfg = Release|x86
		{F458A89A-AEAB-4965-AA4D-393C9F7411D0}.Release|Mixed Platforms.Build.0 = Release|x86
		{F458A89A-AEAB-4965-AA4D-393C9F7411D0}.Release|Win32.ActiveCfg = Release|x86
		{F458A89A-AEAB-4965-AA4D-393C9F7411D0}.Release|x86.ActiveCfg = Release|x86
		{F458A89A-AEAB-4965-AA4D-393C9F7411D0}.Release|x86.Build.0 = Release|x86
		{F458A89A-AEAB-4965-AA4D-393C9F7411D0}.silverlight_Debug|Any CPU.ActiveCfg = Debug|x86
		{F458A89A-AEAB-4965-AA4D-393C9F7411D0}.silverlight_Debug|Mixed Platforms.ActiveCfg = Debug|x86
		{F458A89A-AEAB-4965-AA4D-393C9F7411D0}.silverlight_Debug|Mixed Platforms.Build.0 = Debug|x86
		{F458A89A-AEAB-4965-AA4D-393C9F7411D0}.silverlight_Debug|Win32.ActiveCfg = Debug|x86
		{F458A89A-AEAB-4965-AA4D-393C9F7411D0}.silverlight_Debug|x86.ActiveCfg = Debug|x86
		{F458A89A-AEAB-4965-AA4D-393C9F7411D0}.silverlight_Debug|x86.Build.0 = Debug|x86
		{F458A89A-AEAB-4965-AA4D-393C9F7411D0}.silverlight_Release|Any CPU.ActiveCfg = Release|x86
		{F458A89A-AEAB-4965-AA4D-393C9F7411D0}.silverlight_Release|Mixed Platforms.ActiveCfg = Release|x86
		{F458A89A-AEAB-4965-AA4D-393C9F7411D0}.silverlight_Release|Mixed Platforms.Build.0 = Release|x86
		{F458A89A-AEAB-4965-AA4D-393C9F7411D0}.silverlight_Release|Win32.ActiveCfg = Release|x86
		{F458A89A-AEAB-4965-AA4D-393C9F7411D0}.silverlight_Release|x86.ActiveCfg = Release|x86
		{F458A89A-AEAB-4965-AA4D-393C9F7411D0}.silverlight_Release|x86.Build.0 = Release|x86
		{F458A89A-AEAB-4965-AA4D-393C9F7411D0}.winphone_Debug|Any CPU.ActiveCfg = Debug|x86
		{F458A89A-AEAB-4965-AA4D-393C9F7411D0}.winphone_Debug|Mixed Platforms.ActiveCfg = Debug|x86
		{F458A89A-AEAB-4965-AA4D-393C9F7411D0}.winphone_Debug|Mixed Platforms.Build.0 = Debug|x86
		{F458A89A-AEAB-4965-AA4D-393C9F7411D0}.winphone_Debug|Win32.ActiveCfg = Debug|x86
		{F458A89A-AEAB-4965-AA4D-393C9F7411D0}.winphone_Debug|x86.ActiveCfg = Debug|x86
		{F458A89A-AEAB-4965-AA4D-393C9F7411D0}.winphone_Debug|x86.Build.0 = Debug|x86
		{F458A89A-AEAB-4965-AA4D-393C9F7411D0}.winphone_Release|Any CPU.ActiveCfg = Release|x86
		{F458A89A-AEAB-4965-AA4D-393C9F7411D0}.winphone_Release|Mixed Platforms.ActiveCfg = Release|x86
		{F458A89A-AEAB-4965-AA4D-393C9F7411D0}.winphone_Release|Mixed Platforms.Build.0 = Release|x86
		{F458A89A-AEAB-4965-AA4D-393C9F7411D0}.winphone_Release|Win32.ActiveCfg = Release|x86
		{F458A89A-AEAB-4965-AA4D-393C9F7411D0}.winphone_Release|x86.ActiveCfg = Release|x86
		{F458A89A-AEAB-4965-AA4D-393C9F7411D0}.winphone_Release|x86.Build.0 = Release|x86
		{045B96F2-AF80-4C4C-8D27-E38635AC705E}.Debug|Any CPU.ActiveCfg = Debug|Any CPU
		{045B96F2-AF80-4C4C-8D27-E38635AC705E}.Debug|Any CPU.Build.0 = Debug|Any CPU
		{045B96F2-AF80-4C4C-8D27-E38635AC705E}.Debug|Mixed Platforms.ActiveCfg = Debug|Any CPU
		{045B96F2-AF80-4C4C-8D27-E38635AC705E}.Debug|Mixed Platforms.Build.0 = Debug|Any CPU
		{045B96F2-AF80-4C4C-8D27-E38635AC705E}.Debug|Win32.ActiveCfg = Debug|Any CPU
		{045B96F2-AF80-4C4C-8D27-E38635AC705E}.Debug|x86.ActiveCfg = Debug|Any CPU
		{045B96F2-AF80-4C4C-8D27-E38635AC705E}.net_2_0_Debug|Any CPU.ActiveCfg = Debug|Any CPU
		{045B96F2-AF80-4C4C-8D27-E38635AC705E}.net_2_0_Debug|Any CPU.Build.0 = Debug|Any CPU
		{045B96F2-AF80-4C4C-8D27-E38635AC705E}.net_2_0_Debug|Mixed Platforms.ActiveCfg = Debug|Any CPU
		{045B96F2-AF80-4C4C-8D27-E38635AC705E}.net_2_0_Debug|Mixed Platforms.Build.0 = Debug|Any CPU
		{045B96F2-AF80-4C4C-8D27-E38635AC705E}.net_2_0_Debug|Win32.ActiveCfg = Debug|Any CPU
		{045B96F2-AF80-4C4C-8D27-E38635AC705E}.net_2_0_Debug|x86.ActiveCfg = Debug|Any CPU
		{045B96F2-AF80-4C4C-8D27-E38635AC705E}.net_2_0_Release|Any CPU.ActiveCfg = Release|Any CPU
		{045B96F2-AF80-4C4C-8D27-E38635AC705E}.net_2_0_Release|Any CPU.Build.0 = Release|Any CPU
		{045B96F2-AF80-4C4C-8D27-E38635AC705E}.net_2_0_Release|Mixed Platforms.ActiveCfg = Release|Any CPU
		{045B96F2-AF80-4C4C-8D27-E38635AC705E}.net_2_0_Release|Mixed Platforms.Build.0 = Release|Any CPU
		{045B96F2-AF80-4C4C-8D27-E38635AC705E}.net_2_0_Release|Win32.ActiveCfg = Release|Any CPU
		{045B96F2-AF80-4C4C-8D27-E38635AC705E}.net_2_0_Release|x86.ActiveCfg = Release|Any CPU
		{045B96F2-AF80-4C4C-8D27-E38635AC705E}.net_3_5_Debug|Any CPU.ActiveCfg = Debug|Any CPU
		{045B96F2-AF80-4C4C-8D27-E38635AC705E}.net_3_5_Debug|Any CPU.Build.0 = Debug|Any CPU
		{045B96F2-AF80-4C4C-8D27-E38635AC705E}.net_3_5_Debug|Mixed Platforms.ActiveCfg = Debug|Any CPU
		{045B96F2-AF80-4C4C-8D27-E38635AC705E}.net_3_5_Debug|Mixed Platforms.Build.0 = Debug|Any CPU
		{045B96F2-AF80-4C4C-8D27-E38635AC705E}.net_3_5_Debug|Win32.ActiveCfg = Debug|Any CPU
		{045B96F2-AF80-4C4C-8D27-E38635AC705E}.net_3_5_Debug|x86.ActiveCfg = Debug|Any CPU
		{045B96F2-AF80-4C4C-8D27-E38635AC705E}.net_3_5_Release|Any CPU.ActiveCfg = Release|Any CPU
		{045B96F2-AF80-4C4C-8D27-E38635AC705E}.net_3_5_Release|Any CPU.Build.0 = Release|Any CPU
		{045B96F2-AF80-4C4C-8D27-E38635AC705E}.net_3_5_Release|Mixed Platforms.ActiveCfg = Release|Any CPU
		{045B96F2-AF80-4C4C-8D27-E38635AC705E}.net_3_5_Release|Mixed Platforms.Build.0 = Release|Any CPU
		{045B96F2-AF80-4C4C-8D27-E38635AC705E}.net_3_5_Release|Win32.ActiveCfg = Release|Any CPU
		{045B96F2-AF80-4C4C-8D27-E38635AC705E}.net_3_5_Release|x86.ActiveCfg = Release|Any CPU
		{045B96F2-AF80-4C4C-8D27-E38635AC705E}.net_4_0_Debug|Any CPU.ActiveCfg = Debug|Any CPU
		{045B96F2-AF80-4C4C-8D27-E38635AC705E}.net_4_0_Debug|Any CPU.Build.0 = Debug|Any CPU
		{045B96F2-AF80-4C4C-8D27-E38635AC705E}.net_4_0_Debug|Mixed Platforms.ActiveCfg = Debug|Any CPU
		{045B96F2-AF80-4C4C-8D27-E38635AC705E}.net_4_0_Debug|Mixed Platforms.Build.0 = Debug|Any CPU
		{045B96F2-AF80-4C4C-8D27-E38635AC705E}.net_4_0_Debug|Win32.ActiveCfg = Debug|Any CPU
		{045B96F2-AF80-4C4C-8D27-E38635AC705E}.net_4_0_Debug|x86.ActiveCfg = Debug|Any CPU
		{045B96F2-AF80-4C4C-8D27-E38635AC705E}.net_4_0_Release|Any CPU.ActiveCfg = Release|Any CPU
		{045B96F2-AF80-4C4C-8D27-E38635AC705E}.net_4_0_Release|Any CPU.Build.0 = Release|Any CPU
		{045B96F2-AF80-4C4C-8D27-E38635AC705E}.net_4_0_Release|Mixed Platforms.ActiveCfg = Release|Any CPU
		{045B96F2-AF80-4C4C-8D27-E38635AC705E}.net_4_0_Release|Mixed Platforms.Build.0 = Release|Any CPU
		{045B96F2-AF80-4C4C-8D27-E38635AC705E}.net_4_0_Release|Win32.ActiveCfg = Release|Any CPU
		{045B96F2-AF80-4C4C-8D27-E38635AC705E}.net_4_0_Release|x86.ActiveCfg = Release|Any CPU
		{045B96F2-AF80-4C4C-8D27-E38635AC705E}.Release|Any CPU.ActiveCfg = Release|Any CPU
		{045B96F2-AF80-4C4C-8D27-E38635AC705E}.Release|Any CPU.Build.0 = Release|Any CPU
		{045B96F2-AF80-4C4C-8D27-E38635AC705E}.Release|Mixed Platforms.ActiveCfg = Release|Any CPU
		{045B96F2-AF80-4C4C-8D27-E38635AC705E}.Release|Mixed Platforms.Build.0 = Release|Any CPU
		{045B96F2-AF80-4C4C-8D27-E38635AC705E}.Release|Win32.ActiveCfg = Release|Any CPU
		{045B96F2-AF80-4C4C-8D27-E38635AC705E}.Release|x86.ActiveCfg = Release|Any CPU
		{045B96F2-AF80-4C4C-8D27-E38635AC705E}.silverlight_Debug|Any CPU.ActiveCfg = Debug|Any CPU
		{045B96F2-AF80-4C4C-8D27-E38635AC705E}.silverlight_Debug|Any CPU.Build.0 = Debug|Any CPU
		{045B96F2-AF80-4C4C-8D27-E38635AC705E}.silverlight_Debug|Mixed Platforms.ActiveCfg = Debug|Any CPU
		{045B96F2-AF80-4C4C-8D27-E38635AC705E}.silverlight_Debug|Mixed Platforms.Build.0 = Debug|Any CPU
		{045B96F2-AF80-4C4C-8D27-E38635AC705E}.silverlight_Debug|Win32.ActiveCfg = Debug|Any CPU
		{045B96F2-AF80-4C4C-8D27-E38635AC705E}.silverlight_Debug|x86.ActiveCfg = Debug|Any CPU
		{045B96F2-AF80-4C4C-8D27-E38635AC705E}.silverlight_Release|Any CPU.ActiveCfg = Release|Any CPU
		{045B96F2-AF80-4C4C-8D27-E38635AC705E}.silverlight_Release|Any CPU.Build.0 = Release|Any CPU
		{045B96F2-AF80-4C4C-8D27-E38635AC705E}.silverlight_Release|Mixed Platforms.ActiveCfg = Release|Any CPU
		{045B96F2-AF80-4C4C-8D27-E38635AC705E}.silverlight_Release|Mixed Platforms.Build.0 = Release|Any CPU
		{045B96F2-AF80-4C4C-8D27-E38635AC705E}.silverlight_Release|Win32.ActiveCfg = Release|Any CPU
		{045B96F2-AF80-4C4C-8D27-E38635AC705E}.silverlight_Release|x86.ActiveCfg = Release|Any CPU
		{045B96F2-AF80-4C4C-8D27-E38635AC705E}.winphone_Debug|Any CPU.ActiveCfg = Debug|Any CPU
		{045B96F2-AF80-4C4C-8D27-E38635AC705E}.winphone_Debug|Any CPU.Build.0 = Debug|Any CPU
		{045B96F2-AF80-4C4C-8D27-E38635AC705E}.winphone_Debug|Mixed Platforms.ActiveCfg = Debug|Any CPU
		{045B96F2-AF80-4C4C-8D27-E38635AC705E}.winphone_Debug|Mixed Platforms.Build.0 = Debug|Any CPU
		{045B96F2-AF80-4C4C-8D27-E38635AC705E}.winphone_Debug|Win32.ActiveCfg = Debug|Any CPU
		{045B96F2-AF80-4C4C-8D27-E38635AC705E}.winphone_Debug|x86.ActiveCfg = Debug|Any CPU
		{045B96F2-AF80-4C4C-8D27-E38635AC705E}.winphone_Release|Any CPU.ActiveCfg = Release|Any CPU
		{045B96F2-AF80-4C4C-8D27-E38635AC705E}.winphone_Release|Any CPU.Build.0 = Release|Any CPU
		{045B96F2-AF80-4C4C-8D27-E38635AC705E}.winphone_Release|Mixed Platforms.ActiveCfg = Release|Any CPU
		{045B96F2-AF80-4C4C-8D27-E38635AC705E}.winphone_Release|Mixed Platforms.Build.0 = Release|Any CPU
		{045B96F2-AF80-4C4C-8D27-E38635AC705E}.winphone_Release|Win32.ActiveCfg = Release|Any CPU
		{045B96F2-AF80-4C4C-8D27-E38635AC705E}.winphone_Release|x86.ActiveCfg = Release|Any CPU
		{879E4A7E-C320-42D2-8275-4F1E44CE64AA}.Debug|Any CPU.ActiveCfg = Debug|Any CPU
		{879E4A7E-C320-42D2-8275-4F1E44CE64AA}.Debug|Any CPU.Build.0 = Debug|Any CPU
		{879E4A7E-C320-42D2-8275-4F1E44CE64AA}.Debug|Mixed Platforms.ActiveCfg = Debug|Any CPU
		{879E4A7E-C320-42D2-8275-4F1E44CE64AA}.Debug|Mixed Platforms.Build.0 = Debug|Any CPU
		{879E4A7E-C320-42D2-8275-4F1E44CE64AA}.Debug|Win32.ActiveCfg = Debug|Any CPU
		{879E4A7E-C320-42D2-8275-4F1E44CE64AA}.Debug|x86.ActiveCfg = Debug|Any CPU
		{879E4A7E-C320-42D2-8275-4F1E44CE64AA}.net_2_0_Debug|Any CPU.ActiveCfg = Debug|Any CPU
		{879E4A7E-C320-42D2-8275-4F1E44CE64AA}.net_2_0_Debug|Any CPU.Build.0 = Debug|Any CPU
		{879E4A7E-C320-42D2-8275-4F1E44CE64AA}.net_2_0_Debug|Mixed Platforms.ActiveCfg = Debug|Any CPU
		{879E4A7E-C320-42D2-8275-4F1E44CE64AA}.net_2_0_Debug|Mixed Platforms.Build.0 = Debug|Any CPU
		{879E4A7E-C320-42D2-8275-4F1E44CE64AA}.net_2_0_Debug|Win32.ActiveCfg = Debug|Any CPU
		{879E4A7E-C320-42D2-8275-4F1E44CE64AA}.net_2_0_Debug|x86.ActiveCfg = Debug|Any CPU
		{879E4A7E-C320-42D2-8275-4F1E44CE64AA}.net_2_0_Release|Any CPU.ActiveCfg = Release|Any CPU
		{879E4A7E-C320-42D2-8275-4F1E44CE64AA}.net_2_0_Release|Any CPU.Build.0 = Release|Any CPU
		{879E4A7E-C320-42D2-8275-4F1E44CE64AA}.net_2_0_Release|Mixed Platforms.ActiveCfg = Release|Any CPU
		{879E4A7E-C320-42D2-8275-4F1E44CE64AA}.net_2_0_Release|Mixed Platforms.Build.0 = Release|Any CPU
		{879E4A7E-C320-42D2-8275-4F1E44CE64AA}.net_2_0_Release|Win32.ActiveCfg = Release|Any CPU
		{879E4A7E-C320-42D2-8275-4F1E44CE64AA}.net_2_0_Release|x86.ActiveCfg = Release|Any CPU
		{879E4A7E-C320-42D2-8275-4F1E44CE64AA}.net_3_5_Debug|Any CPU.ActiveCfg = Debug|Any CPU
		{879E4A7E-C320-42D2-8275-4F1E44CE64AA}.net_3_5_Debug|Any CPU.Build.0 = Debug|Any CPU
		{879E4A7E-C320-42D2-8275-4F1E44CE64AA}.net_3_5_Debug|Mixed Platforms.ActiveCfg = Debug|Any CPU
		{879E4A7E-C320-42D2-8275-4F1E44CE64AA}.net_3_5_Debug|Mixed Platforms.Build.0 = Debug|Any CPU
		{879E4A7E-C320-42D2-8275-4F1E44CE64AA}.net_3_5_Debug|Win32.ActiveCfg = Debug|Any CPU
		{879E4A7E-C320-42D2-8275-4F1E44CE64AA}.net_3_5_Debug|x86.ActiveCfg = Debug|Any CPU
		{879E4A7E-C320-42D2-8275-4F1E44CE64AA}.net_3_5_Release|Any CPU.ActiveCfg = Release|Any CPU
		{879E4A7E-C320-42D2-8275-4F1E44CE64AA}.net_3_5_Release|Any CPU.Build.0 = Release|Any CPU
		{879E4A7E-C320-42D2-8275-4F1E44CE64AA}.net_3_5_Release|Mixed Platforms.ActiveCfg = Release|Any CPU
		{879E4A7E-C320-42D2-8275-4F1E44CE64AA}.net_3_5_Release|Mixed Platforms.Build.0 = Release|Any CPU
		{879E4A7E-C320-42D2-8275-4F1E44CE64AA}.net_3_5_Release|Win32.ActiveCfg = Release|Any CPU
		{879E4A7E-C320-42D2-8275-4F1E44CE64AA}.net_3_5_Release|x86.ActiveCfg = Release|Any CPU
		{879E4A7E-C320-42D2-8275-4F1E44CE64AA}.net_4_0_Debug|Any CPU.ActiveCfg = Debug|Any CPU
		{879E4A7E-C320-42D2-8275-4F1E44CE64AA}.net_4_0_Debug|Any CPU.Build.0 = Debug|Any CPU
		{879E4A7E-C320-42D2-8275-4F1E44CE64AA}.net_4_0_Debug|Mixed Platforms.ActiveCfg = Debug|Any CPU
		{879E4A7E-C320-42D2-8275-4F1E44CE64AA}.net_4_0_Debug|Mixed Platforms.Build.0 = Debug|Any CPU
		{879E4A7E-C320-42D2-8275-4F1E44CE64AA}.net_4_0_Debug|Win32.ActiveCfg = Debug|Any CPU
		{879E4A7E-C320-42D2-8275-4F1E44CE64AA}.net_4_0_Debug|x86.ActiveCfg = Debug|Any CPU
		{879E4A7E-C320-42D2-8275-4F1E44CE64AA}.net_4_0_Release|Any CPU.ActiveCfg = Release|Any CPU
		{879E4A7E-C320-42D2-8275-4F1E44CE64AA}.net_4_0_Release|Any CPU.Build.0 = Release|Any CPU
		{879E4A7E-C320-42D2-8275-4F1E44CE64AA}.net_4_0_Release|Mixed Platforms.ActiveCfg = Release|Any CPU
		{879E4A7E-C320-42D2-8275-4F1E44CE64AA}.net_4_0_Release|Mixed Platforms.Build.0 = Release|Any CPU
		{879E4A7E-C320-42D2-8275-4F1E44CE64AA}.net_4_0_Release|Win32.ActiveCfg = Release|Any CPU
		{879E4A7E-C320-42D2-8275-4F1E44CE64AA}.net_4_0_Release|x86.ActiveCfg = Release|Any CPU
		{879E4A7E-C320-42D2-8275-4F1E44CE64AA}.Release|Any CPU.ActiveCfg = Release|Any CPU
		{879E4A7E-C320-42D2-8275-4F1E44CE64AA}.Release|Any CPU.Build.0 = Release|Any CPU
		{879E4A7E-C320-42D2-8275-4F1E44CE64AA}.Release|Mixed Platforms.ActiveCfg = Release|Any CPU
		{879E4A7E-C320-42D2-8275-4F1E44CE64AA}.Release|Mixed Platforms.Build.0 = Release|Any CPU
		{879E4A7E-C320-42D2-8275-4F1E44CE64AA}.Release|Win32.ActiveCfg = Release|Any CPU
		{879E4A7E-C320-42D2-8275-4F1E44CE64AA}.Release|x86.ActiveCfg = Release|Any CPU
		{879E4A7E-C320-42D2-8275-4F1E44CE64AA}.silverlight_Debug|Any CPU.ActiveCfg = Debug|Any CPU
		{879E4A7E-C320-42D2-8275-4F1E44CE64AA}.silverlight_Debug|Any CPU.Build.0 = Debug|Any CPU
		{879E4A7E-C320-42D2-8275-4F1E44CE64AA}.silverlight_Debug|Mixed Platforms.ActiveCfg = Debug|Any CPU
		{879E4A7E-C320-42D2-8275-4F1E44CE64AA}.silverlight_Debug|Mixed Platforms.Build.0 = Debug|Any CPU
		{879E4A7E-C320-42D2-8275-4F1E44CE64AA}.silverlight_Debug|Win32.ActiveCfg = Debug|Any CPU
		{879E4A7E-C320-42D2-8275-4F1E44CE64AA}.silverlight_Debug|x86.ActiveCfg = Debug|Any CPU
		{879E4A7E-C320-42D2-8275-4F1E44CE64AA}.silverlight_Release|Any CPU.ActiveCfg = Release|Any CPU
		{879E4A7E-C320-42D2-8275-4F1E44CE64AA}.silverlight_Release|Any CPU.Build.0 = Release|Any CPU
		{879E4A7E-C320-42D2-8275-4F1E44CE64AA}.silverlight_Release|Mixed Platforms.ActiveCfg = Release|Any CPU
		{879E4A7E-C320-42D2-8275-4F1E44CE64AA}.silverlight_Release|Mixed Platforms.Build.0 = Release|Any CPU
		{879E4A7E-C320-42D2-8275-4F1E44CE64AA}.silverlight_Release|Win32.ActiveCfg = Release|Any CPU
		{879E4A7E-C320-42D2-8275-4F1E44CE64AA}.silverlight_Release|x86.ActiveCfg = Release|Any CPU
		{879E4A7E-C320-42D2-8275-4F1E44CE64AA}.winphone_Debug|Any CPU.ActiveCfg = Debug|Any CPU
		{879E4A7E-C320-42D2-8275-4F1E44CE64AA}.winphone_Debug|Any CPU.Build.0 = Debug|Any CPU
		{879E4A7E-C320-42D2-8275-4F1E44CE64AA}.winphone_Debug|Mixed Platforms.ActiveCfg = Debug|Any CPU
		{879E4A7E-C320-42D2-8275-4F1E44CE64AA}.winphone_Debug|Mixed Platforms.Build.0 = Debug|Any CPU
		{879E4A7E-C320-42D2-8275-4F1E44CE64AA}.winphone_Debug|Win32.ActiveCfg = Debug|Any CPU
		{879E4A7E-C320-42D2-8275-4F1E44CE64AA}.winphone_Debug|x86.ActiveCfg = Debug|Any CPU
		{879E4A7E-C320-42D2-8275-4F1E44CE64AA}.winphone_Release|Any CPU.ActiveCfg = Release|Any CPU
		{879E4A7E-C320-42D2-8275-4F1E44CE64AA}.winphone_Release|Any CPU.Build.0 = Release|Any CPU
		{879E4A7E-C320-42D2-8275-4F1E44CE64AA}.winphone_Release|Mixed Platforms.ActiveCfg = Release|Any CPU
		{879E4A7E-C320-42D2-8275-4F1E44CE64AA}.winphone_Release|Mixed Platforms.Build.0 = Release|Any CPU
		{879E4A7E-C320-42D2-8275-4F1E44CE64AA}.winphone_Release|Win32.ActiveCfg = Release|Any CPU
		{879E4A7E-C320-42D2-8275-4F1E44CE64AA}.winphone_Release|x86.ActiveCfg = Release|Any CPU
		{5C93C5E2-196F-4877-BF65-96FEBFCEFCA1}.Debug|Any CPU.ActiveCfg = Debug|Any CPU
		{5C93C5E2-196F-4877-BF65-96FEBFCEFCA1}.Debug|Any CPU.Build.0 = Debug|Any CPU
		{5C93C5E2-196F-4877-BF65-96FEBFCEFCA1}.Debug|Mixed Platforms.ActiveCfg = Debug|Any CPU
		{5C93C5E2-196F-4877-BF65-96FEBFCEFCA1}.Debug|Mixed Platforms.Build.0 = Debug|Any CPU
		{5C93C5E2-196F-4877-BF65-96FEBFCEFCA1}.Debug|Win32.ActiveCfg = Debug|Any CPU
		{5C93C5E2-196F-4877-BF65-96FEBFCEFCA1}.Debug|x86.ActiveCfg = Debug|Any CPU
		{5C93C5E2-196F-4877-BF65-96FEBFCEFCA1}.net_2_0_Debug|Any CPU.ActiveCfg = Debug|Any CPU
		{5C93C5E2-196F-4877-BF65-96FEBFCEFCA1}.net_2_0_Debug|Any CPU.Build.0 = Debug|Any CPU
		{5C93C5E2-196F-4877-BF65-96FEBFCEFCA1}.net_2_0_Debug|Mixed Platforms.ActiveCfg = Debug|Any CPU
		{5C93C5E2-196F-4877-BF65-96FEBFCEFCA1}.net_2_0_Debug|Mixed Platforms.Build.0 = Debug|Any CPU
		{5C93C5E2-196F-4877-BF65-96FEBFCEFCA1}.net_2_0_Debug|Win32.ActiveCfg = Debug|Any CPU
		{5C93C5E2-196F-4877-BF65-96FEBFCEFCA1}.net_2_0_Debug|x86.ActiveCfg = Debug|Any CPU
		{5C93C5E2-196F-4877-BF65-96FEBFCEFCA1}.net_2_0_Release|Any CPU.ActiveCfg = Release|Any CPU
		{5C93C5E2-196F-4877-BF65-96FEBFCEFCA1}.net_2_0_Release|Any CPU.Build.0 = Release|Any CPU
		{5C93C5E2-196F-4877-BF65-96FEBFCEFCA1}.net_2_0_Release|Mixed Platforms.ActiveCfg = Release|Any CPU
		{5C93C5E2-196F-4877-BF65-96FEBFCEFCA1}.net_2_0_Release|Mixed Platforms.Build.0 = Release|Any CPU
		{5C93C5E2-196F-4877-BF65-96FEBFCEFCA1}.net_2_0_Release|Win32.ActiveCfg = Release|Any CPU
		{5C93C5E2-196F-4877-BF65-96FEBFCEFCA1}.net_2_0_Release|x86.ActiveCfg = Release|Any CPU
		{5C93C5E2-196F-4877-BF65-96FEBFCEFCA1}.net_3_5_Debug|Any CPU.ActiveCfg = Debug|Any CPU
		{5C93C5E2-196F-4877-BF65-96FEBFCEFCA1}.net_3_5_Debug|Any CPU.Build.0 = Debug|Any CPU
		{5C93C5E2-196F-4877-BF65-96FEBFCEFCA1}.net_3_5_Debug|Mixed Platforms.ActiveCfg = Debug|Any CPU
		{5C93C5E2-196F-4877-BF65-96FEBFCEFCA1}.net_3_5_Debug|Mixed Platforms.Build.0 = Debug|Any CPU
		{5C93C5E2-196F-4877-BF65-96FEBFCEFCA1}.net_3_5_Debug|Win32.ActiveCfg = Debug|Any CPU
		{5C93C5E2-196F-4877-BF65-96FEBFCEFCA1}.net_3_5_Debug|x86.ActiveCfg = Debug|Any CPU
		{5C93C5E2-196F-4877-BF65-96FEBFCEFCA1}.net_3_5_Release|Any CPU.ActiveCfg = Release|Any CPU
		{5C93C5E2-196F-4877-BF65-96FEBFCEFCA1}.net_3_5_Release|Any CPU.Build.0 = Release|Any CPU
		{5C93C5E2-196F-4877-BF65-96FEBFCEFCA1}.net_3_5_Release|Mixed Platforms.ActiveCfg = Release|Any CPU
		{5C93C5E2-196F-4877-BF65-96FEBFCEFCA1}.net_3_5_Release|Mixed Platforms.Build.0 = Release|Any CPU
		{5C93C5E2-196F-4877-BF65-96FEBFCEFCA1}.net_3_5_Release|Win32.ActiveCfg = Release|Any CPU
		{5C93C5E2-196F-4877-BF65-96FEBFCEFCA1}.net_3_5_Release|x86.ActiveCfg = Release|Any CPU
		{5C93C5E2-196F-4877-BF65-96FEBFCEFCA1}.net_4_0_Debug|Any CPU.ActiveCfg = Debug|Any CPU
		{5C93C5E2-196F-4877-BF65-96FEBFCEFCA1}.net_4_0_Debug|Any CPU.Build.0 = Debug|Any CPU
		{5C93C5E2-196F-4877-BF65-96FEBFCEFCA1}.net_4_0_Debug|Mixed Platforms.ActiveCfg = Debug|Any CPU
		{5C93C5E2-196F-4877-BF65-96FEBFCEFCA1}.net_4_0_Debug|Mixed Platforms.Build.0 = Debug|Any CPU
		{5C93C5E2-196F-4877-BF65-96FEBFCEFCA1}.net_4_0_Debug|Win32.ActiveCfg = Debug|Any CPU
		{5C93C5E2-196F-4877-BF65-96FEBFCEFCA1}.net_4_0_Debug|x86.ActiveCfg = Debug|Any CPU
		{5C93C5E2-196F-4877-BF65-96FEBFCEFCA1}.net_4_0_Release|Any CPU.ActiveCfg = Release|Any CPU
		{5C93C5E2-196F-4877-BF65-96FEBFCEFCA1}.net_4_0_Release|Any CPU.Build.0 = Release|Any CPU
		{5C93C5E2-196F-4877-BF65-96FEBFCEFCA1}.net_4_0_Release|Mixed Platforms.ActiveCfg = Release|Any CPU
		{5C93C5E2-196F-4877-BF65-96FEBFCEFCA1}.net_4_0_Release|Mixed Platforms.Build.0 = Release|Any CPU
		{5C93C5E2-196F-4877-BF65-96FEBFCEFCA1}.net_4_0_Release|Win32.ActiveCfg = Release|Any CPU
		{5C93C5E2-196F-4877-BF65-96FEBFCEFCA1}.net_4_0_Release|x86.ActiveCfg = Release|Any CPU
		{5C93C5E2-196F-4877-BF65-96FEBFCEFCA1}.Release|Any CPU.ActiveCfg = Release|Any CPU
		{5C93C5E2-196F-4877-BF65-96FEBFCEFCA1}.Release|Any CPU.Build.0 = Release|Any CPU
		{5C93C5E2-196F-4877-BF65-96FEBFCEFCA1}.Release|Mixed Platforms.ActiveCfg = Release|Any CPU
		{5C93C5E2-196F-4877-BF65-96FEBFCEFCA1}.Release|Mixed Platforms.Build.0 = Release|Any CPU
		{5C93C5E2-196F-4877-BF65-96FEBFCEFCA1}.Release|Win32.ActiveCfg = Release|Any CPU
		{5C93C5E2-196F-4877-BF65-96FEBFCEFCA1}.Release|x86.ActiveCfg = Release|Any CPU
		{5C93C5E2-196F-4877-BF65-96FEBFCEFCA1}.silverlight_Debug|Any CPU.ActiveCfg = Debug|Any CPU
		{5C93C5E2-196F-4877-BF65-96FEBFCEFCA1}.silverlight_Debug|Any CPU.Build.0 = Debug|Any CPU
		{5C93C5E2-196F-4877-BF65-96FEBFCEFCA1}.silverlight_Debug|Mixed Platforms.ActiveCfg = Debug|Any CPU
		{5C93C5E2-196F-4877-BF65-96FEBFCEFCA1}.silverlight_Debug|Mixed Platforms.Build.0 = Debug|Any CPU
		{5C93C5E2-196F-4877-BF65-96FEBFCEFCA1}.silverlight_Debug|Win32.ActiveCfg = Debug|Any CPU
		{5C93C5E2-196F-4877-BF65-96FEBFCEFCA1}.silverlight_Debug|x86.ActiveCfg = Debug|Any CPU
		{5C93C5E2-196F-4877-BF65-96FEBFCEFCA1}.silverlight_Release|Any CPU.ActiveCfg = Release|Any CPU
		{5C93C5E2-196F-4877-BF65-96FEBFCEFCA1}.silverlight_Release|Any CPU.Build.0 = Release|Any CPU
		{5C93C5E2-196F-4877-BF65-96FEBFCEFCA1}.silverlight_Release|Mixed Platforms.ActiveCfg = Release|Any CPU
		{5C93C5E2-196F-4877-BF65-96FEBFCEFCA1}.silverlight_Release|Mixed Platforms.Build.0 = Release|Any CPU
		{5C93C5E2-196F-4877-BF65-96FEBFCEFCA1}.silverlight_Release|Win32.ActiveCfg = Release|Any CPU
		{5C93C5E2-196F-4877-BF65-96FEBFCEFCA1}.silverlight_Release|x86.ActiveCfg = Release|Any CPU
		{5C93C5E2-196F-4877-BF65-96FEBFCEFCA1}.winphone_Debug|Any CPU.ActiveCfg = Debug|Any CPU
		{5C93C5E2-196F-4877-BF65-96FEBFCEFCA1}.winphone_Debug|Any CPU.Build.0 = Debug|Any CPU
		{5C93C5E2-196F-4877-BF65-96FEBFCEFCA1}.winphone_Debug|Mixed Platforms.ActiveCfg = Debug|Any CPU
		{5C93C5E2-196F-4877-BF65-96FEBFCEFCA1}.winphone_Debug|Mixed Platforms.Build.0 = Debug|Any CPU
		{5C93C5E2-196F-4877-BF65-96FEBFCEFCA1}.winphone_Debug|Win32.ActiveCfg = Debug|Any CPU
		{5C93C5E2-196F-4877-BF65-96FEBFCEFCA1}.winphone_Debug|x86.ActiveCfg = Debug|Any CPU
		{5C93C5E2-196F-4877-BF65-96FEBFCEFCA1}.winphone_Release|Any CPU.ActiveCfg = Release|Any CPU
		{5C93C5E2-196F-4877-BF65-96FEBFCEFCA1}.winphone_Release|Any CPU.Build.0 = Release|Any CPU
		{5C93C5E2-196F-4877-BF65-96FEBFCEFCA1}.winphone_Release|Mixed Platforms.ActiveCfg = Release|Any CPU
		{5C93C5E2-196F-4877-BF65-96FEBFCEFCA1}.winphone_Release|Mixed Platforms.Build.0 = Release|Any CPU
		{5C93C5E2-196F-4877-BF65-96FEBFCEFCA1}.winphone_Release|Win32.ActiveCfg = Release|Any CPU
		{5C93C5E2-196F-4877-BF65-96FEBFCEFCA1}.winphone_Release|x86.ActiveCfg = Release|Any CPU
	EndGlobalSection
	GlobalSection(SolutionProperties) = preSolution
		HideSolutionNode = FALSE
	EndGlobalSection
EndGlobal
