
Microsoft Visual Studio Solution File, Format Version 11.00
# Visual Studio 2010
Project("{FAE04EC0-301F-11D3-BF4B-00C04F79EFBC}") = "de4dot.code", "de4dot.code\de4dot.code.csproj", "{4D10B9EB-3BF1-4D61-A389-CB019E8C9622}"
EndProject
Project("{FAE04EC0-301F-11D3-BF4B-00C04F79EFBC}") = "Test.Rename", "Test.Rename\Test.Rename.csproj", "{3FEB2023-B4B0-4DF3-BECF-AD727B55FF37}"
EndProject
Project("{FAE04EC0-301F-11D3-BF4B-00C04F79EFBC}") = "Test.Rename.Dll", "Test.Rename.Dll\Test.Rename.Dll.csproj", "{3B408415-5203-4618-ABC1-F88D0BBE849B}"
EndProject
Project("{FAE04EC0-301F-11D3-BF4B-00C04F79EFBC}") = "AssemblyData", "AssemblyData\AssemblyData.csproj", "{FBD84077-9D35-41FE-89DF-8D79EFE0B595}"
EndProject
Project("{FAE04EC0-301F-11D3-BF4B-00C04F79EFBC}") = "de4dot", "de4dot\de4dot.csproj", "{004EB657-252C-4361-A2D2-2E514130C7FC}"
EndProject
Project("{FAE04EC0-301F-11D3-BF4B-00C04F79EFBC}") = "de4dot-x64", "de4dot-x64\de4dot-x64.csproj", "{A9F35AC2-D016-444B-B7E6-FC1D55569021}"
EndProject
Project("{FAE04EC0-301F-11D3-BF4B-00C04F79EFBC}") = "AssemblyServer", "AssemblyServer\AssemblyServer.csproj", "{593AB87D-7B92-47CF-8201-3574CF6A6457}"
EndProject
Project("{FAE04EC0-301F-11D3-BF4B-00C04F79EFBC}") = "AssemblyServer-x64", "AssemblyServer-x64\AssemblyServer-x64.csproj", "{F458A89A-AEAB-4965-AA4D-393C9F7411D0}"
EndProject
Project("{FAE04EC0-301F-11D3-BF4B-00C04F79EFBC}") = "de4dot.blocks", "de4dot.blocks\de4dot.blocks.csproj", "{045B96F2-AF80-4C4C-8D27-E38635AC705E}"
EndProject
Project("{FAE04EC0-301F-11D3-BF4B-00C04F79EFBC}") = "de4dot.cui", "de4dot.cui\de4dot.cui.csproj", "{879E4A7E-C320-42D2-8275-4F1E44CE64AA}"
EndProject
Project("{FAE04EC0-301F-11D3-BF4B-00C04F79EFBC}") = "de4dot.mdecrypt", "de4dot.mdecrypt\de4dot.mdecrypt.csproj", "{5C93C5E2-196F-4877-BF65-96FEBFCEFCA1}"
EndProject
Project("{FAE04EC0-301F-11D3-BF4B-00C04F79EFBC}") = "dnlib", "dnlib\src\dnlib.csproj", "{FDFC1237-143F-4919-8318-4926901F4639}"
EndProject
Project("{FAE04EC0-301F-11D3-BF4B-00C04F79EFBC}") = "AssemblyServer-CLR20", "AssemblyServer-CLR20\AssemblyServer-CLR20.csproj", "{C72DC899-1760-432B-B429-3CD88B669A6A}"
EndProject
Project("{FAE04EC0-301F-11D3-BF4B-00C04F79EFBC}") = "AssemblyServer-CLR20-x64", "AssemblyServer-CLR20-x64\AssemblyServer-CLR20-x64.csproj", "{9F84607D-3662-4CF2-BA40-8BDB11935643}"
EndProject
Project("{FAE04EC0-301F-11D3-BF4B-00C04F79EFBC}") = "AssemblyServer-CLR40", "AssemblyServer-CLR40\AssemblyServer-CLR40.csproj", "{B8FF4ADD-BAD8-47FD-B126-63234E2BB0B3}"
EndProject
Project("{FAE04EC0-301F-11D3-BF4B-00C04F79EFBC}") = "AssemblyServer-CLR40-x64", "AssemblyServer-CLR40-x64\AssemblyServer-CLR40-x64.csproj", "{A0F58B9F-BB56-4D9B-B04A-726F9E7961EB}"
EndProject
Project("{FAE04EC0-301F-11D3-BF4B-00C04F79EFBC}") = "Examples", "dnlib\Examples\Examples.csproj", "{F27E72B5-C4BD-40BF-AD19-4C8A99B55872}"
EndProject
Project("{FAE04EC0-301F-11D3-BF4B-00C04F79EFBC}") = "deobfuscator.CryptoObfuscator", "deobfuscator.CryptoObfuscator\deobfuscator.CryptoObfuscator.csproj", "{E74F2B11-5B75-4D04-BE2B-BC8E791853AD}"
EndProject
Project("{FAE04EC0-301F-11D3-BF4B-00C04F79EFBC}") = "deobfuscator.Agile_NET", "deobfuscator.Agile_NET\deobfuscator.Agile_NET.csproj", "{88AC39C0-4CCF-44C4-9C24-301459E6C0D1}"
EndProject
Project("{FAE04EC0-301F-11D3-BF4B-00C04F79EFBC}") = "deobfuscator.Babel_NET", "deobfuscator.Babel_NET\deobfuscator.Babel_NET.csproj", "{7D92F74D-5B6C-45EE-93CD-9E22F26B99A9}"
EndProject
Project("{FAE04EC0-301F-11D3-BF4B-00C04F79EFBC}") = "deobfuscator.CodeFort", "deobfuscator.CodeFort\deobfuscator.CodeFort.csproj", "{04BD3A71-DF94-4283-89F1-C568A3A5CA75}"
EndProject
Project("{FAE04EC0-301F-11D3-BF4B-00C04F79EFBC}") = "deobfuscator.CodeVeil", "deobfuscator.CodeVeil\deobfuscator.CodeVeil.csproj", "{B7D44A44-63B5-4343-AFC5-BBBF1670D55C}"
EndProject
Project("{FAE04EC0-301F-11D3-BF4B-00C04F79EFBC}") = "deobfuscator.CodeWall", "deobfuscator.CodeWall\deobfuscator.CodeWall.csproj", "{6781D6EA-1A56-49A4-8138-DE958985CD4A}"
EndProject
Project("{FAE04EC0-301F-11D3-BF4B-00C04F79EFBC}") = "deobfuscator.DeepSea", "deobfuscator.DeepSea\deobfuscator.DeepSea.csproj", "{66D16A2B-D02F-4EE1-993A-571C18034607}"
EndProject
Project("{FAE04EC0-301F-11D3-BF4B-00C04F79EFBC}") = "deobfuscator.Dotfuscator", "deobfuscator.Dotfuscator\deobfuscator.Dotfuscator.csproj", "{41D28F18-B8FE-473B-866B-4DD0B182ADBE}"
EndProject
Project("{FAE04EC0-301F-11D3-BF4B-00C04F79EFBC}") = "deobfuscator.dotNET_Reactor", "deobfuscator.dotNET_Reactor\deobfuscator.dotNET_Reactor.csproj", "{22E88E39-3223-41EE-A051-306BCF0ED0C4}"
EndProject
Project("{FAE04EC0-301F-11D3-BF4B-00C04F79EFBC}") = "deobfuscator.Eazfuscator_NET", "deobfuscator.Eazfuscator_NET\deobfuscator.Eazfuscator_NET.csproj", "{7A7AB882-8C6D-4D4B-8CEB-B3C29668F595}"
EndProject
Project("{FAE04EC0-301F-11D3-BF4B-00C04F79EFBC}") = "deobfuscator.Goliath_NET", "deobfuscator.Goliath_NET\deobfuscator.Goliath_NET.csproj", "{6FC13238-6A58-489C-95D7-1FDB87241812}"
EndProject
Project("{FAE04EC0-301F-11D3-BF4B-00C04F79EFBC}") = "deobfuscator.ILProtector", "deobfuscator.ILProtector\deobfuscator.ILProtector.csproj", "{7B207703-FABA-4E60-A217-9391E667CEAC}"
EndProject
Project("{FAE04EC0-301F-11D3-BF4B-00C04F79EFBC}") = "deobfuscator.MaxtoCode", "deobfuscator.MaxtoCode\deobfuscator.MaxtoCode.csproj", "{11B7F99B-D070-45C5-AAAA-C999AD463FAC}"
EndProject
Project("{FAE04EC0-301F-11D3-BF4B-00C04F79EFBC}") = "deobfuscator.MPRESS", "deobfuscator.MPRESS\deobfuscator.MPRESS.csproj", "{6F5D49ED-5D97-467E-AE05-8E7ECB2E5A0D}"
EndProject
Project("{FAE04EC0-301F-11D3-BF4B-00C04F79EFBC}") = "deobfuscator.Rummage", "deobfuscator.Rummage\deobfuscator.Rummage.csproj", "{58E2C387-EC59-41B6-BB21-D5DF97166AF1}"
EndProject
Project("{FAE04EC0-301F-11D3-BF4B-00C04F79EFBC}") = "deobfuscator.Skater_NET", "deobfuscator.Skater_NET\deobfuscator.Skater_NET.csproj", "{E468CA87-00F7-4788-8715-2A3032C98E74}"
EndProject
Project("{FAE04EC0-301F-11D3-BF4B-00C04F79EFBC}") = "deobfuscator.SmartAssembly", "deobfuscator.SmartAssembly\deobfuscator.SmartAssembly.csproj", "{BA452F01-C1C7-4531-86AA-A55B5D5E5623}"
EndProject
Project("{FAE04EC0-301F-11D3-BF4B-00C04F79EFBC}") = "deobfuscator.Spices_Net", "deobfuscator.Spices_Net\deobfuscator.Spices_Net.csproj", "{C20CF80C-63AA-4B66-899A-3CBE9637969A}"
EndProject
Project("{FAE04EC0-301F-11D3-BF4B-00C04F79EFBC}") = "deobfuscator.Unknown", "deobfuscator.Unknown\deobfuscator.Unknown.csproj", "{545F344A-88BD-495B-875C-183B94FFE36F}"
EndProject
Project("{FAE04EC0-301F-11D3-BF4B-00C04F79EFBC}") = "deobfuscator.Xenocode", "deobfuscator.Xenocode\deobfuscator.Xenocode.csproj", "{3F68AF7E-4CD5-4E87-9EBD-00069B111E1E}"
EndProject
Global
	GlobalSection(SolutionConfigurationPlatforms) = preSolution
		Debug|Any CPU = Debug|Any CPU
		Debug|Mixed Platforms = Debug|Mixed Platforms
		Debug|Win32 = Debug|Win32
		Debug|x86 = Debug|x86
		Release|Any CPU = Release|Any CPU
		Release|Mixed Platforms = Release|Mixed Platforms
		Release|Win32 = Release|Win32
		Release|x86 = Release|x86
	EndGlobalSection
	GlobalSection(ProjectConfigurationPlatforms) = postSolution
		{4D10B9EB-3BF1-4D61-A389-CB019E8C9622}.Debug|Any CPU.ActiveCfg = Debug|Any CPU
		{4D10B9EB-3BF1-4D61-A389-CB019E8C9622}.Debug|Any CPU.Build.0 = Debug|Any CPU
		{4D10B9EB-3BF1-4D61-A389-CB019E8C9622}.Debug|Mixed Platforms.ActiveCfg = Debug|Any CPU
		{4D10B9EB-3BF1-4D61-A389-CB019E8C9622}.Debug|Mixed Platforms.Build.0 = Debug|Any CPU
		{4D10B9EB-3BF1-4D61-A389-CB019E8C9622}.Debug|Win32.ActiveCfg = Debug|Any CPU
		{4D10B9EB-3BF1-4D61-A389-CB019E8C9622}.Debug|x86.ActiveCfg = Debug|Any CPU
		{4D10B9EB-3BF1-4D61-A389-CB019E8C9622}.Release|Any CPU.ActiveCfg = Release|Any CPU
		{4D10B9EB-3BF1-4D61-A389-CB019E8C9622}.Release|Any CPU.Build.0 = Release|Any CPU
		{4D10B9EB-3BF1-4D61-A389-CB019E8C9622}.Release|Mixed Platforms.ActiveCfg = Release|Any CPU
		{4D10B9EB-3BF1-4D61-A389-CB019E8C9622}.Release|Mixed Platforms.Build.0 = Release|Any CPU
		{4D10B9EB-3BF1-4D61-A389-CB019E8C9622}.Release|Win32.ActiveCfg = Release|Any CPU
		{4D10B9EB-3BF1-4D61-A389-CB019E8C9622}.Release|x86.ActiveCfg = Release|Any CPU
		{3FEB2023-B4B0-4DF3-BECF-AD727B55FF37}.Debug|Any CPU.ActiveCfg = Debug|Any CPU
		{3FEB2023-B4B0-4DF3-BECF-AD727B55FF37}.Debug|Any CPU.Build.0 = Debug|Any CPU
		{3FEB2023-B4B0-4DF3-BECF-AD727B55FF37}.Debug|Mixed Platforms.ActiveCfg = Debug|Any CPU
		{3FEB2023-B4B0-4DF3-BECF-AD727B55FF37}.Debug|Mixed Platforms.Build.0 = Debug|Any CPU
		{3FEB2023-B4B0-4DF3-BECF-AD727B55FF37}.Debug|Win32.ActiveCfg = Debug|Any CPU
		{3FEB2023-B4B0-4DF3-BECF-AD727B55FF37}.Debug|x86.ActiveCfg = Debug|Any CPU
		{3FEB2023-B4B0-4DF3-BECF-AD727B55FF37}.Release|Any CPU.ActiveCfg = Release|Any CPU
		{3FEB2023-B4B0-4DF3-BECF-AD727B55FF37}.Release|Any CPU.Build.0 = Release|Any CPU
		{3FEB2023-B4B0-4DF3-BECF-AD727B55FF37}.Release|Mixed Platforms.ActiveCfg = Release|Any CPU
		{3FEB2023-B4B0-4DF3-BECF-AD727B55FF37}.Release|Mixed Platforms.Build.0 = Release|Any CPU
		{3FEB2023-B4B0-4DF3-BECF-AD727B55FF37}.Release|Win32.ActiveCfg = Release|Any CPU
		{3FEB2023-B4B0-4DF3-BECF-AD727B55FF37}.Release|x86.ActiveCfg = Release|Any CPU
		{3B408415-5203-4618-ABC1-F88D0BBE849B}.Debug|Any CPU.ActiveCfg = Debug|Any CPU
		{3B408415-5203-4618-ABC1-F88D0BBE849B}.Debug|Any CPU.Build.0 = Debug|Any CPU
		{3B408415-5203-4618-ABC1-F88D0BBE849B}.Debug|Mixed Platforms.ActiveCfg = Debug|Any CPU
		{3B408415-5203-4618-ABC1-F88D0BBE849B}.Debug|Mixed Platforms.Build.0 = Debug|Any CPU
		{3B408415-5203-4618-ABC1-F88D0BBE849B}.Debug|Win32.ActiveCfg = Debug|Any CPU
		{3B408415-5203-4618-ABC1-F88D0BBE849B}.Debug|x86.ActiveCfg = Debug|Any CPU
		{3B408415-5203-4618-ABC1-F88D0BBE849B}.Release|Any CPU.ActiveCfg = Release|Any CPU
		{3B408415-5203-4618-ABC1-F88D0BBE849B}.Release|Any CPU.Build.0 = Release|Any CPU
		{3B408415-5203-4618-ABC1-F88D0BBE849B}.Release|Mixed Platforms.ActiveCfg = Release|Any CPU
		{3B408415-5203-4618-ABC1-F88D0BBE849B}.Release|Mixed Platforms.Build.0 = Release|Any CPU
		{3B408415-5203-4618-ABC1-F88D0BBE849B}.Release|Win32.ActiveCfg = Release|Any CPU
		{3B408415-5203-4618-ABC1-F88D0BBE849B}.Release|x86.ActiveCfg = Release|Any CPU
		{FBD84077-9D35-41FE-89DF-8D79EFE0B595}.Debug|Any CPU.ActiveCfg = Debug|Any CPU
		{FBD84077-9D35-41FE-89DF-8D79EFE0B595}.Debug|Any CPU.Build.0 = Debug|Any CPU
		{FBD84077-9D35-41FE-89DF-8D79EFE0B595}.Debug|Mixed Platforms.ActiveCfg = Debug|Any CPU
		{FBD84077-9D35-41FE-89DF-8D79EFE0B595}.Debug|Mixed Platforms.Build.0 = Debug|Any CPU
		{FBD84077-9D35-41FE-89DF-8D79EFE0B595}.Debug|Win32.ActiveCfg = Debug|Any CPU
		{FBD84077-9D35-41FE-89DF-8D79EFE0B595}.Debug|x86.ActiveCfg = Debug|Any CPU
		{FBD84077-9D35-41FE-89DF-8D79EFE0B595}.Release|Any CPU.ActiveCfg = Release|Any CPU
		{FBD84077-9D35-41FE-89DF-8D79EFE0B595}.Release|Any CPU.Build.0 = Release|Any CPU
		{FBD84077-9D35-41FE-89DF-8D79EFE0B595}.Release|Mixed Platforms.ActiveCfg = Release|Any CPU
		{FBD84077-9D35-41FE-89DF-8D79EFE0B595}.Release|Mixed Platforms.Build.0 = Release|Any CPU
		{FBD84077-9D35-41FE-89DF-8D79EFE0B595}.Release|Win32.ActiveCfg = Release|Any CPU
		{FBD84077-9D35-41FE-89DF-8D79EFE0B595}.Release|x86.ActiveCfg = Release|Any CPU
		{004EB657-252C-4361-A2D2-2E514130C7FC}.Debug|Any CPU.ActiveCfg = Debug|x86
		{004EB657-252C-4361-A2D2-2E514130C7FC}.Debug|Mixed Platforms.ActiveCfg = Debug|x86
		{004EB657-252C-4361-A2D2-2E514130C7FC}.Debug|Mixed Platforms.Build.0 = Debug|x86
		{004EB657-252C-4361-A2D2-2E514130C7FC}.Debug|Win32.ActiveCfg = Debug|x86
		{004EB657-252C-4361-A2D2-2E514130C7FC}.Debug|x86.ActiveCfg = Debug|x86
		{004EB657-252C-4361-A2D2-2E514130C7FC}.Debug|x86.Build.0 = Debug|x86
		{004EB657-252C-4361-A2D2-2E514130C7FC}.Release|Any CPU.ActiveCfg = Release|x86
		{004EB657-252C-4361-A2D2-2E514130C7FC}.Release|Mixed Platforms.ActiveCfg = Release|x86
		{004EB657-252C-4361-A2D2-2E514130C7FC}.Release|Mixed Platforms.Build.0 = Release|x86
		{004EB657-252C-4361-A2D2-2E514130C7FC}.Release|Win32.ActiveCfg = Release|x86
		{004EB657-252C-4361-A2D2-2E514130C7FC}.Release|x86.ActiveCfg = Release|x86
		{004EB657-252C-4361-A2D2-2E514130C7FC}.Release|x86.Build.0 = Release|x86
		{A9F35AC2-D016-444B-B7E6-FC1D55569021}.Debug|Any CPU.ActiveCfg = Debug|x86
		{A9F35AC2-D016-444B-B7E6-FC1D55569021}.Debug|Mixed Platforms.ActiveCfg = Debug|x86
		{A9F35AC2-D016-444B-B7E6-FC1D55569021}.Debug|Mixed Platforms.Build.0 = Debug|x86
		{A9F35AC2-D016-444B-B7E6-FC1D55569021}.Debug|Win32.ActiveCfg = Debug|x86
		{A9F35AC2-D016-444B-B7E6-FC1D55569021}.Debug|x86.ActiveCfg = Debug|x86
		{A9F35AC2-D016-444B-B7E6-FC1D55569021}.Debug|x86.Build.0 = Debug|x86
		{A9F35AC2-D016-444B-B7E6-FC1D55569021}.Release|Any CPU.ActiveCfg = Release|x86
		{A9F35AC2-D016-444B-B7E6-FC1D55569021}.Release|Mixed Platforms.ActiveCfg = Release|x86
		{A9F35AC2-D016-444B-B7E6-FC1D55569021}.Release|Mixed Platforms.Build.0 = Release|x86
		{A9F35AC2-D016-444B-B7E6-FC1D55569021}.Release|Win32.ActiveCfg = Release|x86
		{A9F35AC2-D016-444B-B7E6-FC1D55569021}.Release|x86.ActiveCfg = Release|x86
		{A9F35AC2-D016-444B-B7E6-FC1D55569021}.Release|x86.Build.0 = Release|x86
		{593AB87D-7B92-47CF-8201-3574CF6A6457}.Debug|Any CPU.ActiveCfg = Debug|x86
		{593AB87D-7B92-47CF-8201-3574CF6A6457}.Debug|Mixed Platforms.ActiveCfg = Debug|x86
		{593AB87D-7B92-47CF-8201-3574CF6A6457}.Debug|Mixed Platforms.Build.0 = Debug|x86
		{593AB87D-7B92-47CF-8201-3574CF6A6457}.Debug|Win32.ActiveCfg = Debug|x86
		{593AB87D-7B92-47CF-8201-3574CF6A6457}.Debug|x86.ActiveCfg = Debug|x86
		{593AB87D-7B92-47CF-8201-3574CF6A6457}.Debug|x86.Build.0 = Debug|x86
		{593AB87D-7B92-47CF-8201-3574CF6A6457}.Release|Any CPU.ActiveCfg = Release|x86
		{593AB87D-7B92-47CF-8201-3574CF6A6457}.Release|Mixed Platforms.ActiveCfg = Release|x86
		{593AB87D-7B92-47CF-8201-3574CF6A6457}.Release|Mixed Platforms.Build.0 = Release|x86
		{593AB87D-7B92-47CF-8201-3574CF6A6457}.Release|Win32.ActiveCfg = Release|x86
		{593AB87D-7B92-47CF-8201-3574CF6A6457}.Release|x86.ActiveCfg = Release|x86
		{593AB87D-7B92-47CF-8201-3574CF6A6457}.Release|x86.Build.0 = Release|x86
		{F458A89A-AEAB-4965-AA4D-393C9F7411D0}.Debug|Any CPU.ActiveCfg = Debug|x86
		{F458A89A-AEAB-4965-AA4D-393C9F7411D0}.Debug|Mixed Platforms.ActiveCfg = Debug|x86
		{F458A89A-AEAB-4965-AA4D-393C9F7411D0}.Debug|Mixed Platforms.Build.0 = Debug|x86
		{F458A89A-AEAB-4965-AA4D-393C9F7411D0}.Debug|Win32.ActiveCfg = Debug|x86
		{F458A89A-AEAB-4965-AA4D-393C9F7411D0}.Debug|x86.ActiveCfg = Debug|x86
		{F458A89A-AEAB-4965-AA4D-393C9F7411D0}.Debug|x86.Build.0 = Debug|x86
		{F458A89A-AEAB-4965-AA4D-393C9F7411D0}.Release|Any CPU.ActiveCfg = Release|x86
		{F458A89A-AEAB-4965-AA4D-393C9F7411D0}.Release|Mixed Platforms.ActiveCfg = Release|x86
		{F458A89A-AEAB-4965-AA4D-393C9F7411D0}.Release|Mixed Platforms.Build.0 = Release|x86
		{F458A89A-AEAB-4965-AA4D-393C9F7411D0}.Release|Win32.ActiveCfg = Release|x86
		{F458A89A-AEAB-4965-AA4D-393C9F7411D0}.Release|x86.ActiveCfg = Release|x86
		{F458A89A-AEAB-4965-AA4D-393C9F7411D0}.Release|x86.Build.0 = Release|x86
		{045B96F2-AF80-4C4C-8D27-E38635AC705E}.Debug|Any CPU.ActiveCfg = Debug|Any CPU
		{045B96F2-AF80-4C4C-8D27-E38635AC705E}.Debug|Any CPU.Build.0 = Debug|Any CPU
		{045B96F2-AF80-4C4C-8D27-E38635AC705E}.Debug|Mixed Platforms.ActiveCfg = Debug|Any CPU
		{045B96F2-AF80-4C4C-8D27-E38635AC705E}.Debug|Mixed Platforms.Build.0 = Debug|Any CPU
		{045B96F2-AF80-4C4C-8D27-E38635AC705E}.Debug|Win32.ActiveCfg = Debug|Any CPU
		{045B96F2-AF80-4C4C-8D27-E38635AC705E}.Debug|x86.ActiveCfg = Debug|Any CPU
		{045B96F2-AF80-4C4C-8D27-E38635AC705E}.Release|Any CPU.ActiveCfg = Release|Any CPU
		{045B96F2-AF80-4C4C-8D27-E38635AC705E}.Release|Any CPU.Build.0 = Release|Any CPU
		{045B96F2-AF80-4C4C-8D27-E38635AC705E}.Release|Mixed Platforms.ActiveCfg = Release|Any CPU
		{045B96F2-AF80-4C4C-8D27-E38635AC705E}.Release|Mixed Platforms.Build.0 = Release|Any CPU
		{045B96F2-AF80-4C4C-8D27-E38635AC705E}.Release|Win32.ActiveCfg = Release|Any CPU
		{045B96F2-AF80-4C4C-8D27-E38635AC705E}.Release|x86.ActiveCfg = Release|Any CPU
		{879E4A7E-C320-42D2-8275-4F1E44CE64AA}.Debug|Any CPU.ActiveCfg = Debug|Any CPU
		{879E4A7E-C320-42D2-8275-4F1E44CE64AA}.Debug|Any CPU.Build.0 = Debug|Any CPU
		{879E4A7E-C320-42D2-8275-4F1E44CE64AA}.Debug|Mixed Platforms.ActiveCfg = Debug|Any CPU
		{879E4A7E-C320-42D2-8275-4F1E44CE64AA}.Debug|Mixed Platforms.Build.0 = Debug|Any CPU
		{879E4A7E-C320-42D2-8275-4F1E44CE64AA}.Debug|Win32.ActiveCfg = Debug|Any CPU
		{879E4A7E-C320-42D2-8275-4F1E44CE64AA}.Debug|x86.ActiveCfg = Debug|Any CPU
		{879E4A7E-C320-42D2-8275-4F1E44CE64AA}.Release|Any CPU.ActiveCfg = Release|Any CPU
		{879E4A7E-C320-42D2-8275-4F1E44CE64AA}.Release|Any CPU.Build.0 = Release|Any CPU
		{879E4A7E-C320-42D2-8275-4F1E44CE64AA}.Release|Mixed Platforms.ActiveCfg = Release|Any CPU
		{879E4A7E-C320-42D2-8275-4F1E44CE64AA}.Release|Mixed Platforms.Build.0 = Release|Any CPU
		{879E4A7E-C320-42D2-8275-4F1E44CE64AA}.Release|Win32.ActiveCfg = Release|Any CPU
		{879E4A7E-C320-42D2-8275-4F1E44CE64AA}.Release|x86.ActiveCfg = Release|Any CPU
		{5C93C5E2-196F-4877-BF65-96FEBFCEFCA1}.Debug|Any CPU.ActiveCfg = Debug|Any CPU
		{5C93C5E2-196F-4877-BF65-96FEBFCEFCA1}.Debug|Any CPU.Build.0 = Debug|Any CPU
		{5C93C5E2-196F-4877-BF65-96FEBFCEFCA1}.Debug|Mixed Platforms.ActiveCfg = Debug|Any CPU
		{5C93C5E2-196F-4877-BF65-96FEBFCEFCA1}.Debug|Mixed Platforms.Build.0 = Debug|Any CPU
		{5C93C5E2-196F-4877-BF65-96FEBFCEFCA1}.Debug|Win32.ActiveCfg = Debug|Any CPU
		{5C93C5E2-196F-4877-BF65-96FEBFCEFCA1}.Debug|x86.ActiveCfg = Debug|Any CPU
		{5C93C5E2-196F-4877-BF65-96FEBFCEFCA1}.Release|Any CPU.ActiveCfg = Release|Any CPU
		{5C93C5E2-196F-4877-BF65-96FEBFCEFCA1}.Release|Any CPU.Build.0 = Release|Any CPU
		{5C93C5E2-196F-4877-BF65-96FEBFCEFCA1}.Release|Mixed Platforms.ActiveCfg = Release|Any CPU
		{5C93C5E2-196F-4877-BF65-96FEBFCEFCA1}.Release|Mixed Platforms.Build.0 = Release|Any CPU
		{5C93C5E2-196F-4877-BF65-96FEBFCEFCA1}.Release|Win32.ActiveCfg = Release|Any CPU
		{5C93C5E2-196F-4877-BF65-96FEBFCEFCA1}.Release|x86.ActiveCfg = Release|Any CPU
		{FDFC1237-143F-4919-8318-4926901F4639}.Debug|Any CPU.ActiveCfg = Debug|Any CPU
		{FDFC1237-143F-4919-8318-4926901F4639}.Debug|Any CPU.Build.0 = Debug|Any CPU
		{FDFC1237-143F-4919-8318-4926901F4639}.Debug|Mixed Platforms.ActiveCfg = Debug|Any CPU
		{FDFC1237-143F-4919-8318-4926901F4639}.Debug|Mixed Platforms.Build.0 = Debug|Any CPU
		{FDFC1237-143F-4919-8318-4926901F4639}.Debug|Win32.ActiveCfg = Debug|Any CPU
		{FDFC1237-143F-4919-8318-4926901F4639}.Debug|x86.ActiveCfg = Debug|Any CPU
		{FDFC1237-143F-4919-8318-4926901F4639}.Release|Any CPU.ActiveCfg = Release|Any CPU
		{FDFC1237-143F-4919-8318-4926901F4639}.Release|Any CPU.Build.0 = Release|Any CPU
		{FDFC1237-143F-4919-8318-4926901F4639}.Release|Mixed Platforms.ActiveCfg = Release|Any CPU
		{FDFC1237-143F-4919-8318-4926901F4639}.Release|Mixed Platforms.Build.0 = Release|Any CPU
		{FDFC1237-143F-4919-8318-4926901F4639}.Release|Win32.ActiveCfg = Release|Any CPU
		{FDFC1237-143F-4919-8318-4926901F4639}.Release|x86.ActiveCfg = Release|Any CPU
		{C72DC899-1760-432B-B429-3CD88B669A6A}.Debug|Any CPU.ActiveCfg = Debug|x86
		{C72DC899-1760-432B-B429-3CD88B669A6A}.Debug|Mixed Platforms.ActiveCfg = Debug|x86
		{C72DC899-1760-432B-B429-3CD88B669A6A}.Debug|Mixed Platforms.Build.0 = Debug|x86
		{C72DC899-1760-432B-B429-3CD88B669A6A}.Debug|Win32.ActiveCfg = Debug|x86
		{C72DC899-1760-432B-B429-3CD88B669A6A}.Debug|x86.ActiveCfg = Debug|x86
		{C72DC899-1760-432B-B429-3CD88B669A6A}.Debug|x86.Build.0 = Debug|x86
		{C72DC899-1760-432B-B429-3CD88B669A6A}.Release|Any CPU.ActiveCfg = Release|x86
		{C72DC899-1760-432B-B429-3CD88B669A6A}.Release|Mixed Platforms.ActiveCfg = Release|x86
		{C72DC899-1760-432B-B429-3CD88B669A6A}.Release|Mixed Platforms.Build.0 = Release|x86
		{C72DC899-1760-432B-B429-3CD88B669A6A}.Release|Win32.ActiveCfg = Release|x86
		{C72DC899-1760-432B-B429-3CD88B669A6A}.Release|x86.ActiveCfg = Release|x86
		{C72DC899-1760-432B-B429-3CD88B669A6A}.Release|x86.Build.0 = Release|x86
		{9F84607D-3662-4CF2-BA40-8BDB11935643}.Debug|Any CPU.ActiveCfg = Debug|x86
		{9F84607D-3662-4CF2-BA40-8BDB11935643}.Debug|Mixed Platforms.ActiveCfg = Debug|x86
		{9F84607D-3662-4CF2-BA40-8BDB11935643}.Debug|Mixed Platforms.Build.0 = Debug|x86
		{9F84607D-3662-4CF2-BA40-8BDB11935643}.Debug|Win32.ActiveCfg = Debug|x86
		{9F84607D-3662-4CF2-BA40-8BDB11935643}.Debug|x86.ActiveCfg = Debug|x86
		{9F84607D-3662-4CF2-BA40-8BDB11935643}.Debug|x86.Build.0 = Debug|x86
		{9F84607D-3662-4CF2-BA40-8BDB11935643}.Release|Any CPU.ActiveCfg = Release|x86
		{9F84607D-3662-4CF2-BA40-8BDB11935643}.Release|Mixed Platforms.ActiveCfg = Release|x86
		{9F84607D-3662-4CF2-BA40-8BDB11935643}.Release|Mixed Platforms.Build.0 = Release|x86
		{9F84607D-3662-4CF2-BA40-8BDB11935643}.Release|Win32.ActiveCfg = Release|x86
		{9F84607D-3662-4CF2-BA40-8BDB11935643}.Release|x86.ActiveCfg = Release|x86
		{9F84607D-3662-4CF2-BA40-8BDB11935643}.Release|x86.Build.0 = Release|x86
		{B8FF4ADD-BAD8-47FD-B126-63234E2BB0B3}.Debug|Any CPU.ActiveCfg = Debug|x86
		{B8FF4ADD-BAD8-47FD-B126-63234E2BB0B3}.Debug|Mixed Platforms.ActiveCfg = Debug|x86
		{B8FF4ADD-BAD8-47FD-B126-63234E2BB0B3}.Debug|Mixed Platforms.Build.0 = Debug|x86
		{B8FF4ADD-BAD8-47FD-B126-63234E2BB0B3}.Debug|Win32.ActiveCfg = Debug|x86
		{B8FF4ADD-BAD8-47FD-B126-63234E2BB0B3}.Debug|x86.ActiveCfg = Debug|x86
		{B8FF4ADD-BAD8-47FD-B126-63234E2BB0B3}.Debug|x86.Build.0 = Debug|x86
		{B8FF4ADD-BAD8-47FD-B126-63234E2BB0B3}.Release|Any CPU.ActiveCfg = Release|x86
		{B8FF4ADD-BAD8-47FD-B126-63234E2BB0B3}.Release|Mixed Platforms.ActiveCfg = Release|x86
		{B8FF4ADD-BAD8-47FD-B126-63234E2BB0B3}.Release|Mixed Platforms.Build.0 = Release|x86
		{B8FF4ADD-BAD8-47FD-B126-63234E2BB0B3}.Release|Win32.ActiveCfg = Release|x86
		{B8FF4ADD-BAD8-47FD-B126-63234E2BB0B3}.Release|x86.ActiveCfg = Release|x86
		{B8FF4ADD-BAD8-47FD-B126-63234E2BB0B3}.Release|x86.Build.0 = Release|x86
		{A0F58B9F-BB56-4D9B-B04A-726F9E7961EB}.Debug|Any CPU.ActiveCfg = Debug|x86
		{A0F58B9F-BB56-4D9B-B04A-726F9E7961EB}.Debug|Mixed Platforms.ActiveCfg = Debug|x86
		{A0F58B9F-BB56-4D9B-B04A-726F9E7961EB}.Debug|Mixed Platforms.Build.0 = Debug|x86
		{A0F58B9F-BB56-4D9B-B04A-726F9E7961EB}.Debug|Win32.ActiveCfg = Debug|x86
		{A0F58B9F-BB56-4D9B-B04A-726F9E7961EB}.Debug|x86.ActiveCfg = Debug|x86
		{A0F58B9F-BB56-4D9B-B04A-726F9E7961EB}.Debug|x86.Build.0 = Debug|x86
		{A0F58B9F-BB56-4D9B-B04A-726F9E7961EB}.Release|Any CPU.ActiveCfg = Release|x86
		{A0F58B9F-BB56-4D9B-B04A-726F9E7961EB}.Release|Mixed Platforms.ActiveCfg = Release|x86
		{A0F58B9F-BB56-4D9B-B04A-726F9E7961EB}.Release|Mixed Platforms.Build.0 = Release|x86
		{A0F58B9F-BB56-4D9B-B04A-726F9E7961EB}.Release|Win32.ActiveCfg = Release|x86
		{A0F58B9F-BB56-4D9B-B04A-726F9E7961EB}.Release|x86.ActiveCfg = Release|x86
		{A0F58B9F-BB56-4D9B-B04A-726F9E7961EB}.Release|x86.Build.0 = Release|x86
		{F27E72B5-C4BD-40BF-AD19-4C8A99B55872}.Debug|Any CPU.ActiveCfg = Debug|x86
		{F27E72B5-C4BD-40BF-AD19-4C8A99B55872}.Debug|Mixed Platforms.ActiveCfg = Debug|x86
		{F27E72B5-C4BD-40BF-AD19-4C8A99B55872}.Debug|Mixed Platforms.Build.0 = Debug|x86
		{F27E72B5-C4BD-40BF-AD19-4C8A99B55872}.Debug|Win32.ActiveCfg = Debug|x86
		{F27E72B5-C4BD-40BF-AD19-4C8A99B55872}.Debug|x86.ActiveCfg = Debug|x86
		{F27E72B5-C4BD-40BF-AD19-4C8A99B55872}.Debug|x86.Build.0 = Debug|x86
		{F27E72B5-C4BD-40BF-AD19-4C8A99B55872}.Release|Any CPU.ActiveCfg = Release|x86
		{F27E72B5-C4BD-40BF-AD19-4C8A99B55872}.Release|Mixed Platforms.ActiveCfg = Release|x86
		{F27E72B5-C4BD-40BF-AD19-4C8A99B55872}.Release|Mixed Platforms.Build.0 = Release|x86
		{F27E72B5-C4BD-40BF-AD19-4C8A99B55872}.Release|Win32.ActiveCfg = Release|x86
		{F27E72B5-C4BD-40BF-AD19-4C8A99B55872}.Release|x86.ActiveCfg = Release|x86
		{F27E72B5-C4BD-40BF-AD19-4C8A99B55872}.Release|x86.Build.0 = Release|x86
		{E74F2B11-5B75-4D04-BE2B-BC8E791853AD}.Debug|Any CPU.ActiveCfg = Debug|Any CPU
		{E74F2B11-5B75-4D04-BE2B-BC8E791853AD}.Debug|Any CPU.Build.0 = Debug|Any CPU
		{E74F2B11-5B75-4D04-BE2B-BC8E791853AD}.Debug|Mixed Platforms.ActiveCfg = Debug|Any CPU
		{E74F2B11-5B75-4D04-BE2B-BC8E791853AD}.Debug|Mixed Platforms.Build.0 = Debug|Any CPU
		{E74F2B11-5B75-4D04-BE2B-BC8E791853AD}.Debug|Win32.ActiveCfg = Debug|Any CPU
		{E74F2B11-5B75-4D04-BE2B-BC8E791853AD}.Debug|x86.ActiveCfg = Debug|Any CPU
		{E74F2B11-5B75-4D04-BE2B-BC8E791853AD}.Release|Any CPU.ActiveCfg = Release|Any CPU
		{E74F2B11-5B75-4D04-BE2B-BC8E791853AD}.Release|Any CPU.Build.0 = Release|Any CPU
		{E74F2B11-5B75-4D04-BE2B-BC8E791853AD}.Release|Mixed Platforms.ActiveCfg = Release|Any CPU
		{E74F2B11-5B75-4D04-BE2B-BC8E791853AD}.Release|Mixed Platforms.Build.0 = Release|Any CPU
		{E74F2B11-5B75-4D04-BE2B-BC8E791853AD}.Release|Win32.ActiveCfg = Release|Any CPU
		{E74F2B11-5B75-4D04-BE2B-BC8E791853AD}.Release|x86.ActiveCfg = Release|Any CPU
		{88AC39C0-4CCF-44C4-9C24-301459E6C0D1}.Debug|Any CPU.ActiveCfg = Debug|Any CPU
		{88AC39C0-4CCF-44C4-9C24-301459E6C0D1}.Debug|Any CPU.Build.0 = Debug|Any CPU
		{88AC39C0-4CCF-44C4-9C24-301459E6C0D1}.Debug|Mixed Platforms.ActiveCfg = Debug|Any CPU
		{88AC39C0-4CCF-44C4-9C24-301459E6C0D1}.Debug|Mixed Platforms.Build.0 = Debug|Any CPU
		{88AC39C0-4CCF-44C4-9C24-301459E6C0D1}.Debug|Win32.ActiveCfg = Debug|Any CPU
		{88AC39C0-4CCF-44C4-9C24-301459E6C0D1}.Debug|x86.ActiveCfg = Debug|Any CPU
		{88AC39C0-4CCF-44C4-9C24-301459E6C0D1}.Release|Any CPU.ActiveCfg = Release|Any CPU
		{88AC39C0-4CCF-44C4-9C24-301459E6C0D1}.Release|Any CPU.Build.0 = Release|Any CPU
		{88AC39C0-4CCF-44C4-9C24-301459E6C0D1}.Release|Mixed Platforms.ActiveCfg = Release|Any CPU
		{88AC39C0-4CCF-44C4-9C24-301459E6C0D1}.Release|Mixed Platforms.Build.0 = Release|Any CPU
		{88AC39C0-4CCF-44C4-9C24-301459E6C0D1}.Release|Win32.ActiveCfg = Release|Any CPU
		{88AC39C0-4CCF-44C4-9C24-301459E6C0D1}.Release|x86.ActiveCfg = Release|Any CPU
		{7D92F74D-5B6C-45EE-93CD-9E22F26B99A9}.Debug|Any CPU.ActiveCfg = Debug|Any CPU
		{7D92F74D-5B6C-45EE-93CD-9E22F26B99A9}.Debug|Any CPU.Build.0 = Debug|Any CPU
		{7D92F74D-5B6C-45EE-93CD-9E22F26B99A9}.Debug|Mixed Platforms.ActiveCfg = Debug|Any CPU
		{7D92F74D-5B6C-45EE-93CD-9E22F26B99A9}.Debug|Mixed Platforms.Build.0 = Debug|Any CPU
		{7D92F74D-5B6C-45EE-93CD-9E22F26B99A9}.Debug|Win32.ActiveCfg = Debug|Any CPU
		{7D92F74D-5B6C-45EE-93CD-9E22F26B99A9}.Debug|x86.ActiveCfg = Debug|Any CPU
		{7D92F74D-5B6C-45EE-93CD-9E22F26B99A9}.Release|Any CPU.ActiveCfg = Release|Any CPU
		{7D92F74D-5B6C-45EE-93CD-9E22F26B99A9}.Release|Any CPU.Build.0 = Release|Any CPU
		{7D92F74D-5B6C-45EE-93CD-9E22F26B99A9}.Release|Mixed Platforms.ActiveCfg = Release|Any CPU
		{7D92F74D-5B6C-45EE-93CD-9E22F26B99A9}.Release|Mixed Platforms.Build.0 = Release|Any CPU
		{7D92F74D-5B6C-45EE-93CD-9E22F26B99A9}.Release|Win32.ActiveCfg = Release|Any CPU
		{7D92F74D-5B6C-45EE-93CD-9E22F26B99A9}.Release|x86.ActiveCfg = Release|Any CPU
		{04BD3A71-DF94-4283-89F1-C568A3A5CA75}.Debug|Any CPU.ActiveCfg = Debug|Any CPU
		{04BD3A71-DF94-4283-89F1-C568A3A5CA75}.Debug|Any CPU.Build.0 = Debug|Any CPU
		{04BD3A71-DF94-4283-89F1-C568A3A5CA75}.Debug|Mixed Platforms.ActiveCfg = Debug|Any CPU
		{04BD3A71-DF94-4283-89F1-C568A3A5CA75}.Debug|Mixed Platforms.Build.0 = Debug|Any CPU
		{04BD3A71-DF94-4283-89F1-C568A3A5CA75}.Debug|Win32.ActiveCfg = Debug|Any CPU
		{04BD3A71-DF94-4283-89F1-C568A3A5CA75}.Debug|x86.ActiveCfg = Debug|Any CPU
		{04BD3A71-DF94-4283-89F1-C568A3A5CA75}.Release|Any CPU.ActiveCfg = Release|Any CPU
		{04BD3A71-DF94-4283-89F1-C568A3A5CA75}.Release|Any CPU.Build.0 = Release|Any CPU
		{04BD3A71-DF94-4283-89F1-C568A3A5CA75}.Release|Mixed Platforms.ActiveCfg = Release|Any CPU
		{04BD3A71-DF94-4283-89F1-C568A3A5CA75}.Release|Mixed Platforms.Build.0 = Release|Any CPU
		{04BD3A71-DF94-4283-89F1-C568A3A5CA75}.Release|Win32.ActiveCfg = Release|Any CPU
		{04BD3A71-DF94-4283-89F1-C568A3A5CA75}.Release|x86.ActiveCfg = Release|Any CPU
		{B7D44A44-63B5-4343-AFC5-BBBF1670D55C}.Debug|Any CPU.ActiveCfg = Debug|Any CPU
		{B7D44A44-63B5-4343-AFC5-BBBF1670D55C}.Debug|Any CPU.Build.0 = Debug|Any CPU
		{B7D44A44-63B5-4343-AFC5-BBBF1670D55C}.Debug|Mixed Platforms.ActiveCfg = Debug|Any CPU
		{B7D44A44-63B5-4343-AFC5-BBBF1670D55C}.Debug|Mixed Platforms.Build.0 = Debug|Any CPU
		{B7D44A44-63B5-4343-AFC5-BBBF1670D55C}.Debug|Win32.ActiveCfg = Debug|Any CPU
		{B7D44A44-63B5-4343-AFC5-BBBF1670D55C}.Debug|x86.ActiveCfg = Debug|Any CPU
		{B7D44A44-63B5-4343-AFC5-BBBF1670D55C}.Release|Any CPU.ActiveCfg = Release|Any CPU
		{B7D44A44-63B5-4343-AFC5-BBBF1670D55C}.Release|Any CPU.Build.0 = Release|Any CPU
		{B7D44A44-63B5-4343-AFC5-BBBF1670D55C}.Release|Mixed Platforms.ActiveCfg = Release|Any CPU
		{B7D44A44-63B5-4343-AFC5-BBBF1670D55C}.Release|Mixed Platforms.Build.0 = Release|Any CPU
		{B7D44A44-63B5-4343-AFC5-BBBF1670D55C}.Release|Win32.ActiveCfg = Release|Any CPU
		{B7D44A44-63B5-4343-AFC5-BBBF1670D55C}.Release|x86.ActiveCfg = Release|Any CPU
		{6781D6EA-1A56-49A4-8138-DE958985CD4A}.Debug|Any CPU.ActiveCfg = Debug|Any CPU
		{6781D6EA-1A56-49A4-8138-DE958985CD4A}.Debug|Any CPU.Build.0 = Debug|Any CPU
		{6781D6EA-1A56-49A4-8138-DE958985CD4A}.Debug|Mixed Platforms.ActiveCfg = Debug|Any CPU
		{6781D6EA-1A56-49A4-8138-DE958985CD4A}.Debug|Mixed Platforms.Build.0 = Debug|Any CPU
		{6781D6EA-1A56-49A4-8138-DE958985CD4A}.Debug|Win32.ActiveCfg = Debug|Any CPU
		{6781D6EA-1A56-49A4-8138-DE958985CD4A}.Debug|x86.ActiveCfg = Debug|Any CPU
		{6781D6EA-1A56-49A4-8138-DE958985CD4A}.Release|Any CPU.ActiveCfg = Release|Any CPU
		{6781D6EA-1A56-49A4-8138-DE958985CD4A}.Release|Any CPU.Build.0 = Release|Any CPU
		{6781D6EA-1A56-49A4-8138-DE958985CD4A}.Release|Mixed Platforms.ActiveCfg = Release|Any CPU
		{6781D6EA-1A56-49A4-8138-DE958985CD4A}.Release|Mixed Platforms.Build.0 = Release|Any CPU
		{6781D6EA-1A56-49A4-8138-DE958985CD4A}.Release|Win32.ActiveCfg = Release|Any CPU
		{6781D6EA-1A56-49A4-8138-DE958985CD4A}.Release|x86.ActiveCfg = Release|Any CPU
		{66D16A2B-D02F-4EE1-993A-571C18034607}.Debug|Any CPU.ActiveCfg = Debug|Any CPU
		{66D16A2B-D02F-4EE1-993A-571C18034607}.Debug|Any CPU.Build.0 = Debug|Any CPU
		{66D16A2B-D02F-4EE1-993A-571C18034607}.Debug|Mixed Platforms.ActiveCfg = Debug|Any CPU
		{66D16A2B-D02F-4EE1-993A-571C18034607}.Debug|Mixed Platforms.Build.0 = Debug|Any CPU
		{66D16A2B-D02F-4EE1-993A-571C18034607}.Debug|Win32.ActiveCfg = Debug|Any CPU
		{66D16A2B-D02F-4EE1-993A-571C18034607}.Debug|x86.ActiveCfg = Debug|Any CPU
		{66D16A2B-D02F-4EE1-993A-571C18034607}.Release|Any CPU.ActiveCfg = Release|Any CPU
		{66D16A2B-D02F-4EE1-993A-571C18034607}.Release|Any CPU.Build.0 = Release|Any CPU
		{66D16A2B-D02F-4EE1-993A-571C18034607}.Release|Mixed Platforms.ActiveCfg = Release|Any CPU
		{66D16A2B-D02F-4EE1-993A-571C18034607}.Release|Mixed Platforms.Build.0 = Release|Any CPU
		{66D16A2B-D02F-4EE1-993A-571C18034607}.Release|Win32.ActiveCfg = Release|Any CPU
		{66D16A2B-D02F-4EE1-993A-571C18034607}.Release|x86.ActiveCfg = Release|Any CPU
		{41D28F18-B8FE-473B-866B-4DD0B182ADBE}.Debug|Any CPU.ActiveCfg = Debug|Any CPU
		{41D28F18-B8FE-473B-866B-4DD0B182ADBE}.Debug|Any CPU.Build.0 = Debug|Any CPU
		{41D28F18-B8FE-473B-866B-4DD0B182ADBE}.Debug|Mixed Platforms.ActiveCfg = Debug|Any CPU
		{41D28F18-B8FE-473B-866B-4DD0B182ADBE}.Debug|Mixed Platforms.Build.0 = Debug|Any CPU
		{41D28F18-B8FE-473B-866B-4DD0B182ADBE}.Debug|Win32.ActiveCfg = Debug|Any CPU
		{41D28F18-B8FE-473B-866B-4DD0B182ADBE}.Debug|x86.ActiveCfg = Debug|Any CPU
		{41D28F18-B8FE-473B-866B-4DD0B182ADBE}.Release|Any CPU.ActiveCfg = Release|Any CPU
		{41D28F18-B8FE-473B-866B-4DD0B182ADBE}.Release|Any CPU.Build.0 = Release|Any CPU
		{41D28F18-B8FE-473B-866B-4DD0B182ADBE}.Release|Mixed Platforms.ActiveCfg = Release|Any CPU
		{41D28F18-B8FE-473B-866B-4DD0B182ADBE}.Release|Mixed Platforms.Build.0 = Release|Any CPU
		{41D28F18-B8FE-473B-866B-4DD0B182ADBE}.Release|Win32.ActiveCfg = Release|Any CPU
		{41D28F18-B8FE-473B-866B-4DD0B182ADBE}.Release|x86.ActiveCfg = Release|Any CPU
		{22E88E39-3223-41EE-A051-306BCF0ED0C4}.Debug|Any CPU.ActiveCfg = Debug|Any CPU
		{22E88E39-3223-41EE-A051-306BCF0ED0C4}.Debug|Any CPU.Build.0 = Debug|Any CPU
		{22E88E39-3223-41EE-A051-306BCF0ED0C4}.Debug|Mixed Platforms.ActiveCfg = Debug|Any CPU
		{22E88E39-3223-41EE-A051-306BCF0ED0C4}.Debug|Mixed Platforms.Build.0 = Debug|Any CPU
		{22E88E39-3223-41EE-A051-306BCF0ED0C4}.Debug|Win32.ActiveCfg = Debug|Any CPU
		{22E88E39-3223-41EE-A051-306BCF0ED0C4}.Debug|x86.ActiveCfg = Debug|Any CPU
		{22E88E39-3223-41EE-A051-306BCF0ED0C4}.Release|Any CPU.ActiveCfg = Release|Any CPU
		{22E88E39-3223-41EE-A051-306BCF0ED0C4}.Release|Any CPU.Build.0 = Release|Any CPU
		{22E88E39-3223-41EE-A051-306BCF0ED0C4}.Release|Mixed Platforms.ActiveCfg = Release|Any CPU
		{22E88E39-3223-41EE-A051-306BCF0ED0C4}.Release|Mixed Platforms.Build.0 = Release|Any CPU
		{22E88E39-3223-41EE-A051-306BCF0ED0C4}.Release|Win32.ActiveCfg = Release|Any CPU
		{22E88E39-3223-41EE-A051-306BCF0ED0C4}.Release|x86.ActiveCfg = Release|Any CPU
		{7A7AB882-8C6D-4D4B-8CEB-B3C29668F595}.Debug|Any CPU.ActiveCfg = Debug|Any CPU
		{7A7AB882-8C6D-4D4B-8CEB-B3C29668F595}.Debug|Any CPU.Build.0 = Debug|Any CPU
		{7A7AB882-8C6D-4D4B-8CEB-B3C29668F595}.Debug|Mixed Platforms.ActiveCfg = Debug|Any CPU
		{7A7AB882-8C6D-4D4B-8CEB-B3C29668F595}.Debug|Mixed Platforms.Build.0 = Debug|Any CPU
		{7A7AB882-8C6D-4D4B-8CEB-B3C29668F595}.Debug|Win32.ActiveCfg = Debug|Any CPU
		{7A7AB882-8C6D-4D4B-8CEB-B3C29668F595}.Debug|x86.ActiveCfg = Debug|Any CPU
		{7A7AB882-8C6D-4D4B-8CEB-B3C29668F595}.Release|Any CPU.ActiveCfg = Release|Any CPU
		{7A7AB882-8C6D-4D4B-8CEB-B3C29668F595}.Release|Any CPU.Build.0 = Release|Any CPU
		{7A7AB882-8C6D-4D4B-8CEB-B3C29668F595}.Release|Mixed Platforms.ActiveCfg = Release|Any CPU
		{7A7AB882-8C6D-4D4B-8CEB-B3C29668F595}.Release|Mixed Platforms.Build.0 = Release|Any CPU
		{7A7AB882-8C6D-4D4B-8CEB-B3C29668F595}.Release|Win32.ActiveCfg = Release|Any CPU
		{7A7AB882-8C6D-4D4B-8CEB-B3C29668F595}.Release|x86.ActiveCfg = Release|Any CPU
		{6FC13238-6A58-489C-95D7-1FDB87241812}.Debug|Any CPU.ActiveCfg = Debug|Any CPU
		{6FC13238-6A58-489C-95D7-1FDB87241812}.Debug|Any CPU.Build.0 = Debug|Any CPU
		{6FC13238-6A58-489C-95D7-1FDB87241812}.Debug|Mixed Platforms.ActiveCfg = Debug|Any CPU
		{6FC13238-6A58-489C-95D7-1FDB87241812}.Debug|Mixed Platforms.Build.0 = Debug|Any CPU
		{6FC13238-6A58-489C-95D7-1FDB87241812}.Debug|Win32.ActiveCfg = Debug|Any CPU
		{6FC13238-6A58-489C-95D7-1FDB87241812}.Debug|x86.ActiveCfg = Debug|Any CPU
		{6FC13238-6A58-489C-95D7-1FDB87241812}.Release|Any CPU.ActiveCfg = Release|Any CPU
		{6FC13238-6A58-489C-95D7-1FDB87241812}.Release|Any CPU.Build.0 = Release|Any CPU
		{6FC13238-6A58-489C-95D7-1FDB87241812}.Release|Mixed Platforms.ActiveCfg = Release|Any CPU
		{6FC13238-6A58-489C-95D7-1FDB87241812}.Release|Mixed Platforms.Build.0 = Release|Any CPU
		{6FC13238-6A58-489C-95D7-1FDB87241812}.Release|Win32.ActiveCfg = Release|Any CPU
		{6FC13238-6A58-489C-95D7-1FDB87241812}.Release|x86.ActiveCfg = Release|Any CPU
		{7B207703-FABA-4E60-A217-9391E667CEAC}.Debug|Any CPU.ActiveCfg = Debug|Any CPU
		{7B207703-FABA-4E60-A217-9391E667CEAC}.Debug|Any CPU.Build.0 = Debug|Any CPU
		{7B207703-FABA-4E60-A217-9391E667CEAC}.Debug|Mixed Platforms.ActiveCfg = Debug|Any CPU
		{7B207703-FABA-4E60-A217-9391E667CEAC}.Debug|Mixed Platforms.Build.0 = Debug|Any CPU
		{7B207703-FABA-4E60-A217-9391E667CEAC}.Debug|Win32.ActiveCfg = Debug|Any CPU
		{7B207703-FABA-4E60-A217-9391E667CEAC}.Debug|x86.ActiveCfg = Debug|Any CPU
		{7B207703-FABA-4E60-A217-9391E667CEAC}.Release|Any CPU.ActiveCfg = Release|Any CPU
		{7B207703-FABA-4E60-A217-9391E667CEAC}.Release|Any CPU.Build.0 = Release|Any CPU
		{7B207703-FABA-4E60-A217-9391E667CEAC}.Release|Mixed Platforms.ActiveCfg = Release|Any CPU
		{7B207703-FABA-4E60-A217-9391E667CEAC}.Release|Mixed Platforms.Build.0 = Release|Any CPU
		{7B207703-FABA-4E60-A217-9391E667CEAC}.Release|Win32.ActiveCfg = Release|Any CPU
		{7B207703-FABA-4E60-A217-9391E667CEAC}.Release|x86.ActiveCfg = Release|Any CPU
		{11B7F99B-D070-45C5-AAAA-C999AD463FAC}.Debug|Any CPU.ActiveCfg = Debug|Any CPU
		{11B7F99B-D070-45C5-AAAA-C999AD463FAC}.Debug|Any CPU.Build.0 = Debug|Any CPU
		{11B7F99B-D070-45C5-AAAA-C999AD463FAC}.Debug|Mixed Platforms.ActiveCfg = Debug|Any CPU
		{11B7F99B-D070-45C5-AAAA-C999AD463FAC}.Debug|Mixed Platforms.Build.0 = Debug|Any CPU
		{11B7F99B-D070-45C5-AAAA-C999AD463FAC}.Debug|Win32.ActiveCfg = Debug|Any CPU
		{11B7F99B-D070-45C5-AAAA-C999AD463FAC}.Debug|x86.ActiveCfg = Debug|Any CPU
		{11B7F99B-D070-45C5-AAAA-C999AD463FAC}.Release|Any CPU.ActiveCfg = Release|Any CPU
		{11B7F99B-D070-45C5-AAAA-C999AD463FAC}.Release|Any CPU.Build.0 = Release|Any CPU
		{11B7F99B-D070-45C5-AAAA-C999AD463FAC}.Release|Mixed Platforms.ActiveCfg = Release|Any CPU
		{11B7F99B-D070-45C5-AAAA-C999AD463FAC}.Release|Mixed Platforms.Build.0 = Release|Any CPU
		{11B7F99B-D070-45C5-AAAA-C999AD463FAC}.Release|Win32.ActiveCfg = Release|Any CPU
		{11B7F99B-D070-45C5-AAAA-C999AD463FAC}.Release|x86.ActiveCfg = Release|Any CPU
		{6F5D49ED-5D97-467E-AE05-8E7ECB2E5A0D}.Debug|Any CPU.ActiveCfg = Debug|Any CPU
		{6F5D49ED-5D97-467E-AE05-8E7ECB2E5A0D}.Debug|Any CPU.Build.0 = Debug|Any CPU
		{6F5D49ED-5D97-467E-AE05-8E7ECB2E5A0D}.Debug|Mixed Platforms.ActiveCfg = Debug|Any CPU
		{6F5D49ED-5D97-467E-AE05-8E7ECB2E5A0D}.Debug|Mixed Platforms.Build.0 = Debug|Any CPU
		{6F5D49ED-5D97-467E-AE05-8E7ECB2E5A0D}.Debug|Win32.ActiveCfg = Debug|Any CPU
		{6F5D49ED-5D97-467E-AE05-8E7ECB2E5A0D}.Debug|x86.ActiveCfg = Debug|Any CPU
		{6F5D49ED-5D97-467E-AE05-8E7ECB2E5A0D}.Release|Any CPU.ActiveCfg = Release|Any CPU
		{6F5D49ED-5D97-467E-AE05-8E7ECB2E5A0D}.Release|Any CPU.Build.0 = Release|Any CPU
		{6F5D49ED-5D97-467E-AE05-8E7ECB2E5A0D}.Release|Mixed Platforms.ActiveCfg = Release|Any CPU
		{6F5D49ED-5D97-467E-AE05-8E7ECB2E5A0D}.Release|Mixed Platforms.Build.0 = Release|Any CPU
		{6F5D49ED-5D97-467E-AE05-8E7ECB2E5A0D}.Release|Win32.ActiveCfg = Release|Any CPU
		{6F5D49ED-5D97-467E-AE05-8E7ECB2E5A0D}.Release|x86.ActiveCfg = Release|Any CPU
		{58E2C387-EC59-41B6-BB21-D5DF97166AF1}.Debug|Any CPU.ActiveCfg = Debug|Any CPU
		{58E2C387-EC59-41B6-BB21-D5DF97166AF1}.Debug|Any CPU.Build.0 = Debug|Any CPU
		{58E2C387-EC59-41B6-BB21-D5DF97166AF1}.Debug|Mixed Platforms.ActiveCfg = Debug|Any CPU
		{58E2C387-EC59-41B6-BB21-D5DF97166AF1}.Debug|Mixed Platforms.Build.0 = Debug|Any CPU
		{58E2C387-EC59-41B6-BB21-D5DF97166AF1}.Debug|Win32.ActiveCfg = Debug|Any CPU
		{58E2C387-EC59-41B6-BB21-D5DF97166AF1}.Debug|x86.ActiveCfg = Debug|Any CPU
		{58E2C387-EC59-41B6-BB21-D5DF97166AF1}.Release|Any CPU.ActiveCfg = Release|Any CPU
		{58E2C387-EC59-41B6-BB21-D5DF97166AF1}.Release|Any CPU.Build.0 = Release|Any CPU
		{58E2C387-EC59-41B6-BB21-D5DF97166AF1}.Release|Mixed Platforms.ActiveCfg = Release|Any CPU
		{58E2C387-EC59-41B6-BB21-D5DF97166AF1}.Release|Mixed Platforms.Build.0 = Release|Any CPU
		{58E2C387-EC59-41B6-BB21-D5DF97166AF1}.Release|Win32.ActiveCfg = Release|Any CPU
		{58E2C387-EC59-41B6-BB21-D5DF97166AF1}.Release|x86.ActiveCfg = Release|Any CPU
		{E468CA87-00F7-4788-8715-2A3032C98E74}.Debug|Any CPU.ActiveCfg = Debug|Any CPU
		{E468CA87-00F7-4788-8715-2A3032C98E74}.Debug|Any CPU.Build.0 = Debug|Any CPU
		{E468CA87-00F7-4788-8715-2A3032C98E74}.Debug|Mixed Platforms.ActiveCfg = Debug|Any CPU
		{E468CA87-00F7-4788-8715-2A3032C98E74}.Debug|Mixed Platforms.Build.0 = Debug|Any CPU
		{E468CA87-00F7-4788-8715-2A3032C98E74}.Debug|Win32.ActiveCfg = Debug|Any CPU
		{E468CA87-00F7-4788-8715-2A3032C98E74}.Debug|x86.ActiveCfg = Debug|Any CPU
		{E468CA87-00F7-4788-8715-2A3032C98E74}.Release|Any CPU.ActiveCfg = Release|Any CPU
		{E468CA87-00F7-4788-8715-2A3032C98E74}.Release|Any CPU.Build.0 = Release|Any CPU
		{E468CA87-00F7-4788-8715-2A3032C98E74}.Release|Mixed Platforms.ActiveCfg = Release|Any CPU
		{E468CA87-00F7-4788-8715-2A3032C98E74}.Release|Mixed Platforms.Build.0 = Release|Any CPU
		{E468CA87-00F7-4788-8715-2A3032C98E74}.Release|Win32.ActiveCfg = Release|Any CPU
		{E468CA87-00F7-4788-8715-2A3032C98E74}.Release|x86.ActiveCfg = Release|Any CPU
		{BA452F01-C1C7-4531-86AA-A55B5D5E5623}.Debug|Any CPU.ActiveCfg = Debug|Any CPU
		{BA452F01-C1C7-4531-86AA-A55B5D5E5623}.Debug|Any CPU.Build.0 = Debug|Any CPU
		{BA452F01-C1C7-4531-86AA-A55B5D5E5623}.Debug|Mixed Platforms.ActiveCfg = Debug|Any CPU
		{BA452F01-C1C7-4531-86AA-A55B5D5E5623}.Debug|Mixed Platforms.Build.0 = Debug|Any CPU
		{BA452F01-C1C7-4531-86AA-A55B5D5E5623}.Debug|Win32.ActiveCfg = Debug|Any CPU
		{BA452F01-C1C7-4531-86AA-A55B5D5E5623}.Debug|x86.ActiveCfg = Debug|Any CPU
		{BA452F01-C1C7-4531-86AA-A55B5D5E5623}.Release|Any CPU.ActiveCfg = Release|Any CPU
		{BA452F01-C1C7-4531-86AA-A55B5D5E5623}.Release|Any CPU.Build.0 = Release|Any CPU
		{BA452F01-C1C7-4531-86AA-A55B5D5E5623}.Release|Mixed Platforms.ActiveCfg = Release|Any CPU
		{BA452F01-C1C7-4531-86AA-A55B5D5E5623}.Release|Mixed Platforms.Build.0 = Release|Any CPU
		{BA452F01-C1C7-4531-86AA-A55B5D5E5623}.Release|Win32.ActiveCfg = Release|Any CPU
		{BA452F01-C1C7-4531-86AA-A55B5D5E5623}.Release|x86.ActiveCfg = Release|Any CPU
		{C20CF80C-63AA-4B66-899A-3CBE9637969A}.Debug|Any CPU.ActiveCfg = Debug|Any CPU
		{C20CF80C-63AA-4B66-899A-3CBE9637969A}.Debug|Any CPU.Build.0 = Debug|Any CPU
		{C20CF80C-63AA-4B66-899A-3CBE9637969A}.Debug|Mixed Platforms.ActiveCfg = Debug|Any CPU
		{C20CF80C-63AA-4B66-899A-3CBE9637969A}.Debug|Mixed Platforms.Build.0 = Debug|Any CPU
		{C20CF80C-63AA-4B66-899A-3CBE9637969A}.Debug|Win32.ActiveCfg = Debug|Any CPU
		{C20CF80C-63AA-4B66-899A-3CBE9637969A}.Debug|x86.ActiveCfg = Debug|Any CPU
		{C20CF80C-63AA-4B66-899A-3CBE9637969A}.Release|Any CPU.ActiveCfg = Release|Any CPU
		{C20CF80C-63AA-4B66-899A-3CBE9637969A}.Release|Any CPU.Build.0 = Release|Any CPU
		{C20CF80C-63AA-4B66-899A-3CBE9637969A}.Release|Mixed Platforms.ActiveCfg = Release|Any CPU
		{C20CF80C-63AA-4B66-899A-3CBE9637969A}.Release|Mixed Platforms.Build.0 = Release|Any CPU
		{C20CF80C-63AA-4B66-899A-3CBE9637969A}.Release|Win32.ActiveCfg = Release|Any CPU
		{C20CF80C-63AA-4B66-899A-3CBE9637969A}.Release|x86.ActiveCfg = Release|Any CPU
		{545F344A-88BD-495B-875C-183B94FFE36F}.Debug|Any CPU.ActiveCfg = Debug|Any CPU
		{545F344A-88BD-495B-875C-183B94FFE36F}.Debug|Any CPU.Build.0 = Debug|Any CPU
		{545F344A-88BD-495B-875C-183B94FFE36F}.Debug|Mixed Platforms.ActiveCfg = Debug|Any CPU
		{545F344A-88BD-495B-875C-183B94FFE36F}.Debug|Mixed Platforms.Build.0 = Debug|Any CPU
		{545F344A-88BD-495B-875C-183B94FFE36F}.Debug|Win32.ActiveCfg = Debug|Any CPU
		{545F344A-88BD-495B-875C-183B94FFE36F}.Debug|x86.ActiveCfg = Debug|Any CPU
		{545F344A-88BD-495B-875C-183B94FFE36F}.Release|Any CPU.ActiveCfg = Release|Any CPU
		{545F344A-88BD-495B-875C-183B94FFE36F}.Release|Any CPU.Build.0 = Release|Any CPU
		{545F344A-88BD-495B-875C-183B94FFE36F}.Release|Mixed Platforms.ActiveCfg = Release|Any CPU
		{545F344A-88BD-495B-875C-183B94FFE36F}.Release|Mixed Platforms.Build.0 = Release|Any CPU
		{545F344A-88BD-495B-875C-183B94FFE36F}.Release|Win32.ActiveCfg = Release|Any CPU
		{545F344A-88BD-495B-875C-183B94FFE36F}.Release|x86.ActiveCfg = Release|Any CPU
		{3F68AF7E-4CD5-4E87-9EBD-00069B111E1E}.Debug|Any CPU.ActiveCfg = Debug|Any CPU
		{3F68AF7E-4CD5-4E87-9EBD-00069B111E1E}.Debug|Any CPU.Build.0 = Debug|Any CPU
		{3F68AF7E-4CD5-4E87-9EBD-00069B111E1E}.Debug|Mixed Platforms.ActiveCfg = Debug|Any CPU
		{3F68AF7E-4CD5-4E87-9EBD-00069B111E1E}.Debug|Mixed Platforms.Build.0 = Debug|Any CPU
		{3F68AF7E-4CD5-4E87-9EBD-00069B111E1E}.Debug|Win32.ActiveCfg = Debug|Any CPU
		{3F68AF7E-4CD5-4E87-9EBD-00069B111E1E}.Debug|x86.ActiveCfg = Debug|Any CPU
		{3F68AF7E-4CD5-4E87-9EBD-00069B111E1E}.Release|Any CPU.ActiveCfg = Release|Any CPU
		{3F68AF7E-4CD5-4E87-9EBD-00069B111E1E}.Release|Any CPU.Build.0 = Release|Any CPU
		{3F68AF7E-4CD5-4E87-9EBD-00069B111E1E}.Release|Mixed Platforms.ActiveCfg = Release|Any CPU
		{3F68AF7E-4CD5-4E87-9EBD-00069B111E1E}.Release|Mixed Platforms.Build.0 = Release|Any CPU
		{3F68AF7E-4CD5-4E87-9EBD-00069B111E1E}.Release|Win32.ActiveCfg = Release|Any CPU
		{3F68AF7E-4CD5-4E87-9EBD-00069B111E1E}.Release|x86.ActiveCfg = Release|Any CPU
	EndGlobalSection
	GlobalSection(SolutionProperties) = preSolution
		HideSolutionNode = FALSE
	EndGlobalSection
EndGlobal
